// !$*UTF8*$!
{
	archiveVersion = 1;
	classes = {
	};
	objectVersion = 77;
	objects = {

/* Begin PBXBuildFile section */
		060436CDDB388BC04C51581A /* AboutView.swift in Sources */ = {isa = PBXBuildFile; fileRef = D3E995954787F0A14CCFF348 /* AboutView.swift */; };
		066E095075895DE73F217816 /* ItemStoreCompletionTests.swift in Sources */ = {isa = PBXBuildFile; fileRef = 114A89FD89C8EFB5771B7242 /* ItemStoreCompletionTests.swift */; };
		072594B24D88AD6D1DF7AFE5 /* SettingsView.swift in Sources */ = {isa = PBXBuildFile; fileRef = C611E04943F1D82D6F975592 /* SettingsView.swift */; };
		0F12D56A528FCBF8A67864CB /* TappableTextField.swift in Sources */ = {isa = PBXBuildFile; fileRef = 6ECE0E961F87BA32FA87BF90 /* TappableTextField.swift */; };
		0F2E6817C315B947033DA2BE /* DraftRowView.swift in Sources */ = {isa = PBXBuildFile; fileRef = 67CB2A88C7F19F8305EBED43 /* DraftRowView.swift */; };
		10F007D4D85F083689F1718B /* FocusStateDataTests.swift in Sources */ = {isa = PBXBuildFile; fileRef = C2C23CD3DB0CEA1859F73E37 /* FocusStateDataTests.swift */; };
		11AA75BE98CFBE44AEAB7100 /* Media.xcassets in Resources */ = {isa = PBXBuildFile; fileRef = 9404C09EE1A4D91DFF338464 /* Media.xcassets */; };
		12384AB44B4578E19EF8B0B7 /* ItemStoreTests.swift in Sources */ = {isa = PBXBuildFile; fileRef = 47892E3231D64596A2A00105 /* ItemStoreTests.swift */; };
		12E43D0CD9124037022E3C38 /* KeyCommandBridge.swift in Sources */ = {isa = PBXBuildFile; fileRef = E8B5E429B253183F887C5FD6 /* KeyCommandBridge.swift */; };
		12FC79D42A110E2CDC753CCE /* ItemEntity.swift in Sources */ = {isa = PBXBuildFile; fileRef = 138DCA35ED82A745E4745175 /* ItemEntity.swift */; };
		172F2DD978988E207610055F /* KeyboardNavigationModifier.swift in Sources */ = {isa = PBXBuildFile; fileRef = 4669414A460FC0758D5B49A8 /* KeyboardNavigationModifier.swift */; };
		194CAF0FBC308BE96CE8AA7B /* ItemRowView.swift in Sources */ = {isa = PBXBuildFile; fileRef = 3048ACA1CAF1284F99E1400E /* ItemRowView.swift */; };
		19699EC4FF57EF0D636B65E3 /* KeyValueSyncBridge.swift in Sources */ = {isa = PBXBuildFile; fileRef = BAE264D30C7692457B92E518 /* KeyValueSyncBridge.swift */; };
		1A66A0454558B207AF9265D4 /* UndoToast.swift in Sources */ = {isa = PBXBuildFile; fileRef = 658295C1386BFF48CE3C2419 /* UndoToast.swift */; };
		1AA328A921EF8A7FDD03119A /* TestHelpers.swift in Sources */ = {isa = PBXBuildFile; fileRef = 75B048B19C5219862BBED2E7 /* TestHelpers.swift */; };
		1E31935122C5E97907B30C70 /* ItemStoreTests.swift in Sources */ = {isa = PBXBuildFile; fileRef = 47892E3231D64596A2A00105 /* ItemStoreTests.swift */; };
		20D2A3E4694AE35AE6CF4AAD /* ItemListView+PullGestures.swift in Sources */ = {isa = PBXBuildFile; fileRef = E85BFCBD4DCB35CC1C8F9401 /* ItemListView+PullGestures.swift */; };
		2323CE015C01C6354C557F90 /* ItemListView.swift in Sources */ = {isa = PBXBuildFile; fileRef = 37F80F7BB632A04A687890F0 /* ItemListView.swift */; };
		239F975836FD432A5FF04036 /* ListlessiOSUITests.swift in Sources */ = {isa = PBXBuildFile; fileRef = 88C0D6F2667BD14F29CB84E5 /* ListlessiOSUITests.swift */; };
		264BD64C1DD30376E8BDAF79 /* KeyValueSyncBridge.swift in Sources */ = {isa = PBXBuildFile; fileRef = BAE264D30C7692457B92E518 /* KeyValueSyncBridge.swift */; };
		2921A4A343D43664F954B588 /* ItemListTypes.swift in Sources */ = {isa = PBXBuildFile; fileRef = 848DBC251E2D2EB7BD089768 /* ItemListTypes.swift */; };
		2CCB5FE0084742D018E52A3D /* KeyValueSyncBridge.swift in Sources */ = {isa = PBXBuildFile; fileRef = BAE264D30C7692457B92E518 /* KeyValueSyncBridge.swift */; };
		2F5309630692E89276CC3149 /* ItemListView.swift in Sources */ = {isa = PBXBuildFile; fileRef = 20A09A6C1C2251E96E1B5D96 /* ItemListView.swift */; };
		3383645AE13E9C3AAECFBD0B /* ItemListView+PullToClear.swift in Sources */ = {isa = PBXBuildFile; fileRef = 23060125DF03EE84F3AED8CB /* ItemListView+PullToClear.swift */; };
		345C3D4D9A82B9AE0C8CB153 /* ItemValue.swift in Sources */ = {isa = PBXBuildFile; fileRef = C7EB9F584EF43678536F5FDE /* ItemValue.swift */; };
		3496092218CA73699428F666 /* ItemStoreDeleteAndNormalizeTests.swift in Sources */ = {isa = PBXBuildFile; fileRef = E5EFAB5629C31FC2C6FFE0A1 /* ItemStoreDeleteAndNormalizeTests.swift */; };
		37AEF10712B3325BF9BC72E4 /* BackgroundClickMonitor.swift in Sources */ = {isa = PBXBuildFile; fileRef = F15BF645DEDE8D9E94DB508B /* BackgroundClickMonitor.swift */; };
		3C45D0E32A9EADCC874020F7 /* AccentColorTests.swift in Sources */ = {isa = PBXBuildFile; fileRef = 3C96B8A403274C4CC7F57460 /* AccentColorTests.swift */; };
		3ED20244243BDBEB7140EFDC /* ItemValueTests.swift in Sources */ = {isa = PBXBuildFile; fileRef = A0E02ACB5B5D357B925CAE97 /* ItemValueTests.swift */; };
		3EDB6A9A30B4226C15E7F44D /* AppCommands.swift in Sources */ = {isa = PBXBuildFile; fileRef = 46C46FC97E6DB6FF81AC5C22 /* AppCommands.swift */; };
		4263E6472020564AA702D117 /* ItemCardModifier.swift in Sources */ = {isa = PBXBuildFile; fileRef = 6CF4BADA48F30C5F471EA910 /* ItemCardModifier.swift */; };
		42CB50C94EDF48562F680B56 /* ItemStoreDeleteAndNormalizeTests.swift in Sources */ = {isa = PBXBuildFile; fileRef = E5EFAB5629C31FC2C6FFE0A1 /* ItemStoreDeleteAndNormalizeTests.swift */; };
		47D9272442A5F15B324D3DAC /* ItemStore.swift in Sources */ = {isa = PBXBuildFile; fileRef = 2B8EC97702E7B218A03B7898 /* ItemStore.swift */; };
		4A0682E85B50DF42ECF83B48 /* Listless watchOS.app in Embed Watch Content */ = {isa = PBXBuildFile; fileRef = C6812E535A24C599C28F9278 /* Listless watchOS.app */; settings = {ATTRIBUTES = (RemoveHeadersOnCopy, ); }; };
		4CA383C2B90DA7EF080BDABB /* ListlessWatchScreenshots.swift in Sources */ = {isa = PBXBuildFile; fileRef = 76A89CFEB95B9BB9A0540CD9 /* ListlessWatchScreenshots.swift */; };
		4DD2030E321567BD25661760 /* SyncDiagnosticsView.swift in Sources */ = {isa = PBXBuildFile; fileRef = E9288507CE6023425D1DE724 /* SyncDiagnosticsView.swift */; };
		4F150E893D1F78BC23A49659 /* AccentColorTests.swift in Sources */ = {isa = PBXBuildFile; fileRef = 3C96B8A403274C4CC7F57460 /* AccentColorTests.swift */; };
		53700EA974FE4AD771FE89EC /* CloudKitSyncMonitor.swift in Sources */ = {isa = PBXBuildFile; fileRef = 6E3E82F6093EEFC94A41FED9 /* CloudKitSyncMonitor.swift */; };
		543C8A0C8A9E2F77B2C0060F /* AccentColor.swift in Sources */ = {isa = PBXBuildFile; fileRef = 17DD7EDA74DAAFA27C84CA08 /* AccentColor.swift */; };
		568635BB34CD7EBE24E66A15 /* SyncDiagnosticsView.swift in Sources */ = {isa = PBXBuildFile; fileRef = CF3374CE58E7D9378C6997D2 /* SyncDiagnosticsView.swift */; };
		5716CA28163DE0EAAA875AEE /* ItemListView+PullToCreate.swift in Sources */ = {isa = PBXBuildFile; fileRef = 78232E9D9F77FA3630F9D089 /* ItemListView+PullToCreate.swift */; };
		5761B201BF46FCA9C5C98CEF /* PlatformScrollIndicatorsModifier.swift in Sources */ = {isa = PBXBuildFile; fileRef = 466F9B0E407DF1F5B4789531 /* PlatformScrollIndicatorsModifier.swift */; };
		5B60B409CE4BA668DB30A65D /* Listless.xcdatamodeld in Sources */ = {isa = PBXBuildFile; fileRef = C093494053E6C348F245D4EC /* Listless.xcdatamodeld */; };
		5D3EE9526DA269EE9EE3AB52 /* AppColors.swift in Sources */ = {isa = PBXBuildFile; fileRef = F1E998119283F784B9ADEE28 /* AppColors.swift */; };
		5D79B17FCA4C50C0CF08899A /* ListlessiOSScreenshots.swift in Sources */ = {isa = PBXBuildFile; fileRef = 16D0F534D5B4D5ECF74CF6E6 /* ListlessiOSScreenshots.swift */; };
		5E6BE0BA881F6CAEF455D9ED /* ListlessMacUITests.swift in Sources */ = {isa = PBXBuildFile; fileRef = EADAA53B8BCBC80AEFF191EF /* ListlessMacUITests.swift */; };
		60FB7A1F3B2F037C655E10DB /* ItemValue.swift in Sources */ = {isa = PBXBuildFile; fileRef = C7EB9F584EF43678536F5FDE /* ItemValue.swift */; };
		614FCCA450EC0BFFD8B40640 /* ListlessMacApp.swift in Sources */ = {isa = PBXBuildFile; fileRef = 1DA467DF2E59BDBE6EEF6A7D /* ListlessMacApp.swift */; };
		620D9398218A88B7E4C2331C /* ItemStoreEdgeCaseTests.swift in Sources */ = {isa = PBXBuildFile; fileRef = 52FCE9FC4EFD26C9016389B7 /* ItemStoreEdgeCaseTests.swift */; };
		63C08E89303BD17601271D2C /* ItemListView+SyncUI.swift in Sources */ = {isa = PBXBuildFile; fileRef = E209A0014EE95F2BC300CE42 /* ItemListView+SyncUI.swift */; };
		65E97DE8C190E9E9B71EC356 /* ListlessWatchApp.swift in Sources */ = {isa = PBXBuildFile; fileRef = 6BE7F4637B4F4C1FF4BE160B /* ListlessWatchApp.swift */; };
		6FE9D247153209BD4CFD9E34 /* Listless.xcdatamodeld in Sources */ = {isa = PBXBuildFile; fileRef = C093494053E6C348F245D4EC /* Listless.xcdatamodeld */; };
		73C05B273DC49DE48B82822E /* ItemValue.swift in Sources */ = {isa = PBXBuildFile; fileRef = C7EB9F584EF43678536F5FDE /* ItemValue.swift */; };
		763363F6F3C7D2D3C9A63977 /* PlatformScrollIndicatorsModifier.swift in Sources */ = {isa = PBXBuildFile; fileRef = FA5D58EC1FBAA96E83A79445 /* PlatformScrollIndicatorsModifier.swift */; };
		7770D06CBDE3E87B7FDE7C21 /* PerfDebugView.swift in Sources */ = {isa = PBXBuildFile; fileRef = D10806B0AD984F8E480019FD /* PerfDebugView.swift */; };
		77FE96F070B1F7FE31A9CE51 /* PlatformTextFieldWidthModifier.swift in Sources */ = {isa = PBXBuildFile; fileRef = E2174C43654733E9D4023157 /* PlatformTextFieldWidthModifier.swift */; };
		785721EB774EAC6BBA26C038 /* PullToClear.swift in Sources */ = {isa = PBXBuildFile; fileRef = 567DBAC2A39FA2760D006AAB /* PullToClear.swift */; };
		790843E40F28B4E186F88F16 /* ItemStore.swift in Sources */ = {isa = PBXBuildFile; fileRef = 2B8EC97702E7B218A03B7898 /* ItemStore.swift */; };
		7BB45276D4EB96B8425D2EBD /* AppColors.swift in Sources */ = {isa = PBXBuildFile; fileRef = C4DB90B3400C191460F4F4BD /* AppColors.swift */; };
		7FAD5D37FD7C754BF43B62E1 /* FocusStateDataTests.swift in Sources */ = {isa = PBXBuildFile; fileRef = C2C23CD3DB0CEA1859F73E37 /* FocusStateDataTests.swift */; };
		84B31DA3CF21D57742C9217A /* ItemStoreEdgeCaseTests.swift in Sources */ = {isa = PBXBuildFile; fileRef = 52FCE9FC4EFD26C9016389B7 /* ItemStoreEdgeCaseTests.swift */; };
		851F46417FE40D6BC765BC70 /* ItemListView+Logic.swift in Sources */ = {isa = PBXBuildFile; fileRef = 82F2C024B6C1F2F1FD7A25B0 /* ItemListView+Logic.swift */; };
		882695E7AE463C0F39ACFF3C /* HoverCursorModifier.swift in Sources */ = {isa = PBXBuildFile; fileRef = 9F5D8B5866362D422A2A331C /* HoverCursorModifier.swift */; };
		889DCB2BB3C01DDA281EA81A /* CloudKitSyncMonitor.swift in Sources */ = {isa = PBXBuildFile; fileRef = 6E3E82F6093EEFC94A41FED9 /* CloudKitSyncMonitor.swift */; };
		88C2303FCAD99AC5D1D1C81C /* PerfSampler.swift in Sources */ = {isa = PBXBuildFile; fileRef = 361665491B2313B7A06A94B9 /* PerfSampler.swift */; };
		89C4109374BD64464B0018B7 /* ItemListView+NavigationHeader.swift in Sources */ = {isa = PBXBuildFile; fileRef = 93CC030045617DBC90812D79 /* ItemListView+NavigationHeader.swift */; };
		8FB18395E5436F6C91A0F077 /* ItemRowView.swift in Sources */ = {isa = PBXBuildFile; fileRef = 4C7CB071709951F52C7742A3 /* ItemRowView.swift */; };
		9082E96001188E516B7F903B /* ItemListView.swift in Sources */ = {isa = PBXBuildFile; fileRef = 3116A37F1353BF6E18308DD2 /* ItemListView.swift */; };
		90BC899E66B98517A91F2627 /* ItemListView+Drag.swift in Sources */ = {isa = PBXBuildFile; fileRef = 4D4ED76F5996A4308D2BC7C8 /* ItemListView+Drag.swift */; };
		930AE396D982D7C46E498311 /* ItemEntity.swift in Sources */ = {isa = PBXBuildFile; fileRef = 138DCA35ED82A745E4745175 /* ItemEntity.swift */; };
		96617677059FABDBB80D642B /* Listless.xcdatamodeld in Sources */ = {isa = PBXBuildFile; fileRef = C093494053E6C348F245D4EC /* Listless.xcdatamodeld */; };
		9853BD0C426C4F4348D08E8F /* TutorialSeeder.swift in Sources */ = {isa = PBXBuildFile; fileRef = E8F7B7D46010E217FC0A5BFF /* TutorialSeeder.swift */; };
		99D17075DA3F00F52A18BB4D /* AccentColor.swift in Sources */ = {isa = PBXBuildFile; fileRef = 17DD7EDA74DAAFA27C84CA08 /* AccentColor.swift */; };
		9E75E4AEEF577E0096E22DBA /* ItemListView+Toolbar.swift in Sources */ = {isa = PBXBuildFile; fileRef = 03343E3D48A0EF2B146528E2 /* ItemListView+Toolbar.swift */; };
		A0AA8FD4C542E9AEB2437BC2 /* PersistenceController.swift in Sources */ = {isa = PBXBuildFile; fileRef = C14858BDFD1FD5119F1F24A6 /* PersistenceController.swift */; };
		A10BF9D0C850105E4FA1A2AD /* CloudKitErrorClassifierTests.swift in Sources */ = {isa = PBXBuildFile; fileRef = 51C3B9FF63645B35E09CF1B1 /* CloudKitErrorClassifierTests.swift */; };
		A119D0130DB77E30FBCB5436 /* PersistenceController.swift in Sources */ = {isa = PBXBuildFile; fileRef = C14858BDFD1FD5119F1F24A6 /* PersistenceController.swift */; };
		A34F23F6314067EFB35FB209 /* ItemListViewProtocol.swift in Sources */ = {isa = PBXBuildFile; fileRef = F31EDB2C34C8B255000A2525 /* ItemListViewProtocol.swift */; };
		A8D5A7B0DFBEC87501FD0526 /* Media.xcassets in Resources */ = {isa = PBXBuildFile; fileRef = 9404C09EE1A4D91DFF338464 /* Media.xcassets */; };
		A92F8503815056D3183CD7AE /* ItemListView+SyncUI.swift in Sources */ = {isa = PBXBuildFile; fileRef = E209A0014EE95F2BC300CE42 /* ItemListView+SyncUI.swift */; };
		B0F8B09E2AB38C8C4AF74C10 /* ItemRowSwipeGesture.swift in Sources */ = {isa = PBXBuildFile; fileRef = DCCE85438FE23E43095B2C25 /* ItemRowSwipeGesture.swift */; };
		B7CFDCA5EA48EDE1C768FA21 /* AppCommands.swift in Sources */ = {isa = PBXBuildFile; fileRef = 4C79ABB39A40D3E1828716C7 /* AppCommands.swift */; };
		BA6953E0EFE6F8255F05A3FD /* AccentColor.swift in Sources */ = {isa = PBXBuildFile; fileRef = 17DD7EDA74DAAFA27C84CA08 /* AccentColor.swift */; };
		BB16A28C4DA1695B722B45B2 /* ItemEntity.swift in Sources */ = {isa = PBXBuildFile; fileRef = 138DCA35ED82A745E4745175 /* ItemEntity.swift */; };
		BDA8D53342F745B27B72B242 /* ItemRowDragGesture.swift in Sources */ = {isa = PBXBuildFile; fileRef = 03A80C91DBDA44C879958098 /* ItemRowDragGesture.swift */; };
		C7C69D883B45F1B4CE979AF7 /* ItemListViewProtocol.swift in Sources */ = {isa = PBXBuildFile; fileRef = F31EDB2C34C8B255000A2525 /* ItemListViewProtocol.swift */; };
		C89D4C17F91AF91F18B6EF4E /* ItemStoreCompletionTests.swift in Sources */ = {isa = PBXBuildFile; fileRef = 114A89FD89C8EFB5771B7242 /* ItemStoreCompletionTests.swift */; };
		CA439FD953EA59A9664E0D74 /* CloudKitErrorClassifierTests.swift in Sources */ = {isa = PBXBuildFile; fileRef = 51C3B9FF63645B35E09CF1B1 /* CloudKitErrorClassifierTests.swift */; };
		CAB42FAA253E2B347AB0594B /* CloudKitErrorClassifier.swift in Sources */ = {isa = PBXBuildFile; fileRef = 68A677CC11ACE0BF743AFCE5 /* CloudKitErrorClassifier.swift */; };
		D000BE93D90883262E43B3CD /* ItemValueTests.swift in Sources */ = {isa = PBXBuildFile; fileRef = A0E02ACB5B5D357B925CAE97 /* ItemValueTests.swift */; };
		D24133A6C0105FE8E4528EF2 /* ItemStore.swift in Sources */ = {isa = PBXBuildFile; fileRef = 2B8EC97702E7B218A03B7898 /* ItemStore.swift */; };
		D9325B2D23FF2CD644A1A7E3 /* ItemRowMetrics.swift in Sources */ = {isa = PBXBuildFile; fileRef = E71FBC3E19D32F527B5FE9E6 /* ItemRowMetrics.swift */; };
		DAEA21531CFEA94D335FFC6E /* ItemStoreOrderingTests.swift in Sources */ = {isa = PBXBuildFile; fileRef = 6D1DF1C029FA3C6B12A58E7F /* ItemStoreOrderingTests.swift */; };
		DB0CBB6C3EE56406AF86FDE3 /* ItemRowView.swift in Sources */ = {isa = PBXBuildFile; fileRef = C0DF205300C6B51A53B256D6 /* ItemRowView.swift */; };
		DB5FF6C1AA57D4C9BDDD50FD /* ClickableTextField.swift in Sources */ = {isa = PBXBuildFile; fileRef = D640E7D21735C62A30A26DA4 /* ClickableTextField.swift */; };
		DBFE5DADCAAF26CF77245410 /* ItemListTypes.swift in Sources */ = {isa = PBXBuildFile; fileRef = 848DBC251E2D2EB7BD089768 /* ItemListTypes.swift */; };
		DC103B1BFDC5940F63DD48ED /* ItemRowDragGesture.swift in Sources */ = {isa = PBXBuildFile; fileRef = 05AB46824DCDD04903EA4C82 /* ItemRowDragGesture.swift */; };
		DC73A39A269AB495BCE1AC48 /* PersistenceController.swift in Sources */ = {isa = PBXBuildFile; fileRef = C14858BDFD1FD5119F1F24A6 /* PersistenceController.swift */; };
		DD2F098B472D048B66CEC8B1 /* ListlessMacScreenshots.swift in Sources */ = {isa = PBXBuildFile; fileRef = EE3578459F9888CA59AACBEC /* ListlessMacScreenshots.swift */; };
		DEE187A790A4058FE4AFDB2E /* PlatformTextFieldWidthModifier.swift in Sources */ = {isa = PBXBuildFile; fileRef = E8448C5778F75F52719114AF /* PlatformTextFieldWidthModifier.swift */; };
		E0BDC0FCAB43CEE0C9AC5279 /* ItemListView+Undo.swift in Sources */ = {isa = PBXBuildFile; fileRef = DB4B98BD127A56CE4669DCD5 /* ItemListView+Undo.swift */; };
		E12C1304464FC7799856B2BA /* TestHelpers.swift in Sources */ = {isa = PBXBuildFile; fileRef = 75B048B19C5219862BBED2E7 /* TestHelpers.swift */; };
		E2FC6CF95A2C59CA147172EE /* FPSOverlay.swift in Sources */ = {isa = PBXBuildFile; fileRef = DA6BD768FB1788D0BC58589F /* FPSOverlay.swift */; };
		E429067963379F99DD184FED /* CloudKitSyncMonitor.swift in Sources */ = {isa = PBXBuildFile; fileRef = 6E3E82F6093EEFC94A41FED9 /* CloudKitSyncMonitor.swift */; };
		E47136CA7428927395D8C7C7 /* PullToCreate.swift in Sources */ = {isa = PBXBuildFile; fileRef = BFF7D84B54AE70036D205CA4 /* PullToCreate.swift */; };
		E4BD761E34CBB84CE80F7F49 /* CloudKitErrorClassifier.swift in Sources */ = {isa = PBXBuildFile; fileRef = 68A677CC11ACE0BF743AFCE5 /* CloudKitErrorClassifier.swift */; };
		E60F81C7B930AACE67746759 /* HoverCursorModifier.swift in Sources */ = {isa = PBXBuildFile; fileRef = B7588879D0FA1C2A8BCEF14F /* HoverCursorModifier.swift */; };
		E627F653B5A692B42A75FFBA /* ItemListView+Toolbar.swift in Sources */ = {isa = PBXBuildFile; fileRef = 869254E16B52F36616416DB4 /* ItemListView+Toolbar.swift */; };
		EA5E6FC7D61E235B70A139FA /* Media.xcassets in Resources */ = {isa = PBXBuildFile; fileRef = 9404C09EE1A4D91DFF338464 /* Media.xcassets */; };
		F046B5A7F4C0BD7AAF46A69C /* CloudKitErrorClassifier.swift in Sources */ = {isa = PBXBuildFile; fileRef = 68A677CC11ACE0BF743AFCE5 /* CloudKitErrorClassifier.swift */; };
		F0B2B806BD84A4F2FDF8E038 /* ListlessiOSApp.swift in Sources */ = {isa = PBXBuildFile; fileRef = AC245331D715EA85887C0BA0 /* ListlessiOSApp.swift */; };
		F2845953BA77F171FDA2A59F /* ItemStoreOrderingTests.swift in Sources */ = {isa = PBXBuildFile; fileRef = 6D1DF1C029FA3C6B12A58E7F /* ItemStoreOrderingTests.swift */; };
		F3DD1F167E4107456473B6B2 /* Credits.html in Resources */ = {isa = PBXBuildFile; fileRef = 3DD31E8962F7EEC22EFC0CA9 /* Credits.html */; };
		F56B03B24F33B31394D91512 /* ItemListView+Logic.swift in Sources */ = {isa = PBXBuildFile; fileRef = 82F2C024B6C1F2F1FD7A25B0 /* ItemListView+Logic.swift */; };
		F6587B84ECC6BFE92A5FB493 /* KeyboardNavigationModifier.swift in Sources */ = {isa = PBXBuildFile; fileRef = 4669414A460FC0758D5B49A8 /* KeyboardNavigationModifier.swift */; };
/* End PBXBuildFile section */

/* Begin PBXContainerItemProxy section */
		1CECC2E7FCB78843443C0C46 /* PBXContainerItemProxy */ = {
			isa = PBXContainerItemProxy;
			containerPortal = 3256C2BF8F1DAF371DA32120 /* Project object */;
			proxyType = 1;
			remoteGlobalIDString = 0FB4F07A37999BBC6DFE4DBB;
			remoteInfo = "Listless macOS";
		};
		47C07B5C46AB5A2CD8741632 /* PBXContainerItemProxy */ = {
			isa = PBXContainerItemProxy;
			containerPortal = 3256C2BF8F1DAF371DA32120 /* Project object */;
			proxyType = 1;
			remoteGlobalIDString = 9BDC1B2175AB9CE26790448D;
			remoteInfo = "Listless watchOS";
		};
		642EE6A5908DB4216F049E9C /* PBXContainerItemProxy */ = {
			isa = PBXContainerItemProxy;
			containerPortal = 3256C2BF8F1DAF371DA32120 /* Project object */;
			proxyType = 1;
			remoteGlobalIDString = 9BDC1B2175AB9CE26790448D;
			remoteInfo = "Listless watchOS";
		};
		6F7E207AE10E1516EF8A683C /* PBXContainerItemProxy */ = {
			isa = PBXContainerItemProxy;
			containerPortal = 3256C2BF8F1DAF371DA32120 /* Project object */;
			proxyType = 1;
			remoteGlobalIDString = 34A03D42B91730DEAC2EBD8E;
			remoteInfo = "Listless iOS";
		};
		A6710416A995E8ECC4AAE65F /* PBXContainerItemProxy */ = {
			isa = PBXContainerItemProxy;
			containerPortal = 3256C2BF8F1DAF371DA32120 /* Project object */;
			proxyType = 1;
			remoteGlobalIDString = 0FB4F07A37999BBC6DFE4DBB;
			remoteInfo = "Listless macOS";
		};
		EE50B14FCB0F89292F1E2A01 /* PBXContainerItemProxy */ = {
			isa = PBXContainerItemProxy;
			containerPortal = 3256C2BF8F1DAF371DA32120 /* Project object */;
			proxyType = 1;
			remoteGlobalIDString = 34A03D42B91730DEAC2EBD8E;
			remoteInfo = "Listless iOS";
		};
/* End PBXContainerItemProxy section */

/* Begin PBXCopyFilesBuildPhase section */
		A9226A0DD67E77D754BA0E3F /* Embed Watch Content */ = {
			isa = PBXCopyFilesBuildPhase;
			buildActionMask = 2147483647;
			dstPath = "$(CONTENTS_FOLDER_PATH)/Watch";
			dstSubfolderSpec = 16;
			files = (
				4A0682E85B50DF42ECF83B48 /* Listless watchOS.app in Embed Watch Content */,
			);
			name = "Embed Watch Content";
			runOnlyForDeploymentPostprocessing = 0;
		};
/* End PBXCopyFilesBuildPhase section */

/* Begin PBXFileReference section */
		01E141436176F83594E2F26B /* Info.plist */ = {isa = PBXFileReference; lastKnownFileType = text.plist; path = Info.plist; sourceTree = "<group>"; };
		03343E3D48A0EF2B146528E2 /* ItemListView+Toolbar.swift */ = {isa = PBXFileReference; lastKnownFileType = sourcecode.swift; path = "ItemListView+Toolbar.swift"; sourceTree = "<group>"; };
		03A80C91DBDA44C879958098 /* ItemRowDragGesture.swift */ = {isa = PBXFileReference; lastKnownFileType = sourcecode.swift; path = ItemRowDragGesture.swift; sourceTree = "<group>"; };
		05AB46824DCDD04903EA4C82 /* ItemRowDragGesture.swift */ = {isa = PBXFileReference; lastKnownFileType = sourcecode.swift; path = ItemRowDragGesture.swift; sourceTree = "<group>"; };
		0B750F1634E250256AF3FEB6 /* Listless iOS UI Tests.xctest */ = {isa = PBXFileReference; includeInIndex = 0; lastKnownFileType = wrapper.cfbundle; path = "Listless iOS UI Tests.xctest"; sourceTree = BUILT_PRODUCTS_DIR; };
		114A89FD89C8EFB5771B7242 /* ItemStoreCompletionTests.swift */ = {isa = PBXFileReference; lastKnownFileType = sourcecode.swift; path = ItemStoreCompletionTests.swift; sourceTree = "<group>"; };
		126108860D7878DDC3BECC4B /* Listless iOS.app */ = {isa = PBXFileReference; includeInIndex = 0; lastKnownFileType = wrapper.application; path = "Listless iOS.app"; sourceTree = BUILT_PRODUCTS_DIR; };
		138DCA35ED82A745E4745175 /* ItemEntity.swift */ = {isa = PBXFileReference; lastKnownFileType = sourcecode.swift; path = ItemEntity.swift; sourceTree = "<group>"; };
		16D0F534D5B4D5ECF74CF6E6 /* ListlessiOSScreenshots.swift */ = {isa = PBXFileReference; lastKnownFileType = sourcecode.swift; path = ListlessiOSScreenshots.swift; sourceTree = "<group>"; };
		17DD7EDA74DAAFA27C84CA08 /* AccentColor.swift */ = {isa = PBXFileReference; lastKnownFileType = sourcecode.swift; path = AccentColor.swift; sourceTree = "<group>"; };
		1DA467DF2E59BDBE6EEF6A7D /* ListlessMacApp.swift */ = {isa = PBXFileReference; lastKnownFileType = sourcecode.swift; path = ListlessMacApp.swift; sourceTree = "<group>"; };
		20A09A6C1C2251E96E1B5D96 /* ItemListView.swift */ = {isa = PBXFileReference; lastKnownFileType = sourcecode.swift; path = ItemListView.swift; sourceTree = "<group>"; };
		23060125DF03EE84F3AED8CB /* ItemListView+PullToClear.swift */ = {isa = PBXFileReference; lastKnownFileType = sourcecode.swift; path = "ItemListView+PullToClear.swift"; sourceTree = "<group>"; };
		2523E01C8F130C2799123479 /* Listless watchOS UI Tests.xctest */ = {isa = PBXFileReference; explicitFileType = wrapper.cfbundle; includeInIndex = 0; path = "Listless watchOS UI Tests.xctest"; sourceTree = BUILT_PRODUCTS_DIR; };
		2B8EC97702E7B218A03B7898 /* ItemStore.swift */ = {isa = PBXFileReference; lastKnownFileType = sourcecode.swift; path = ItemStore.swift; sourceTree = "<group>"; };
		3048ACA1CAF1284F99E1400E /* ItemRowView.swift */ = {isa = PBXFileReference; lastKnownFileType = sourcecode.swift; path = ItemRowView.swift; sourceTree = "<group>"; };
		3116A37F1353BF6E18308DD2 /* ItemListView.swift */ = {isa = PBXFileReference; lastKnownFileType = sourcecode.swift; path = ItemListView.swift; sourceTree = "<group>"; };
		3313FEDB101EECA4B344EEF4 /* Info.plist */ = {isa = PBXFileReference; lastKnownFileType = text.plist; path = Info.plist; sourceTree = "<group>"; };
		361665491B2313B7A06A94B9 /* PerfSampler.swift */ = {isa = PBXFileReference; lastKnownFileType = sourcecode.swift; path = PerfSampler.swift; sourceTree = "<group>"; };
		37F80F7BB632A04A687890F0 /* ItemListView.swift */ = {isa = PBXFileReference; lastKnownFileType = sourcecode.swift; path = ItemListView.swift; sourceTree = "<group>"; };
		3C96B8A403274C4CC7F57460 /* AccentColorTests.swift */ = {isa = PBXFileReference; lastKnownFileType = sourcecode.swift; path = AccentColorTests.swift; sourceTree = "<group>"; };
		3DD31E8962F7EEC22EFC0CA9 /* Credits.html */ = {isa = PBXFileReference; lastKnownFileType = text.html; path = Credits.html; sourceTree = "<group>"; };
		4669414A460FC0758D5B49A8 /* KeyboardNavigationModifier.swift */ = {isa = PBXFileReference; lastKnownFileType = sourcecode.swift; path = KeyboardNavigationModifier.swift; sourceTree = "<group>"; };
		466F9B0E407DF1F5B4789531 /* PlatformScrollIndicatorsModifier.swift */ = {isa = PBXFileReference; lastKnownFileType = sourcecode.swift; path = PlatformScrollIndicatorsModifier.swift; sourceTree = "<group>"; };
		46C46FC97E6DB6FF81AC5C22 /* AppCommands.swift */ = {isa = PBXFileReference; lastKnownFileType = sourcecode.swift; path = AppCommands.swift; sourceTree = "<group>"; };
		47892E3231D64596A2A00105 /* ItemStoreTests.swift */ = {isa = PBXFileReference; lastKnownFileType = sourcecode.swift; path = ItemStoreTests.swift; sourceTree = "<group>"; };
		4C79ABB39A40D3E1828716C7 /* AppCommands.swift */ = {isa = PBXFileReference; lastKnownFileType = sourcecode.swift; path = AppCommands.swift; sourceTree = "<group>"; };
		4C7CB071709951F52C7742A3 /* ItemRowView.swift */ = {isa = PBXFileReference; lastKnownFileType = sourcecode.swift; path = ItemRowView.swift; sourceTree = "<group>"; };
		4D4ED76F5996A4308D2BC7C8 /* ItemListView+Drag.swift */ = {isa = PBXFileReference; lastKnownFileType = sourcecode.swift; path = "ItemListView+Drag.swift"; sourceTree = "<group>"; };
		4FC64B9F9370041BEDBD1E14 /* .gitkeep */ = {isa = PBXFileReference; path = .gitkeep; sourceTree = "<group>"; };
		51C3B9FF63645B35E09CF1B1 /* CloudKitErrorClassifierTests.swift */ = {isa = PBXFileReference; lastKnownFileType = sourcecode.swift; path = CloudKitErrorClassifierTests.swift; sourceTree = "<group>"; };
		52FCE9FC4EFD26C9016389B7 /* ItemStoreEdgeCaseTests.swift */ = {isa = PBXFileReference; lastKnownFileType = sourcecode.swift; path = ItemStoreEdgeCaseTests.swift; sourceTree = "<group>"; };
		567DBAC2A39FA2760D006AAB /* PullToClear.swift */ = {isa = PBXFileReference; lastKnownFileType = sourcecode.swift; path = PullToClear.swift; sourceTree = "<group>"; };
		5B0E22B8F7B2B7283CAF749E /* Listless macOS.app */ = {isa = PBXFileReference; explicitFileType = wrapper.application; includeInIndex = 0; path = "Listless macOS.app"; sourceTree = BUILT_PRODUCTS_DIR; };
		658295C1386BFF48CE3C2419 /* UndoToast.swift */ = {isa = PBXFileReference; lastKnownFileType = sourcecode.swift; path = UndoToast.swift; sourceTree = "<group>"; };
		67CB2A88C7F19F8305EBED43 /* DraftRowView.swift */ = {isa = PBXFileReference; lastKnownFileType = sourcecode.swift; path = DraftRowView.swift; sourceTree = "<group>"; };
		68A677CC11ACE0BF743AFCE5 /* CloudKitErrorClassifier.swift */ = {isa = PBXFileReference; lastKnownFileType = sourcecode.swift; path = CloudKitErrorClassifier.swift; sourceTree = "<group>"; };
		6BE7F4637B4F4C1FF4BE160B /* ListlessWatchApp.swift */ = {isa = PBXFileReference; lastKnownFileType = sourcecode.swift; path = ListlessWatchApp.swift; sourceTree = "<group>"; };
		6CF4BADA48F30C5F471EA910 /* ItemCardModifier.swift */ = {isa = PBXFileReference; lastKnownFileType = sourcecode.swift; path = ItemCardModifier.swift; sourceTree = "<group>"; };
		6D1DF1C029FA3C6B12A58E7F /* ItemStoreOrderingTests.swift */ = {isa = PBXFileReference; lastKnownFileType = sourcecode.swift; path = ItemStoreOrderingTests.swift; sourceTree = "<group>"; };
		6E3E82F6093EEFC94A41FED9 /* CloudKitSyncMonitor.swift */ = {isa = PBXFileReference; lastKnownFileType = sourcecode.swift; path = CloudKitSyncMonitor.swift; sourceTree = "<group>"; };
		6ECE0E961F87BA32FA87BF90 /* TappableTextField.swift */ = {isa = PBXFileReference; lastKnownFileType = sourcecode.swift; path = TappableTextField.swift; sourceTree = "<group>"; };
		72BAC76C5B5ED291048705CF /* Listless.entitlements */ = {isa = PBXFileReference; lastKnownFileType = text.plist.entitlements; path = Listless.entitlements; sourceTree = "<group>"; };
		74255E6B6C40899E9B17D927 /* .gitkeep */ = {isa = PBXFileReference; path = .gitkeep; sourceTree = "<group>"; };
		75B048B19C5219862BBED2E7 /* TestHelpers.swift */ = {isa = PBXFileReference; lastKnownFileType = sourcecode.swift; path = TestHelpers.swift; sourceTree = "<group>"; };
		76A89CFEB95B9BB9A0540CD9 /* ListlessWatchScreenshots.swift */ = {isa = PBXFileReference; lastKnownFileType = sourcecode.swift; path = ListlessWatchScreenshots.swift; sourceTree = "<group>"; };
		78232E9D9F77FA3630F9D089 /* ItemListView+PullToCreate.swift */ = {isa = PBXFileReference; lastKnownFileType = sourcecode.swift; path = "ItemListView+PullToCreate.swift"; sourceTree = "<group>"; };
		7C73E9D4C42CCABBF0F33543 /* Listless.entitlements */ = {isa = PBXFileReference; lastKnownFileType = text.plist.entitlements; path = Listless.entitlements; sourceTree = "<group>"; };
		82F2C024B6C1F2F1FD7A25B0 /* ItemListView+Logic.swift */ = {isa = PBXFileReference; lastKnownFileType = sourcecode.swift; path = "ItemListView+Logic.swift"; sourceTree = "<group>"; };
		848DBC251E2D2EB7BD089768 /* ItemListTypes.swift */ = {isa = PBXFileReference; lastKnownFileType = sourcecode.swift; path = ItemListTypes.swift; sourceTree = "<group>"; };
		869254E16B52F36616416DB4 /* ItemListView+Toolbar.swift */ = {isa = PBXFileReference; lastKnownFileType = sourcecode.swift; path = "ItemListView+Toolbar.swift"; sourceTree = "<group>"; };
		88C0D6F2667BD14F29CB84E5 /* ListlessiOSUITests.swift */ = {isa = PBXFileReference; lastKnownFileType = sourcecode.swift; path = ListlessiOSUITests.swift; sourceTree = "<group>"; };
		9262207DAC21619BD9EDEE15 /* Listless.entitlements */ = {isa = PBXFileReference; lastKnownFileType = text.plist.entitlements; path = Listless.entitlements; sourceTree = "<group>"; };
		93CC030045617DBC90812D79 /* ItemListView+NavigationHeader.swift */ = {isa = PBXFileReference; lastKnownFileType = sourcecode.swift; path = "ItemListView+NavigationHeader.swift"; sourceTree = "<group>"; };
		9404C09EE1A4D91DFF338464 /* Media.xcassets */ = {isa = PBXFileReference; lastKnownFileType = folder.assetcatalog; path = Media.xcassets; sourceTree = "<group>"; };
		944BAE054AAC1B9C4FC954F9 /* .gitkeep */ = {isa = PBXFileReference; path = .gitkeep; sourceTree = "<group>"; };
		9F5D8B5866362D422A2A331C /* HoverCursorModifier.swift */ = {isa = PBXFileReference; lastKnownFileType = sourcecode.swift; path = HoverCursorModifier.swift; sourceTree = "<group>"; };
		9FBEB58DD41817F09B0EB9F0 /* Listless.xcdatamodel */ = {isa = PBXFileReference; lastKnownFileType = wrapper.xcdatamodel; path = Listless.xcdatamodel; sourceTree = "<group>"; };
		A0E02ACB5B5D357B925CAE97 /* ItemValueTests.swift */ = {isa = PBXFileReference; lastKnownFileType = sourcecode.swift; path = ItemValueTests.swift; sourceTree = "<group>"; };
		AC245331D715EA85887C0BA0 /* ListlessiOSApp.swift */ = {isa = PBXFileReference; lastKnownFileType = sourcecode.swift; path = ListlessiOSApp.swift; sourceTree = "<group>"; };
		B7588879D0FA1C2A8BCEF14F /* HoverCursorModifier.swift */ = {isa = PBXFileReference; lastKnownFileType = sourcecode.swift; path = HoverCursorModifier.swift; sourceTree = "<group>"; };
		B88DC6E36FA41DCB6CEB9647 /* Listless macOS Unit Tests.xctest */ = {isa = PBXFileReference; explicitFileType = wrapper.cfbundle; includeInIndex = 0; path = "Listless macOS Unit Tests.xctest"; sourceTree = BUILT_PRODUCTS_DIR; };
		BAE264D30C7692457B92E518 /* KeyValueSyncBridge.swift */ = {isa = PBXFileReference; lastKnownFileType = sourcecode.swift; path = KeyValueSyncBridge.swift; sourceTree = "<group>"; };
		BC845482926A73B0BF820328 /* Info.plist */ = {isa = PBXFileReference; lastKnownFileType = text.plist; path = Info.plist; sourceTree = "<group>"; };
		BFF7D84B54AE70036D205CA4 /* PullToCreate.swift */ = {isa = PBXFileReference; lastKnownFileType = sourcecode.swift; path = PullToCreate.swift; sourceTree = "<group>"; };
		C0DF205300C6B51A53B256D6 /* ItemRowView.swift */ = {isa = PBXFileReference; lastKnownFileType = sourcecode.swift; path = ItemRowView.swift; sourceTree = "<group>"; };
		C14858BDFD1FD5119F1F24A6 /* PersistenceController.swift */ = {isa = PBXFileReference; lastKnownFileType = sourcecode.swift; path = PersistenceController.swift; sourceTree = "<group>"; };
		C2C23CD3DB0CEA1859F73E37 /* FocusStateDataTests.swift */ = {isa = PBXFileReference; lastKnownFileType = sourcecode.swift; path = FocusStateDataTests.swift; sourceTree = "<group>"; };
		C4DB90B3400C191460F4F4BD /* AppColors.swift */ = {isa = PBXFileReference; lastKnownFileType = sourcecode.swift; path = AppColors.swift; sourceTree = "<group>"; };
		C611E04943F1D82D6F975592 /* SettingsView.swift */ = {isa = PBXFileReference; lastKnownFileType = sourcecode.swift; path = SettingsView.swift; sourceTree = "<group>"; };
		C6812E535A24C599C28F9278 /* Listless watchOS.app */ = {isa = PBXFileReference; explicitFileType = wrapper.application; includeInIndex = 0; path = "Listless watchOS.app"; sourceTree = BUILT_PRODUCTS_DIR; };
		C71466C5CD1A5BA984352F8D /* Listless iOS Unit Tests.xctest */ = {isa = PBXFileReference; includeInIndex = 0; lastKnownFileType = wrapper.cfbundle; path = "Listless iOS Unit Tests.xctest"; sourceTree = BUILT_PRODUCTS_DIR; };
		C7EB9F584EF43678536F5FDE /* ItemValue.swift */ = {isa = PBXFileReference; lastKnownFileType = sourcecode.swift; path = ItemValue.swift; sourceTree = "<group>"; };
		C9B14DC786A336008AAB78EE /* .gitkeep */ = {isa = PBXFileReference; path = .gitkeep; sourceTree = "<group>"; };
		CCB5F87A520B1CD47F2F71D0 /* Listless macOS UI Tests.xctest */ = {isa = PBXFileReference; explicitFileType = wrapper.cfbundle; includeInIndex = 0; path = "Listless macOS UI Tests.xctest"; sourceTree = BUILT_PRODUCTS_DIR; };
		CF3374CE58E7D9378C6997D2 /* SyncDiagnosticsView.swift */ = {isa = PBXFileReference; lastKnownFileType = sourcecode.swift; path = SyncDiagnosticsView.swift; sourceTree = "<group>"; };
		D10806B0AD984F8E480019FD /* PerfDebugView.swift */ = {isa = PBXFileReference; lastKnownFileType = sourcecode.swift; path = PerfDebugView.swift; sourceTree = "<group>"; };
		D3E995954787F0A14CCFF348 /* AboutView.swift */ = {isa = PBXFileReference; lastKnownFileType = sourcecode.swift; path = AboutView.swift; sourceTree = "<group>"; };
		D43D37CE25806380C0B13466 /* BuildNumber.xcconfig */ = {isa = PBXFileReference; lastKnownFileType = text.xcconfig; path = BuildNumber.xcconfig; sourceTree = "<group>"; };
		D640E7D21735C62A30A26DA4 /* ClickableTextField.swift */ = {isa = PBXFileReference; lastKnownFileType = sourcecode.swift; path = ClickableTextField.swift; sourceTree = "<group>"; };
		DA6BD768FB1788D0BC58589F /* FPSOverlay.swift */ = {isa = PBXFileReference; lastKnownFileType = sourcecode.swift; path = FPSOverlay.swift; sourceTree = "<group>"; };
		DB4B98BD127A56CE4669DCD5 /* ItemListView+Undo.swift */ = {isa = PBXFileReference; lastKnownFileType = sourcecode.swift; path = "ItemListView+Undo.swift"; sourceTree = "<group>"; };
		DCCE85438FE23E43095B2C25 /* ItemRowSwipeGesture.swift */ = {isa = PBXFileReference; lastKnownFileType = sourcecode.swift; path = ItemRowSwipeGesture.swift; sourceTree = "<group>"; };
		E209A0014EE95F2BC300CE42 /* ItemListView+SyncUI.swift */ = {isa = PBXFileReference; lastKnownFileType = sourcecode.swift; path = "ItemListView+SyncUI.swift"; sourceTree = "<group>"; };
		E2174C43654733E9D4023157 /* PlatformTextFieldWidthModifier.swift */ = {isa = PBXFileReference; lastKnownFileType = sourcecode.swift; path = PlatformTextFieldWidthModifier.swift; sourceTree = "<group>"; };
		E5EFAB5629C31FC2C6FFE0A1 /* ItemStoreDeleteAndNormalizeTests.swift */ = {isa = PBXFileReference; lastKnownFileType = sourcecode.swift; path = ItemStoreDeleteAndNormalizeTests.swift; sourceTree = "<group>"; };
		E71FBC3E19D32F527B5FE9E6 /* ItemRowMetrics.swift */ = {isa = PBXFileReference; lastKnownFileType = sourcecode.swift; path = ItemRowMetrics.swift; sourceTree = "<group>"; };
		E8448C5778F75F52719114AF /* PlatformTextFieldWidthModifier.swift */ = {isa = PBXFileReference; lastKnownFileType = sourcecode.swift; path = PlatformTextFieldWidthModifier.swift; sourceTree = "<group>"; };
		E85BFCBD4DCB35CC1C8F9401 /* ItemListView+PullGestures.swift */ = {isa = PBXFileReference; lastKnownFileType = sourcecode.swift; path = "ItemListView+PullGestures.swift"; sourceTree = "<group>"; };
		E8B5E429B253183F887C5FD6 /* KeyCommandBridge.swift */ = {isa = PBXFileReference; lastKnownFileType = sourcecode.swift; path = KeyCommandBridge.swift; sourceTree = "<group>"; };
		E8F7B7D46010E217FC0A5BFF /* TutorialSeeder.swift */ = {isa = PBXFileReference; lastKnownFileType = sourcecode.swift; path = TutorialSeeder.swift; sourceTree = "<group>"; };
		E9288507CE6023425D1DE724 /* SyncDiagnosticsView.swift */ = {isa = PBXFileReference; lastKnownFileType = sourcecode.swift; path = SyncDiagnosticsView.swift; sourceTree = "<group>"; };
		EADAA53B8BCBC80AEFF191EF /* ListlessMacUITests.swift */ = {isa = PBXFileReference; lastKnownFileType = sourcecode.swift; path = ListlessMacUITests.swift; sourceTree = "<group>"; };
		EE3578459F9888CA59AACBEC /* ListlessMacScreenshots.swift */ = {isa = PBXFileReference; lastKnownFileType = sourcecode.swift; path = ListlessMacScreenshots.swift; sourceTree = "<group>"; };
		F15BF645DEDE8D9E94DB508B /* BackgroundClickMonitor.swift */ = {isa = PBXFileReference; lastKnownFileType = sourcecode.swift; path = BackgroundClickMonitor.swift; sourceTree = "<group>"; };
		F1E998119283F784B9ADEE28 /* AppColors.swift */ = {isa = PBXFileReference; lastKnownFileType = sourcecode.swift; path = AppColors.swift; sourceTree = "<group>"; };
		F31EDB2C34C8B255000A2525 /* ItemListViewProtocol.swift */ = {isa = PBXFileReference; lastKnownFileType = sourcecode.swift; path = ItemListViewProtocol.swift; sourceTree = "<group>"; };
		FA5D58EC1FBAA96E83A79445 /* PlatformScrollIndicatorsModifier.swift */ = {isa = PBXFileReference; lastKnownFileType = sourcecode.swift; path = PlatformScrollIndicatorsModifier.swift; sourceTree = "<group>"; };
/* End PBXFileReference section */

/* Begin PBXGroup section */
		19A2FAA566465414CA20E6D8 /* Helpers */ = {
			isa = PBXGroup;
			children = (
				F1E998119283F784B9ADEE28 /* AppColors.swift */,
				46C46FC97E6DB6FF81AC5C22 /* AppCommands.swift */,
				DA6BD768FB1788D0BC58589F /* FPSOverlay.swift */,
				B7588879D0FA1C2A8BCEF14F /* HoverCursorModifier.swift */,
				6CF4BADA48F30C5F471EA910 /* ItemCardModifier.swift */,
				05AB46824DCDD04903EA4C82 /* ItemRowDragGesture.swift */,
				E71FBC3E19D32F527B5FE9E6 /* ItemRowMetrics.swift */,
				DCCE85438FE23E43095B2C25 /* ItemRowSwipeGesture.swift */,
				E8B5E429B253183F887C5FD6 /* KeyCommandBridge.swift */,
				361665491B2313B7A06A94B9 /* PerfSampler.swift */,
				FA5D58EC1FBAA96E83A79445 /* PlatformScrollIndicatorsModifier.swift */,
				E2174C43654733E9D4023157 /* PlatformTextFieldWidthModifier.swift */,
				6ECE0E961F87BA32FA87BF90 /* TappableTextField.swift */,
				E8F7B7D46010E217FC0A5BFF /* TutorialSeeder.swift */,
			);
			path = Helpers;
			sourceTree = "<group>";
		};
		20349AB212EAB4FB5F21D959 /* UI */ = {
			isa = PBXGroup;
			children = (
				16D0F534D5B4D5ECF74CF6E6 /* ListlessiOSScreenshots.swift */,
				88C0D6F2667BD14F29CB84E5 /* ListlessiOSUITests.swift */,
				EE3578459F9888CA59AACBEC /* ListlessMacScreenshots.swift */,
				EADAA53B8BCBC80AEFF191EF /* ListlessMacUITests.swift */,
				76A89CFEB95B9BB9A0540CD9 /* ListlessWatchScreenshots.swift */,
			);
			name = UI;
			path = Tests/UI;
			sourceTree = "<group>";
		};
		21CCBC7FC4A2D6E15D47B4D1 /* ListlessWatch */ = {
			isa = PBXGroup;
			children = (
				BC845482926A73B0BF820328 /* Info.plist */,
				72BAC76C5B5ED291048705CF /* Listless.entitlements */,
				6BE7F4637B4F4C1FF4BE160B /* ListlessWatchApp.swift */,
				F0EB58775713E4C83A8D477A /* Views */,
			);
			path = ListlessWatch;
			sourceTree = "<group>";
		};
		3936BDEE64D16E6C4C85B3DD /* Products */ = {
			isa = PBXGroup;
			children = (
				0B750F1634E250256AF3FEB6 /* Listless iOS UI Tests.xctest */,
				C71466C5CD1A5BA984352F8D /* Listless iOS Unit Tests.xctest */,
				126108860D7878DDC3BECC4B /* Listless iOS.app */,
				CCB5F87A520B1CD47F2F71D0 /* Listless macOS UI Tests.xctest */,
				B88DC6E36FA41DCB6CEB9647 /* Listless macOS Unit Tests.xctest */,
				5B0E22B8F7B2B7283CAF749E /* Listless macOS.app */,
				2523E01C8F130C2799123479 /* Listless watchOS UI Tests.xctest */,
				C6812E535A24C599C28F9278 /* Listless watchOS.app */,
			);
			name = Products;
			sourceTree = "<group>";
		};
		42CC0393E2524624AEC54D03 /* Helpers */ = {
			isa = PBXGroup;
			children = (
				C4DB90B3400C191460F4F4BD /* AppColors.swift */,
				4C79ABB39A40D3E1828716C7 /* AppCommands.swift */,
				F15BF645DEDE8D9E94DB508B /* BackgroundClickMonitor.swift */,
				D640E7D21735C62A30A26DA4 /* ClickableTextField.swift */,
				9F5D8B5866362D422A2A331C /* HoverCursorModifier.swift */,
				03A80C91DBDA44C879958098 /* ItemRowDragGesture.swift */,
				466F9B0E407DF1F5B4789531 /* PlatformScrollIndicatorsModifier.swift */,
				E8448C5778F75F52719114AF /* PlatformTextFieldWidthModifier.swift */,
			);
			path = Helpers;
			sourceTree = "<group>";
		};
		51F881290E7FBA2684458F80 /* Generated */ = {
			isa = PBXGroup;
			children = (
				D43D37CE25806380C0B13466 /* BuildNumber.xcconfig */,
			);
			path = Generated;
			sourceTree = "<group>";
		};
		58051CBDE2390F9E13647235 /* Listless */ = {
			isa = PBXGroup;
			children = (
				A1A9B54C4CBA03BEE12B34A9 /* Extensions */,
				78E0184C210B140892690CD4 /* Helpers */,
				8656EEF3161BE20196B8042E /* Models */,
				E98EF3B4638A9E8473EA62FA /* Sync */,
			);
			path = Listless;
			sourceTree = "<group>";
		};
		58F917D865E0BDF4EF282306 /* Views */ = {
			isa = PBXGroup;
			children = (
				D3E995954787F0A14CCFF348 /* AboutView.swift */,
				67CB2A88C7F19F8305EBED43 /* DraftRowView.swift */,
				3116A37F1353BF6E18308DD2 /* ItemListView.swift */,
				C0DF205300C6B51A53B256D6 /* ItemRowView.swift */,
				D10806B0AD984F8E480019FD /* PerfDebugView.swift */,
				567DBAC2A39FA2760D006AAB /* PullToClear.swift */,
				BFF7D84B54AE70036D205CA4 /* PullToCreate.swift */,
				C611E04943F1D82D6F975592 /* SettingsView.swift */,
				E9288507CE6023425D1DE724 /* SyncDiagnosticsView.swift */,
				658295C1386BFF48CE3C2419 /* UndoToast.swift */,
			);
			path = Views;
			sourceTree = "<group>";
		};
		78E0184C210B140892690CD4 /* Helpers */ = {
			isa = PBXGroup;
			children = (
				17DD7EDA74DAAFA27C84CA08 /* AccentColor.swift */,
				848DBC251E2D2EB7BD089768 /* ItemListTypes.swift */,
				F31EDB2C34C8B255000A2525 /* ItemListViewProtocol.swift */,
				4669414A460FC0758D5B49A8 /* KeyboardNavigationModifier.swift */,
			);
			path = Helpers;
			sourceTree = "<group>";
		};
		8629C1C94770B3B0D08B580D /* Extensions */ = {
			isa = PBXGroup;
			children = (
				4D4ED76F5996A4308D2BC7C8 /* ItemListView+Drag.swift */,
				93CC030045617DBC90812D79 /* ItemListView+NavigationHeader.swift */,
				E85BFCBD4DCB35CC1C8F9401 /* ItemListView+PullGestures.swift */,
				23060125DF03EE84F3AED8CB /* ItemListView+PullToClear.swift */,
				78232E9D9F77FA3630F9D089 /* ItemListView+PullToCreate.swift */,
				869254E16B52F36616416DB4 /* ItemListView+Toolbar.swift */,
				DB4B98BD127A56CE4669DCD5 /* ItemListView+Undo.swift */,
			);
			path = Extensions;
			sourceTree = "<group>";
		};
		8656EEF3161BE20196B8042E /* Models */ = {
			isa = PBXGroup;
			children = (
				74255E6B6C40899E9B17D927 /* .gitkeep */,
				138DCA35ED82A745E4745175 /* ItemEntity.swift */,
				2B8EC97702E7B218A03B7898 /* ItemStore.swift */,
				C7EB9F584EF43678536F5FDE /* ItemValue.swift */,
				C093494053E6C348F245D4EC /* Listless.xcdatamodeld */,
			);
			path = Models;
			sourceTree = "<group>";
		};
		954AAB8DDFF6E6D6FD6A0A2C /* ListlessiOS */ = {
			isa = PBXGroup;
			children = (
				3313FEDB101EECA4B344EEF4 /* Info.plist */,
				9262207DAC21619BD9EDEE15 /* Listless.entitlements */,
				AC245331D715EA85887C0BA0 /* ListlessiOSApp.swift */,
				8629C1C94770B3B0D08B580D /* Extensions */,
				19A2FAA566465414CA20E6D8 /* Helpers */,
				58F917D865E0BDF4EF282306 /* Views */,
			);
			path = ListlessiOS;
			sourceTree = "<group>";
		};
		A1A9B54C4CBA03BEE12B34A9 /* Extensions */ = {
			isa = PBXGroup;
			children = (
				82F2C024B6C1F2F1FD7A25B0 /* ItemListView+Logic.swift */,
				E209A0014EE95F2BC300CE42 /* ItemListView+SyncUI.swift */,
			);
			path = Extensions;
			sourceTree = "<group>";
		};
		D12ECC901ABED96B86CC85B5 /* Views */ = {
			isa = PBXGroup;
			children = (
				37F80F7BB632A04A687890F0 /* ItemListView.swift */,
				3048ACA1CAF1284F99E1400E /* ItemRowView.swift */,
				CF3374CE58E7D9378C6997D2 /* SyncDiagnosticsView.swift */,
			);
			path = Views;
			sourceTree = "<group>";
		};
		D5B197AFF26144948D032299 /* ListlessMac */ = {
			isa = PBXGroup;
			children = (
				3DD31E8962F7EEC22EFC0CA9 /* Credits.html */,
				01E141436176F83594E2F26B /* Info.plist */,
				7C73E9D4C42CCABBF0F33543 /* Listless.entitlements */,
				1DA467DF2E59BDBE6EEF6A7D /* ListlessMacApp.swift */,
				F7279CE4B2501F9F5111A3D8 /* Extensions */,
				42CC0393E2524624AEC54D03 /* Helpers */,
				D12ECC901ABED96B86CC85B5 /* Views */,
			);
			path = ListlessMac;
			sourceTree = "<group>";
		};
		D98A7EE79F8E29297555B801 /* Support */ = {
			isa = PBXGroup;
			children = (
				4FC64B9F9370041BEDBD1E14 /* .gitkeep */,
				75B048B19C5219862BBED2E7 /* TestHelpers.swift */,
			);
			name = Support;
			path = Tests/Support;
			sourceTree = "<group>";
		};
		E98EF3B4638A9E8473EA62FA /* Sync */ = {
			isa = PBXGroup;
			children = (
				944BAE054AAC1B9C4FC954F9 /* .gitkeep */,
				68A677CC11ACE0BF743AFCE5 /* CloudKitErrorClassifier.swift */,
				6E3E82F6093EEFC94A41FED9 /* CloudKitSyncMonitor.swift */,
				BAE264D30C7692457B92E518 /* KeyValueSyncBridge.swift */,
				C14858BDFD1FD5119F1F24A6 /* PersistenceController.swift */,
			);
			path = Sync;
			sourceTree = "<group>";
		};
		ED4862258A8A70025EE14416 = {
			isa = PBXGroup;
			children = (
				9404C09EE1A4D91DFF338464 /* Media.xcassets */,
				51F881290E7FBA2684458F80 /* Generated */,
				58051CBDE2390F9E13647235 /* Listless */,
				954AAB8DDFF6E6D6FD6A0A2C /* ListlessiOS */,
				D5B197AFF26144948D032299 /* ListlessMac */,
				21CCBC7FC4A2D6E15D47B4D1 /* ListlessWatch */,
				D98A7EE79F8E29297555B801 /* Support */,
				20349AB212EAB4FB5F21D959 /* UI */,
				F63E6E98ABFB43E1B32686B4 /* Unit */,
				3936BDEE64D16E6C4C85B3DD /* Products */,
			);
			sourceTree = "<group>";
		};
		F0EB58775713E4C83A8D477A /* Views */ = {
			isa = PBXGroup;
			children = (
				20A09A6C1C2251E96E1B5D96 /* ItemListView.swift */,
				4C7CB071709951F52C7742A3 /* ItemRowView.swift */,
			);
			path = Views;
			sourceTree = "<group>";
		};
		F63E6E98ABFB43E1B32686B4 /* Unit */ = {
			isa = PBXGroup;
			children = (
				C9B14DC786A336008AAB78EE /* .gitkeep */,
				3C96B8A403274C4CC7F57460 /* AccentColorTests.swift */,
				51C3B9FF63645B35E09CF1B1 /* CloudKitErrorClassifierTests.swift */,
				C2C23CD3DB0CEA1859F73E37 /* FocusStateDataTests.swift */,
				114A89FD89C8EFB5771B7242 /* ItemStoreCompletionTests.swift */,
				E5EFAB5629C31FC2C6FFE0A1 /* ItemStoreDeleteAndNormalizeTests.swift */,
				52FCE9FC4EFD26C9016389B7 /* ItemStoreEdgeCaseTests.swift */,
				6D1DF1C029FA3C6B12A58E7F /* ItemStoreOrderingTests.swift */,
				47892E3231D64596A2A00105 /* ItemStoreTests.swift */,
				A0E02ACB5B5D357B925CAE97 /* ItemValueTests.swift */,
			);
			name = Unit;
			path = Tests/Unit;
			sourceTree = "<group>";
		};
		F7279CE4B2501F9F5111A3D8 /* Extensions */ = {
			isa = PBXGroup;
			children = (
				03343E3D48A0EF2B146528E2 /* ItemListView+Toolbar.swift */,
			);
			path = Extensions;
			sourceTree = "<group>";
		};
/* End PBXGroup section */

/* Begin PBXNativeTarget section */
		0FB4F07A37999BBC6DFE4DBB /* Listless macOS */ = {
			isa = PBXNativeTarget;
			buildConfigurationList = 4D46AAEA40BF3A5A8C4E1999 /* Build configuration list for PBXNativeTarget "Listless macOS" */;
			buildPhases = (
				409D108909CBEC2F69B56D0E /* Sources */,
				6BCB6F65428622E5AA66936D /* Resources */,
			);
			buildRules = (
			);
			dependencies = (
			);
			name = "Listless macOS";
			packageProductDependencies = (
			);
			productName = "Listless macOS";
			productReference = 5B0E22B8F7B2B7283CAF749E /* Listless macOS.app */;
			productType = "com.apple.product-type.application";
		};
		34A03D42B91730DEAC2EBD8E /* Listless iOS */ = {
			isa = PBXNativeTarget;
			buildConfigurationList = B7581C7E1D90658668F3AAE2 /* Build configuration list for PBXNativeTarget "Listless iOS" */;
			buildPhases = (
				67F773566AF3BC117AA393B9 /* Sources */,
				EC5CE716D5948EC163595BF2 /* Resources */,
				A9226A0DD67E77D754BA0E3F /* Embed Watch Content */,
			);
			buildRules = (
			);
			dependencies = (
				59112A75EB31AFE05E360567 /* PBXTargetDependency */,
			);
			name = "Listless iOS";
			packageProductDependencies = (
			);
			productName = "Listless iOS";
			productReference = 126108860D7878DDC3BECC4B /* Listless iOS.app */;
			productType = "com.apple.product-type.application";
		};
		7F0B17D1EC9FD4A80BC99002 /* Listless macOS Unit Tests */ = {
			isa = PBXNativeTarget;
			buildConfigurationList = D6218056DB7B3D1C0ACF1443 /* Build configuration list for PBXNativeTarget "Listless macOS Unit Tests" */;
			buildPhases = (
				0421851ACA269BDB6CCA11C0 /* Sources */,
			);
			buildRules = (
			);
			dependencies = (
				A71FF92EBBB4C01F921B128B /* PBXTargetDependency */,
			);
			name = "Listless macOS Unit Tests";
			packageProductDependencies = (
			);
			productName = "Listless macOS Unit Tests";
			productReference = B88DC6E36FA41DCB6CEB9647 /* Listless macOS Unit Tests.xctest */;
			productType = "com.apple.product-type.bundle.unit-test";
		};
		9BDC1B2175AB9CE26790448D /* Listless watchOS */ = {
			isa = PBXNativeTarget;
			buildConfigurationList = A549D68557611D588CB834B2 /* Build configuration list for PBXNativeTarget "Listless watchOS" */;
			buildPhases = (
				4C15FB4D4E33FCF0F596A6E8 /* Sources */,
				36267AB69A85A7E9793142D8 /* Resources */,
			);
			buildRules = (
			);
			dependencies = (
			);
			name = "Listless watchOS";
			packageProductDependencies = (
			);
			productName = "Listless watchOS";
			productReference = C6812E535A24C599C28F9278 /* Listless watchOS.app */;
			productType = "com.apple.product-type.application";
		};
		D533FDEDCE6DFCA2E8CB70F5 /* Listless iOS Unit Tests */ = {
			isa = PBXNativeTarget;
			buildConfigurationList = 1993E9E4443DC6AB506DE24C /* Build configuration list for PBXNativeTarget "Listless iOS Unit Tests" */;
			buildPhases = (
				D959A967B1BB3E9246C006D7 /* Sources */,
			);
			buildRules = (
			);
			dependencies = (
				03DCFDF6E769DBF0DBC470F6 /* PBXTargetDependency */,
			);
			name = "Listless iOS Unit Tests";
			packageProductDependencies = (
			);
			productName = "Listless iOS Unit Tests";
			productReference = C71466C5CD1A5BA984352F8D /* Listless iOS Unit Tests.xctest */;
			productType = "com.apple.product-type.bundle.unit-test";
		};
		E550C54CD9C9DD7CAF62B601 /* Listless iOS UI Tests */ = {
			isa = PBXNativeTarget;
			buildConfigurationList = 54D8A976635B970879C3A083 /* Build configuration list for PBXNativeTarget "Listless iOS UI Tests" */;
			buildPhases = (
				8A2F25417981C1E116479B25 /* Sources */,
			);
			buildRules = (
			);
			dependencies = (
				0338860A3D6FCAAFEECA5254 /* PBXTargetDependency */,
			);
			name = "Listless iOS UI Tests";
			packageProductDependencies = (
			);
			productName = "Listless iOS UI Tests";
			productReference = 0B750F1634E250256AF3FEB6 /* Listless iOS UI Tests.xctest */;
			productType = "com.apple.product-type.bundle.ui-testing";
		};
		ECF4D3D0597D0648A1FBC4A4 /* Listless macOS UI Tests */ = {
			isa = PBXNativeTarget;
			buildConfigurationList = CD8CF62F04D9EA70CFD04DDD /* Build configuration list for PBXNativeTarget "Listless macOS UI Tests" */;
			buildPhases = (
				3EB6FB5DD3E22789C6D9059C /* Sources */,
			);
			buildRules = (
			);
			dependencies = (
				56F7D0BF0FAA18615E95FB41 /* PBXTargetDependency */,
			);
			name = "Listless macOS UI Tests";
			packageProductDependencies = (
			);
			productName = "Listless macOS UI Tests";
			productReference = CCB5F87A520B1CD47F2F71D0 /* Listless macOS UI Tests.xctest */;
			productType = "com.apple.product-type.bundle.ui-testing";
		};
		FAC694EFB69F0D9F12557137 /* Listless watchOS UI Tests */ = {
			isa = PBXNativeTarget;
			buildConfigurationList = C82D32230C96FF767EC26C77 /* Build configuration list for PBXNativeTarget "Listless watchOS UI Tests" */;
			buildPhases = (
				6B19BAB29A5C66A5E7516EB8 /* Sources */,
			);
			buildRules = (
			);
			dependencies = (
				05AD385080A44E4C08F53091 /* PBXTargetDependency */,
			);
			name = "Listless watchOS UI Tests";
			packageProductDependencies = (
			);
			productName = "Listless watchOS UI Tests";
			productReference = 2523E01C8F130C2799123479 /* Listless watchOS UI Tests.xctest */;
			productType = "com.apple.product-type.bundle.ui-testing";
		};
/* End PBXNativeTarget section */

/* Begin PBXProject section */
		3256C2BF8F1DAF371DA32120 /* Project object */ = {
			isa = PBXProject;
			attributes = {
				BuildIndependentTargetsInParallel = YES;
				LastUpgradeCheck = 1430;
				TargetAttributes = {
					0FB4F07A37999BBC6DFE4DBB = {
						DevelopmentTeam = 7TD7PZBNXP;
						ProvisioningStyle = Automatic;
					};
					34A03D42B91730DEAC2EBD8E = {
						DevelopmentTeam = 7TD7PZBNXP;
						ProvisioningStyle = Automatic;
					};
					7F0B17D1EC9FD4A80BC99002 = {
						DevelopmentTeam = 7TD7PZBNXP;
						ProvisioningStyle = Automatic;
					};
					9BDC1B2175AB9CE26790448D = {
						DevelopmentTeam = 7TD7PZBNXP;
						ProvisioningStyle = Automatic;
					};
					D533FDEDCE6DFCA2E8CB70F5 = {
						DevelopmentTeam = 7TD7PZBNXP;
						ProvisioningStyle = Automatic;
					};
					E550C54CD9C9DD7CAF62B601 = {
						DevelopmentTeam = 7TD7PZBNXP;
						ProvisioningStyle = Automatic;
						TestTargetID = 34A03D42B91730DEAC2EBD8E;
					};
					ECF4D3D0597D0648A1FBC4A4 = {
						DevelopmentTeam = 7TD7PZBNXP;
						ProvisioningStyle = Automatic;
						TestTargetID = 0FB4F07A37999BBC6DFE4DBB;
					};
					FAC694EFB69F0D9F12557137 = {
						DevelopmentTeam = 7TD7PZBNXP;
						ProvisioningStyle = Automatic;
						TestTargetID = 9BDC1B2175AB9CE26790448D;
					};
				};
			};
			buildConfigurationList = CAACA40A09D5F78ECE7A0EDF /* Build configuration list for PBXProject "Listless" */;
			developmentRegion = en;
			hasScannedForEncodings = 0;
			knownRegions = (
				Base,
				en,
			);
			mainGroup = ED4862258A8A70025EE14416;
			minimizedProjectReferenceProxies = 1;
			preferredProjectObjectVersion = 77;
			productRefGroup = 3936BDEE64D16E6C4C85B3DD /* Products */;
			projectDirPath = "";
			projectRoot = "";
			targets = (
				34A03D42B91730DEAC2EBD8E /* Listless iOS */,
				E550C54CD9C9DD7CAF62B601 /* Listless iOS UI Tests */,
				D533FDEDCE6DFCA2E8CB70F5 /* Listless iOS Unit Tests */,
				0FB4F07A37999BBC6DFE4DBB /* Listless macOS */,
				ECF4D3D0597D0648A1FBC4A4 /* Listless macOS UI Tests */,
				7F0B17D1EC9FD4A80BC99002 /* Listless macOS Unit Tests */,
				9BDC1B2175AB9CE26790448D /* Listless watchOS */,
				FAC694EFB69F0D9F12557137 /* Listless watchOS UI Tests */,
			);
		};
/* End PBXProject section */

/* Begin PBXResourcesBuildPhase section */
		36267AB69A85A7E9793142D8 /* Resources */ = {
			isa = PBXResourcesBuildPhase;
			buildActionMask = 2147483647;
			files = (
				A8D5A7B0DFBEC87501FD0526 /* Media.xcassets in Resources */,
			);
			runOnlyForDeploymentPostprocessing = 0;
		};
		6BCB6F65428622E5AA66936D /* Resources */ = {
			isa = PBXResourcesBuildPhase;
			buildActionMask = 2147483647;
			files = (
				F3DD1F167E4107456473B6B2 /* Credits.html in Resources */,
				EA5E6FC7D61E235B70A139FA /* Media.xcassets in Resources */,
			);
			runOnlyForDeploymentPostprocessing = 0;
		};
		EC5CE716D5948EC163595BF2 /* Resources */ = {
			isa = PBXResourcesBuildPhase;
			buildActionMask = 2147483647;
			files = (
				11AA75BE98CFBE44AEAB7100 /* Media.xcassets in Resources */,
			);
			runOnlyForDeploymentPostprocessing = 0;
		};
/* End PBXResourcesBuildPhase section */

/* Begin PBXSourcesBuildPhase section */
		0421851ACA269BDB6CCA11C0 /* Sources */ = {
			isa = PBXSourcesBuildPhase;
			buildActionMask = 2147483647;
			files = (
				4F150E893D1F78BC23A49659 /* AccentColorTests.swift in Sources */,
				A10BF9D0C850105E4FA1A2AD /* CloudKitErrorClassifierTests.swift in Sources */,
				10F007D4D85F083689F1718B /* FocusStateDataTests.swift in Sources */,
				066E095075895DE73F217816 /* ItemStoreCompletionTests.swift in Sources */,
				42CB50C94EDF48562F680B56 /* ItemStoreDeleteAndNormalizeTests.swift in Sources */,
				84B31DA3CF21D57742C9217A /* ItemStoreEdgeCaseTests.swift in Sources */,
				F2845953BA77F171FDA2A59F /* ItemStoreOrderingTests.swift in Sources */,
				12384AB44B4578E19EF8B0B7 /* ItemStoreTests.swift in Sources */,
				D000BE93D90883262E43B3CD /* ItemValueTests.swift in Sources */,
				E12C1304464FC7799856B2BA /* TestHelpers.swift in Sources */,
			);
			runOnlyForDeploymentPostprocessing = 0;
		};
		3EB6FB5DD3E22789C6D9059C /* Sources */ = {
			isa = PBXSourcesBuildPhase;
			buildActionMask = 2147483647;
			files = (
				DD2F098B472D048B66CEC8B1 /* ListlessMacScreenshots.swift in Sources */,
				5E6BE0BA881F6CAEF455D9ED /* ListlessMacUITests.swift in Sources */,
			);
			runOnlyForDeploymentPostprocessing = 0;
		};
		409D108909CBEC2F69B56D0E /* Sources */ = {
			isa = PBXSourcesBuildPhase;
			buildActionMask = 2147483647;
			files = (
				99D17075DA3F00F52A18BB4D /* AccentColor.swift in Sources */,
				7BB45276D4EB96B8425D2EBD /* AppColors.swift in Sources */,
				B7CFDCA5EA48EDE1C768FA21 /* AppCommands.swift in Sources */,
				37AEF10712B3325BF9BC72E4 /* BackgroundClickMonitor.swift in Sources */,
				DB5FF6C1AA57D4C9BDDD50FD /* ClickableTextField.swift in Sources */,
				E4BD761E34CBB84CE80F7F49 /* CloudKitErrorClassifier.swift in Sources */,
				E429067963379F99DD184FED /* CloudKitSyncMonitor.swift in Sources */,
				882695E7AE463C0F39ACFF3C /* HoverCursorModifier.swift in Sources */,
				BB16A28C4DA1695B722B45B2 /* ItemEntity.swift in Sources */,
				2921A4A343D43664F954B588 /* ItemListTypes.swift in Sources */,
				851F46417FE40D6BC765BC70 /* ItemListView+Logic.swift in Sources */,
				A92F8503815056D3183CD7AE /* ItemListView+SyncUI.swift in Sources */,
				9E75E4AEEF577E0096E22DBA /* ItemListView+Toolbar.swift in Sources */,
				2323CE015C01C6354C557F90 /* ItemListView.swift in Sources */,
				A34F23F6314067EFB35FB209 /* ItemListViewProtocol.swift in Sources */,
				BDA8D53342F745B27B72B242 /* ItemRowDragGesture.swift in Sources */,
				194CAF0FBC308BE96CE8AA7B /* ItemRowView.swift in Sources */,
				D24133A6C0105FE8E4528EF2 /* ItemStore.swift in Sources */,
				73C05B273DC49DE48B82822E /* ItemValue.swift in Sources */,
				2CCB5FE0084742D018E52A3D /* KeyValueSyncBridge.swift in Sources */,
				172F2DD978988E207610055F /* KeyboardNavigationModifier.swift in Sources */,
				96617677059FABDBB80D642B /* Listless.xcdatamodeld in Sources */,
				614FCCA450EC0BFFD8B40640 /* ListlessMacApp.swift in Sources */,
				A0AA8FD4C542E9AEB2437BC2 /* PersistenceController.swift in Sources */,
				5761B201BF46FCA9C5C98CEF /* PlatformScrollIndicatorsModifier.swift in Sources */,
				DEE187A790A4058FE4AFDB2E /* PlatformTextFieldWidthModifier.swift in Sources */,
				568635BB34CD7EBE24E66A15 /* SyncDiagnosticsView.swift in Sources */,
			);
			runOnlyForDeploymentPostprocessing = 0;
		};
		4C15FB4D4E33FCF0F596A6E8 /* Sources */ = {
			isa = PBXSourcesBuildPhase;
			buildActionMask = 2147483647;
			files = (
				543C8A0C8A9E2F77B2C0060F /* AccentColor.swift in Sources */,
				F046B5A7F4C0BD7AAF46A69C /* CloudKitErrorClassifier.swift in Sources */,
				53700EA974FE4AD771FE89EC /* CloudKitSyncMonitor.swift in Sources */,
				12FC79D42A110E2CDC753CCE /* ItemEntity.swift in Sources */,
				2F5309630692E89276CC3149 /* ItemListView.swift in Sources */,
				8FB18395E5436F6C91A0F077 /* ItemRowView.swift in Sources */,
				47D9272442A5F15B324D3DAC /* ItemStore.swift in Sources */,
				345C3D4D9A82B9AE0C8CB153 /* ItemValue.swift in Sources */,
				264BD64C1DD30376E8BDAF79 /* KeyValueSyncBridge.swift in Sources */,
				6FE9D247153209BD4CFD9E34 /* Listless.xcdatamodeld in Sources */,
				65E97DE8C190E9E9B71EC356 /* ListlessWatchApp.swift in Sources */,
				A119D0130DB77E30FBCB5436 /* PersistenceController.swift in Sources */,
			);
			runOnlyForDeploymentPostprocessing = 0;
		};
		67F773566AF3BC117AA393B9 /* Sources */ = {
			isa = PBXSourcesBuildPhase;
			buildActionMask = 2147483647;
			files = (
				060436CDDB388BC04C51581A /* AboutView.swift in Sources */,
				BA6953E0EFE6F8255F05A3FD /* AccentColor.swift in Sources */,
				5D3EE9526DA269EE9EE3AB52 /* AppColors.swift in Sources */,
				3EDB6A9A30B4226C15E7F44D /* AppCommands.swift in Sources */,
				CAB42FAA253E2B347AB0594B /* CloudKitErrorClassifier.swift in Sources */,
				889DCB2BB3C01DDA281EA81A /* CloudKitSyncMonitor.swift in Sources */,
				0F2E6817C315B947033DA2BE /* DraftRowView.swift in Sources */,
				E2FC6CF95A2C59CA147172EE /* FPSOverlay.swift in Sources */,
				E60F81C7B930AACE67746759 /* HoverCursorModifier.swift in Sources */,
				4263E6472020564AA702D117 /* ItemCardModifier.swift in Sources */,
				930AE396D982D7C46E498311 /* ItemEntity.swift in Sources */,
				DBFE5DADCAAF26CF77245410 /* ItemListTypes.swift in Sources */,
				90BC899E66B98517A91F2627 /* ItemListView+Drag.swift in Sources */,
				F56B03B24F33B31394D91512 /* ItemListView+Logic.swift in Sources */,
				89C4109374BD64464B0018B7 /* ItemListView+NavigationHeader.swift in Sources */,
				20D2A3E4694AE35AE6CF4AAD /* ItemListView+PullGestures.swift in Sources */,
				3383645AE13E9C3AAECFBD0B /* ItemListView+PullToClear.swift in Sources */,
				5716CA28163DE0EAAA875AEE /* ItemListView+PullToCreate.swift in Sources */,
				63C08E89303BD17601271D2C /* ItemListView+SyncUI.swift in Sources */,
				E627F653B5A692B42A75FFBA /* ItemListView+Toolbar.swift in Sources */,
				E0BDC0FCAB43CEE0C9AC5279 /* ItemListView+Undo.swift in Sources */,
				9082E96001188E516B7F903B /* ItemListView.swift in Sources */,
				C7C69D883B45F1B4CE979AF7 /* ItemListViewProtocol.swift in Sources */,
				DC103B1BFDC5940F63DD48ED /* ItemRowDragGesture.swift in Sources */,
				D9325B2D23FF2CD644A1A7E3 /* ItemRowMetrics.swift in Sources */,
				B0F8B09E2AB38C8C4AF74C10 /* ItemRowSwipeGesture.swift in Sources */,
				DB0CBB6C3EE56406AF86FDE3 /* ItemRowView.swift in Sources */,
				790843E40F28B4E186F88F16 /* ItemStore.swift in Sources */,
				60FB7A1F3B2F037C655E10DB /* ItemValue.swift in Sources */,
				12E43D0CD9124037022E3C38 /* KeyCommandBridge.swift in Sources */,
				19699EC4FF57EF0D636B65E3 /* KeyValueSyncBridge.swift in Sources */,
				F6587B84ECC6BFE92A5FB493 /* KeyboardNavigationModifier.swift in Sources */,
				5B60B409CE4BA668DB30A65D /* Listless.xcdatamodeld in Sources */,
				F0B2B806BD84A4F2FDF8E038 /* ListlessiOSApp.swift in Sources */,
				7770D06CBDE3E87B7FDE7C21 /* PerfDebugView.swift in Sources */,
				88C2303FCAD99AC5D1D1C81C /* PerfSampler.swift in Sources */,
				DC73A39A269AB495BCE1AC48 /* PersistenceController.swift in Sources */,
				763363F6F3C7D2D3C9A63977 /* PlatformScrollIndicatorsModifier.swift in Sources */,
				77FE96F070B1F7FE31A9CE51 /* PlatformTextFieldWidthModifier.swift in Sources */,
				785721EB774EAC6BBA26C038 /* PullToClear.swift in Sources */,
				E47136CA7428927395D8C7C7 /* PullToCreate.swift in Sources */,
				072594B24D88AD6D1DF7AFE5 /* SettingsView.swift in Sources */,
				4DD2030E321567BD25661760 /* SyncDiagnosticsView.swift in Sources */,
				0F12D56A528FCBF8A67864CB /* TappableTextField.swift in Sources */,
				9853BD0C426C4F4348D08E8F /* TutorialSeeder.swift in Sources */,
				1A66A0454558B207AF9265D4 /* UndoToast.swift in Sources */,
			);
			runOnlyForDeploymentPostprocessing = 0;
		};
		6B19BAB29A5C66A5E7516EB8 /* Sources */ = {
			isa = PBXSourcesBuildPhase;
			buildActionMask = 2147483647;
			files = (
				4CA383C2B90DA7EF080BDABB /* ListlessWatchScreenshots.swift in Sources */,
			);
			runOnlyForDeploymentPostprocessing = 0;
		};
		8A2F25417981C1E116479B25 /* Sources */ = {
			isa = PBXSourcesBuildPhase;
			buildActionMask = 2147483647;
			files = (
				5D79B17FCA4C50C0CF08899A /* ListlessiOSScreenshots.swift in Sources */,
				239F975836FD432A5FF04036 /* ListlessiOSUITests.swift in Sources */,
			);
			runOnlyForDeploymentPostprocessing = 0;
		};
		D959A967B1BB3E9246C006D7 /* Sources */ = {
			isa = PBXSourcesBuildPhase;
			buildActionMask = 2147483647;
			files = (
				3C45D0E32A9EADCC874020F7 /* AccentColorTests.swift in Sources */,
				CA439FD953EA59A9664E0D74 /* CloudKitErrorClassifierTests.swift in Sources */,
				7FAD5D37FD7C754BF43B62E1 /* FocusStateDataTests.swift in Sources */,
				C89D4C17F91AF91F18B6EF4E /* ItemStoreCompletionTests.swift in Sources */,
				3496092218CA73699428F666 /* ItemStoreDeleteAndNormalizeTests.swift in Sources */,
				620D9398218A88B7E4C2331C /* ItemStoreEdgeCaseTests.swift in Sources */,
				DAEA21531CFEA94D335FFC6E /* ItemStoreOrderingTests.swift in Sources */,
				1E31935122C5E97907B30C70 /* ItemStoreTests.swift in Sources */,
				3ED20244243BDBEB7140EFDC /* ItemValueTests.swift in Sources */,
				1AA328A921EF8A7FDD03119A /* TestHelpers.swift in Sources */,
			);
			runOnlyForDeploymentPostprocessing = 0;
		};
/* End PBXSourcesBuildPhase section */

/* Begin PBXTargetDependency section */
		0338860A3D6FCAAFEECA5254 /* PBXTargetDependency */ = {
			isa = PBXTargetDependency;
			target = 34A03D42B91730DEAC2EBD8E /* Listless iOS */;
			targetProxy = EE50B14FCB0F89292F1E2A01 /* PBXContainerItemProxy */;
		};
		03DCFDF6E769DBF0DBC470F6 /* PBXTargetDependency */ = {
			isa = PBXTargetDependency;
			target = 34A03D42B91730DEAC2EBD8E /* Listless iOS */;
			targetProxy = 6F7E207AE10E1516EF8A683C /* PBXContainerItemProxy */;
		};
		05AD385080A44E4C08F53091 /* PBXTargetDependency */ = {
			isa = PBXTargetDependency;
			target = 9BDC1B2175AB9CE26790448D /* Listless watchOS */;
			targetProxy = 47C07B5C46AB5A2CD8741632 /* PBXContainerItemProxy */;
		};
		56F7D0BF0FAA18615E95FB41 /* PBXTargetDependency */ = {
			isa = PBXTargetDependency;
			target = 0FB4F07A37999BBC6DFE4DBB /* Listless macOS */;
			targetProxy = A6710416A995E8ECC4AAE65F /* PBXContainerItemProxy */;
		};
		59112A75EB31AFE05E360567 /* PBXTargetDependency */ = {
			isa = PBXTargetDependency;
			target = 9BDC1B2175AB9CE26790448D /* Listless watchOS */;
			targetProxy = 642EE6A5908DB4216F049E9C /* PBXContainerItemProxy */;
		};
		A71FF92EBBB4C01F921B128B /* PBXTargetDependency */ = {
			isa = PBXTargetDependency;
			target = 0FB4F07A37999BBC6DFE4DBB /* Listless macOS */;
			targetProxy = 1CECC2E7FCB78843443C0C46 /* PBXContainerItemProxy */;
		};
/* End PBXTargetDependency section */

/* Begin XCBuildConfiguration section */
		0488A078966C9DE69E8BD039 /* Release */ = {
			isa = XCBuildConfiguration;
			buildSettings = {
				BUNDLE_LOADER = "$(TEST_HOST)";
				CODE_SIGN_STYLE = Automatic;
				COMBINE_HIDPI_IMAGES = YES;
				GENERATE_INFOPLIST_FILE = YES;
				LD_RUNPATH_SEARCH_PATHS = (
					"$(inherited)",
					"@executable_path/Frameworks",
					"@loader_path/Frameworks",
				);
				PRODUCT_BUNDLE_IDENTIFIER = net.inqk.listless.macos.uitests;
				SDKROOT = macosx;
				TEST_TARGET_NAME = "Listless macOS";
			};
			name = Release;
		};
		05B5A346110EC651C700E86E /* Release */ = {
			isa = XCBuildConfiguration;
			buildSettings = {
				BUNDLE_LOADER = "$(TEST_HOST)";
				CODE_SIGN_STYLE = Automatic;
				COMBINE_HIDPI_IMAGES = YES;
				GENERATE_INFOPLIST_FILE = YES;
				LD_RUNPATH_SEARCH_PATHS = (
					"$(inherited)",
					"@executable_path/../Frameworks",
					"@loader_path/../Frameworks",
				);
				PRODUCT_BUNDLE_IDENTIFIER = net.inqk.listless.macos.unittests;
				SDKROOT = macosx;
				TEST_HOST = "$(BUILT_PRODUCTS_DIR)/Listless.app/Contents/MacOS/Listless";
			};
			name = Release;
		};
		10A7B7F1EF302597A276E649 /* Debug */ = {
			isa = XCBuildConfiguration;
			buildSettings = {
				BUNDLE_LOADER = "$(TEST_HOST)";
				CODE_SIGN_STYLE = Automatic;
				GENERATE_INFOPLIST_FILE = YES;
				LD_RUNPATH_SEARCH_PATHS = (
					"$(inherited)",
					"@executable_path/Frameworks",
					"@loader_path/Frameworks",
				);
				PRODUCT_BUNDLE_IDENTIFIER = net.inqk.listless.watchos.uitests;
				SDKROOT = watchos;
				SKIP_INSTALL = YES;
				TARGETED_DEVICE_FAMILY = 4;
				TEST_TARGET_NAME = "Listless watchOS";
			};
			name = Debug;
		};
		2D4E3CC5FF8E6299F754CCFC /* Debug */ = {
			isa = XCBuildConfiguration;
			buildSettings = {
				ASSETCATALOG_COMPILER_APPICON_NAME = AppIcon;
				CODE_SIGN_ENTITLEMENTS = ListlessMac/Listless.entitlements;
				CODE_SIGN_STYLE = Automatic;
				COMBINE_HIDPI_IMAGES = YES;
				INFOPLIST_FILE = ListlessMac/Info.plist;
				LD_RUNPATH_SEARCH_PATHS = (
					"$(inherited)",
					"@executable_path/../Frameworks",
				);
				PRODUCT_BUNDLE_IDENTIFIER = net.inqk.listless;
				PRODUCT_NAME = Listless;
				SDKROOT = macosx;
			};
			name = Debug;
		};
		8A9B0D66DB5817E1F012B831 /* Release */ = {
			isa = XCBuildConfiguration;
			buildSettings = {
				ASSETCATALOG_COMPILER_APPICON_NAME = AppIcon;
				CODE_SIGN_ENTITLEMENTS = ListlessWatch/Listless.entitlements;
				CODE_SIGN_STYLE = Automatic;
				INFOPLIST_FILE = ListlessWatch/Info.plist;
				PRODUCT_BUNDLE_IDENTIFIER = net.inqk.listless.watchos;
				PRODUCT_NAME = Listless;
				SDKROOT = watchos;
				SKIP_INSTALL = YES;
				TARGETED_DEVICE_FAMILY = 4;
			};
			name = Release;
		};
		8AEF59A64EEB64E23C516357 /* Release */ = {
			isa = XCBuildConfiguration;
			buildSettings = {
				BUNDLE_LOADER = "$(TEST_HOST)";
				CODE_SIGN_STYLE = Automatic;
				GENERATE_INFOPLIST_FILE = YES;
				LD_RUNPATH_SEARCH_PATHS = (
					"$(inherited)",
					"@executable_path/Frameworks",
					"@loader_path/Frameworks",
				);
				PRODUCT_BUNDLE_IDENTIFIER = net.inqk.listless.watchos.uitests;
				SDKROOT = watchos;
				SKIP_INSTALL = YES;
				TARGETED_DEVICE_FAMILY = 4;
				TEST_TARGET_NAME = "Listless watchOS";
			};
			name = Release;
		};
		A59B52CB6CD91C01F164C0F6 /* Debug */ = {
			isa = XCBuildConfiguration;
			buildSettings = {
				BUNDLE_LOADER = "$(TEST_HOST)";
				CODE_SIGN_STYLE = Automatic;
				GENERATE_INFOPLIST_FILE = YES;
				LD_RUNPATH_SEARCH_PATHS = (
					"$(inherited)",
					"@executable_path/Frameworks",
					"@loader_path/Frameworks",
				);
				PRODUCT_BUNDLE_IDENTIFIER = net.inqk.listless.ios.uitests;
				SDKROOT = iphoneos;
				TARGETED_DEVICE_FAMILY = "1,2";
				TEST_TARGET_NAME = "Listless iOS";
			};
			name = Debug;
		};
		A5A377EA0FE470803E2B6BA1 /* Release */ = {
			isa = XCBuildConfiguration;
			buildSettings = {
				ASSETCATALOG_COMPILER_APPICON_NAME = AppIcon;
				CODE_SIGN_ENTITLEMENTS = ListlessMac/Listless.entitlements;
				CODE_SIGN_STYLE = Automatic;
				COMBINE_HIDPI_IMAGES = YES;
				INFOPLIST_FILE = ListlessMac/Info.plist;
				LD_RUNPATH_SEARCH_PATHS = (
					"$(inherited)",
					"@executable_path/../Frameworks",
				);
				PRODUCT_BUNDLE_IDENTIFIER = net.inqk.listless;
				PRODUCT_NAME = Listless;
				SDKROOT = macosx;
			};
			name = Release;
		};
		AF0B2590EF824F9C4CDDFCCB /* Release */ = {
			isa = XCBuildConfiguration;
			baseConfigurationReference = D43D37CE25806380C0B13466 /* BuildNumber.xcconfig */;
			buildSettings = {
				ALWAYS_SEARCH_USER_PATHS = NO;
				ASSETCATALOG_COMPILER_GENERATE_ASSET_SYMBOL_EXTENSIONS = YES;
				ASSETCATALOG_COMPILER_GENERATE_SWIFT_ASSET_SYMBOL_EXTENSIONS = YES;
				CLANG_ANALYZER_NONNULL = YES;
				CLANG_ANALYZER_NUMBER_OBJECT_CONVERSION = YES_AGGRESSIVE;
				CLANG_CXX_LANGUAGE_STANDARD = "gnu++14";
				CLANG_CXX_LIBRARY = "libc++";
				CLANG_ENABLE_MODULES = YES;
				CLANG_ENABLE_OBJC_ARC = YES;
				CLANG_ENABLE_OBJC_WEAK = YES;
				CLANG_WARN_BLOCK_CAPTURE_AUTORELEASING = YES;
				CLANG_WARN_BOOL_CONVERSION = YES;
				CLANG_WARN_COMMA = YES;
				CLANG_WARN_CONSTANT_CONVERSION = YES;
				CLANG_WARN_DEPRECATED_OBJC_IMPLEMENTATIONS = YES;
				CLANG_WARN_DIRECT_OBJC_ISA_USAGE = YES_ERROR;
				CLANG_WARN_DOCUMENTATION_COMMENTS = YES;
				CLANG_WARN_EMPTY_BODY = YES;
				CLANG_WARN_ENUM_CONVERSION = YES;
				CLANG_WARN_INFINITE_RECURSION = YES;
				CLANG_WARN_INT_CONVERSION = YES;
				CLANG_WARN_NON_LITERAL_NULL_CONVERSION = YES;
				CLANG_WARN_OBJC_IMPLICIT_RETAIN_SELF = YES;
				CLANG_WARN_OBJC_LITERAL_CONVERSION = YES;
				CLANG_WARN_OBJC_ROOT_CLASS = YES_ERROR;
				CLANG_WARN_QUOTED_INCLUDE_IN_FRAMEWORK_HEADER = YES;
				CLANG_WARN_RANGE_LOOP_ANALYSIS = YES;
				CLANG_WARN_STRICT_PROTOTYPES = YES;
				CLANG_WARN_SUSPICIOUS_MOVE = YES;
				CLANG_WARN_UNGUARDED_AVAILABILITY = YES_AGGRESSIVE;
				CLANG_WARN_UNREACHABLE_CODE = YES;
				CLANG_WARN__DUPLICATE_METHOD_MATCH = YES;
				COPY_PHASE_STRIP = NO;
				DEAD_CODE_STRIPPING = YES;
				DEBUG_INFORMATION_FORMAT = "dwarf-with-dsym";
				DEVELOPMENT_TEAM = 7TD7PZBNXP;
				ENABLE_NS_ASSERTIONS = NO;
				ENABLE_STRICT_OBJC_MSGSEND = YES;
				ENABLE_USER_SCRIPT_SANDBOXING = YES;
				GCC_C_LANGUAGE_STANDARD = gnu11;
				GCC_NO_COMMON_BLOCKS = YES;
				GCC_WARN_64_TO_32_BIT_CONVERSION = YES;
				GCC_WARN_ABOUT_RETURN_TYPE = YES_ERROR;
				GCC_WARN_UNDECLARED_SELECTOR = YES;
				GCC_WARN_UNINITIALIZED_AUTOS = YES_AGGRESSIVE;
				GCC_WARN_UNUSED_FUNCTION = YES;
				GCC_WARN_UNUSED_VARIABLE = YES;
				IPHONEOS_DEPLOYMENT_TARGET = 18.0;
				MACOSX_DEPLOYMENT_TARGET = 14.0;
				MTL_ENABLE_DEBUG_INFO = NO;
				MTL_FAST_MATH = YES;
				PRODUCT_NAME = "$(TARGET_NAME)";
				STRING_CATALOG_GENERATE_SYMBOLS = YES;
				SWIFT_COMPILATION_MODE = wholemodule;
				SWIFT_EMIT_LOC_STRINGS = YES;
				SWIFT_OPTIMIZATION_LEVEL = "-O";
				SWIFT_VERSION = 6;
				WATCHOS_DEPLOYMENT_TARGET = 11.0;
			};
			name = Release;
		};
		B40F5AED88880BE1230F8BD0 /* Debug */ = {
			isa = XCBuildConfiguration;
			buildSettings = {
				ASSETCATALOG_COMPILER_APPICON_NAME = AppIcon;
				CODE_SIGN_ENTITLEMENTS = ListlessWatch/Listless.entitlements;
				CODE_SIGN_STYLE = Automatic;
				INFOPLIST_FILE = ListlessWatch/Info.plist;
				PRODUCT_BUNDLE_IDENTIFIER = net.inqk.listless.watchos;
				PRODUCT_NAME = Listless;
				SDKROOT = watchos;
				SKIP_INSTALL = YES;
				TARGETED_DEVICE_FAMILY = 4;
			};
			name = Debug;
		};
		C00090C364E4A0B81DC878F0 /* Debug */ = {
			isa = XCBuildConfiguration;
			buildSettings = {
				BUNDLE_LOADER = "$(TEST_HOST)";
				CODE_SIGN_STYLE = Automatic;
				GENERATE_INFOPLIST_FILE = YES;
				LD_RUNPATH_SEARCH_PATHS = (
					"$(inherited)",
					"@executable_path/Frameworks",
					"@loader_path/Frameworks",
				);
				PRODUCT_BUNDLE_IDENTIFIER = net.inqk.listless.ios.unittests;
				SDKROOT = iphoneos;
				TARGETED_DEVICE_FAMILY = "1,2";
				TEST_HOST = "$(BUILT_PRODUCTS_DIR)/Listless iOS.app/$(BUNDLE_EXECUTABLE_FOLDER_PATH)/Listless iOS";
			};
			name = Debug;
		};
		C8A7D13CC2AAF9DEA65CA25E /* Release */ = {
			isa = XCBuildConfiguration;
			buildSettings = {
				BUNDLE_LOADER = "$(TEST_HOST)";
				CODE_SIGN_STYLE = Automatic;
				GENERATE_INFOPLIST_FILE = YES;
				LD_RUNPATH_SEARCH_PATHS = (
					"$(inherited)",
					"@executable_path/Frameworks",
					"@loader_path/Frameworks",
				);
				PRODUCT_BUNDLE_IDENTIFIER = net.inqk.listless.ios.uitests;
				SDKROOT = iphoneos;
				TARGETED_DEVICE_FAMILY = "1,2";
				TEST_TARGET_NAME = "Listless iOS";
			};
			name = Release;
		};
		CF2E8B9803D045F7F301E05E /* Debug */ = {
			isa = XCBuildConfiguration;
			buildSettings = {
				BUNDLE_LOADER = "$(TEST_HOST)";
				CODE_SIGN_STYLE = Automatic;
				COMBINE_HIDPI_IMAGES = YES;
				GENERATE_INFOPLIST_FILE = YES;
				LD_RUNPATH_SEARCH_PATHS = (
					"$(inherited)",
					"@executable_path/../Frameworks",
					"@loader_path/../Frameworks",
				);
				PRODUCT_BUNDLE_IDENTIFIER = net.inqk.listless.macos.unittests;
				SDKROOT = macosx;
				TEST_HOST = "$(BUILT_PRODUCTS_DIR)/Listless.app/Contents/MacOS/Listless";
			};
			name = Debug;
		};
		D1B900A3E25ED5B39F0D9716 /* Debug */ = {
			isa = XCBuildConfiguration;
			baseConfigurationReference = D43D37CE25806380C0B13466 /* BuildNumber.xcconfig */;
			buildSettings = {
				ALWAYS_SEARCH_USER_PATHS = NO;
				ASSETCATALOG_COMPILER_GENERATE_ASSET_SYMBOL_EXTENSIONS = YES;
				ASSETCATALOG_COMPILER_GENERATE_SWIFT_ASSET_SYMBOL_EXTENSIONS = YES;
				CLANG_ANALYZER_NONNULL = YES;
				CLANG_ANALYZER_NUMBER_OBJECT_CONVERSION = YES_AGGRESSIVE;
				CLANG_CXX_LANGUAGE_STANDARD = "gnu++14";
				CLANG_CXX_LIBRARY = "libc++";
				CLANG_ENABLE_MODULES = YES;
				CLANG_ENABLE_OBJC_ARC = YES;
				CLANG_ENABLE_OBJC_WEAK = YES;
				CLANG_WARN_BLOCK_CAPTURE_AUTORELEASING = YES;
				CLANG_WARN_BOOL_CONVERSION = YES;
				CLANG_WARN_COMMA = YES;
				CLANG_WARN_CONSTANT_CONVERSION = YES;
				CLANG_WARN_DEPRECATED_OBJC_IMPLEMENTATIONS = YES;
				CLANG_WARN_DIRECT_OBJC_ISA_USAGE = YES_ERROR;
				CLANG_WARN_DOCUMENTATION_COMMENTS = YES;
				CLANG_WARN_EMPTY_BODY = YES;
				CLANG_WARN_ENUM_CONVERSION = YES;
				CLANG_WARN_INFINITE_RECURSION = YES;
				CLANG_WARN_INT_CONVERSION = YES;
				CLANG_WARN_NON_LITERAL_NULL_CONVERSION = YES;
				CLANG_WARN_OBJC_IMPLICIT_RETAIN_SELF = YES;
				CLANG_WARN_OBJC_LITERAL_CONVERSION = YES;
				CLANG_WARN_OBJC_ROOT_CLASS = YES_ERROR;
				CLANG_WARN_QUOTED_INCLUDE_IN_FRAMEWORK_HEADER = YES;
				CLANG_WARN_RANGE_LOOP_ANALYSIS = YES;
				CLANG_WARN_STRICT_PROTOTYPES = YES;
				CLANG_WARN_SUSPICIOUS_MOVE = YES;
				CLANG_WARN_UNGUARDED_AVAILABILITY = YES_AGGRESSIVE;
				CLANG_WARN_UNREACHABLE_CODE = YES;
				CLANG_WARN__DUPLICATE_METHOD_MATCH = YES;
				COPY_PHASE_STRIP = NO;
				DEAD_CODE_STRIPPING = YES;
				DEBUG_INFORMATION_FORMAT = dwarf;
				DEVELOPMENT_TEAM = 7TD7PZBNXP;
				ENABLE_STRICT_OBJC_MSGSEND = YES;
				ENABLE_TESTABILITY = YES;
				ENABLE_USER_SCRIPT_SANDBOXING = YES;
				GCC_C_LANGUAGE_STANDARD = gnu11;
				GCC_DYNAMIC_NO_PIC = NO;
				GCC_NO_COMMON_BLOCKS = YES;
				GCC_OPTIMIZATION_LEVEL = 0;
				GCC_PREPROCESSOR_DEFINITIONS = (
					"$(inherited)",
					"DEBUG=1",
				);
				GCC_WARN_64_TO_32_BIT_CONVERSION = YES;
				GCC_WARN_ABOUT_RETURN_TYPE = YES_ERROR;
				GCC_WARN_UNDECLARED_SELECTOR = YES;
				GCC_WARN_UNINITIALIZED_AUTOS = YES_AGGRESSIVE;
				GCC_WARN_UNUSED_FUNCTION = YES;
				GCC_WARN_UNUSED_VARIABLE = YES;
				IPHONEOS_DEPLOYMENT_TARGET = 18.0;
				MACOSX_DEPLOYMENT_TARGET = 14.0;
				MTL_ENABLE_DEBUG_INFO = INCLUDE_SOURCE;
				MTL_FAST_MATH = YES;
				ONLY_ACTIVE_ARCH = YES;
				PRODUCT_NAME = "$(TARGET_NAME)";
				STRING_CATALOG_GENERATE_SYMBOLS = YES;
				SWIFT_ACTIVE_COMPILATION_CONDITIONS = DEBUG;
				SWIFT_EMIT_LOC_STRINGS = YES;
				SWIFT_OPTIMIZATION_LEVEL = "-Onone";
				SWIFT_VERSION = 6;
				WATCHOS_DEPLOYMENT_TARGET = 11.0;
			};
			name = Debug;
		};
		D861F23D4EA8C4101536F8DE /* Debug */ = {
			isa = XCBuildConfiguration;
			buildSettings = {
				ASSETCATALOG_COMPILER_APPICON_NAME = AppIcon;
				CODE_SIGN_ENTITLEMENTS = ListlessiOS/Listless.entitlements;
				CODE_SIGN_IDENTITY = "iPhone Developer";
				CODE_SIGN_STYLE = Automatic;
				INFOPLIST_FILE = ListlessiOS/Info.plist;
				LD_RUNPATH_SEARCH_PATHS = (
					"$(inherited)",
					"@executable_path/Frameworks",
				);
				PRODUCT_BUNDLE_IDENTIFIER = net.inqk.listless;
				SDKROOT = iphoneos;
				TARGETED_DEVICE_FAMILY = "1,2";
			};
			name = Debug;
		};
		DDE3BBA838D521B70330B9AE /* Debug */ = {
			isa = XCBuildConfiguration;
			buildSettings = {
				BUNDLE_LOADER = "$(TEST_HOST)";
				CODE_SIGN_STYLE = Automatic;
				COMBINE_HIDPI_IMAGES = YES;
				GENERATE_INFOPLIST_FILE = YES;
				LD_RUNPATH_SEARCH_PATHS = (
					"$(inherited)",
					"@executable_path/Frameworks",
					"@loader_path/Frameworks",
				);
				PRODUCT_BUNDLE_IDENTIFIER = net.inqk.listless.macos.uitests;
				SDKROOT = macosx;
				TEST_TARGET_NAME = "Listless macOS";
			};
			name = Debug;
		};
		F32B53087C3BB2F10323145F /* Release */ = {
			isa = XCBuildConfiguration;
			buildSettings = {
				BUNDLE_LOADER = "$(TEST_HOST)";
				CODE_SIGN_STYLE = Automatic;
				GENERATE_INFOPLIST_FILE = YES;
				LD_RUNPATH_SEARCH_PATHS = (
					"$(inherited)",
					"@executable_path/Frameworks",
					"@loader_path/Frameworks",
				);
				PRODUCT_BUNDLE_IDENTIFIER = net.inqk.listless.ios.unittests;
				SDKROOT = iphoneos;
				TARGETED_DEVICE_FAMILY = "1,2";
				TEST_HOST = "$(BUILT_PRODUCTS_DIR)/Listless iOS.app/$(BUNDLE_EXECUTABLE_FOLDER_PATH)/Listless iOS";
			};
			name = Release;
		};
		F9DCF7B07CCBB6881C4642BD /* Release */ = {
			isa = XCBuildConfiguration;
			buildSettings = {
				ASSETCATALOG_COMPILER_APPICON_NAME = AppIcon;
				CODE_SIGN_ENTITLEMENTS = ListlessiOS/Listless.entitlements;
				CODE_SIGN_IDENTITY = "iPhone Developer";
				CODE_SIGN_STYLE = Automatic;
				INFOPLIST_FILE = ListlessiOS/Info.plist;
				LD_RUNPATH_SEARCH_PATHS = (
					"$(inherited)",
					"@executable_path/Frameworks",
				);
				PRODUCT_BUNDLE_IDENTIFIER = net.inqk.listless;
				SDKROOT = iphoneos;
				TARGETED_DEVICE_FAMILY = "1,2";
			};
			name = Release;
		};
/* End XCBuildConfiguration section */

/* Begin XCConfigurationList section */
		1993E9E4443DC6AB506DE24C /* Build configuration list for PBXNativeTarget "Listless iOS Unit Tests" */ = {
			isa = XCConfigurationList;
			buildConfigurations = (
				C00090C364E4A0B81DC878F0 /* Debug */,
				F32B53087C3BB2F10323145F /* Release */,
			);
			defaultConfigurationIsVisible = 0;
			defaultConfigurationName = Debug;
		};
		4D46AAEA40BF3A5A8C4E1999 /* Build configuration list for PBXNativeTarget "Listless macOS" */ = {
			isa = XCConfigurationList;
			buildConfigurations = (
				2D4E3CC5FF8E6299F754CCFC /* Debug */,
				A5A377EA0FE470803E2B6BA1 /* Release */,
			);
			defaultConfigurationIsVisible = 0;
			defaultConfigurationName = Debug;
		};
		54D8A976635B970879C3A083 /* Build configuration list for PBXNativeTarget "Listless iOS UI Tests" */ = {
			isa = XCConfigurationList;
			buildConfigurations = (
				A59B52CB6CD91C01F164C0F6 /* Debug */,
				C8A7D13CC2AAF9DEA65CA25E /* Release */,
			);
			defaultConfigurationIsVisible = 0;
			defaultConfigurationName = Debug;
		};
		A549D68557611D588CB834B2 /* Build configuration list for PBXNativeTarget "Listless watchOS" */ = {
			isa = XCConfigurationList;
			buildConfigurations = (
				B40F5AED88880BE1230F8BD0 /* Debug */,
				8A9B0D66DB5817E1F012B831 /* Release */,
			);
			defaultConfigurationIsVisible = 0;
			defaultConfigurationName = Debug;
		};
		B7581C7E1D90658668F3AAE2 /* Build configuration list for PBXNativeTarget "Listless iOS" */ = {
			isa = XCConfigurationList;
			buildConfigurations = (
				D861F23D4EA8C4101536F8DE /* Debug */,
				F9DCF7B07CCBB6881C4642BD /* Release */,
			);
			defaultConfigurationIsVisible = 0;
			defaultConfigurationName = Debug;
		};
		C82D32230C96FF767EC26C77 /* Build configuration list for PBXNativeTarget "Listless watchOS UI Tests" */ = {
			isa = XCConfigurationList;
			buildConfigurations = (
				10A7B7F1EF302597A276E649 /* Debug */,
				8AEF59A64EEB64E23C516357 /* Release */,
			);
			defaultConfigurationIsVisible = 0;
			defaultConfigurationName = Debug;
		};
		CAACA40A09D5F78ECE7A0EDF /* Build configuration list for PBXProject "Listless" */ = {
			isa = XCConfigurationList;
			buildConfigurations = (
				D1B900A3E25ED5B39F0D9716 /* Debug */,
				AF0B2590EF824F9C4CDDFCCB /* Release */,
			);
			defaultConfigurationIsVisible = 0;
			defaultConfigurationName = Debug;
		};
		CD8CF62F04D9EA70CFD04DDD /* Build configuration list for PBXNativeTarget "Listless macOS UI Tests" */ = {
			isa = XCConfigurationList;
			buildConfigurations = (
				DDE3BBA838D521B70330B9AE /* Debug */,
				0488A078966C9DE69E8BD039 /* Release */,
			);
			defaultConfigurationIsVisible = 0;
			defaultConfigurationName = Debug;
		};
		D6218056DB7B3D1C0ACF1443 /* Build configuration list for PBXNativeTarget "Listless macOS Unit Tests" */ = {
			isa = XCConfigurationList;
			buildConfigurations = (
				CF2E8B9803D045F7F301E05E /* Debug */,
				05B5A346110EC651C700E86E /* Release */,
			);
			defaultConfigurationIsVisible = 0;
			defaultConfigurationName = Debug;
		};
/* End XCConfigurationList section */

/* Begin XCVersionGroup section */
		C093494053E6C348F245D4EC /* Listless.xcdatamodeld */ = {
			isa = XCVersionGroup;
			children = (
				9FBEB58DD41817F09B0EB9F0 /* Listless.xcdatamodel */,
			);
			currentVersion = 9FBEB58DD41817F09B0EB9F0 /* Listless.xcdatamodel */;
			path = Listless.xcdatamodeld;
			sourceTree = "<group>";
			versionGroupType = wrapper.xcdatamodel;
		};
/* End XCVersionGroup section */
	};
	rootObject = 3256C2BF8F1DAF371DA32120 /* Project object */;
}
