// !$*UTF8*$!
{
	archiveVersion = 1;
	classes = {
	};
	objectVersion = 77;
	objects = {

/* Begin PBXBuildFile section */
		0ACA67F6578EFF181EE5C9A7 /* TaskItem.swift in Sources */ = {isa = PBXBuildFile; fileRef = FBB8A3BEB346267B30B4675F /* TaskItem.swift */; };
		0F12D56A528FCBF8A67864CB /* TappableTextField.swift in Sources */ = {isa = PBXBuildFile; fileRef = 6ECE0E961F87BA32FA87BF90 /* TappableTextField.swift */; };
		11AA75BE98CFBE44AEAB7100 /* Media.xcassets in Resources */ = {isa = PBXBuildFile; fileRef = 9404C09EE1A4D91DFF338464 /* Media.xcassets */; };
		1477B460E3DEFA3FDB7DA65B /* TaskListTypes.swift in Sources */ = {isa = PBXBuildFile; fileRef = 6F9754B32B2FD5AF8552BC85 /* TaskListTypes.swift */; };
		172F2DD978988E207610055F /* KeyboardNavigationModifier.swift in Sources */ = {isa = PBXBuildFile; fileRef = 4669414A460FC0758D5B49A8 /* KeyboardNavigationModifier.swift */; };
		182D9FB61E3A3650D7D83D2A /* TaskRowSwipeGesture.swift in Sources */ = {isa = PBXBuildFile; fileRef = 067D666DF0AF1C53404ECF7C /* TaskRowSwipeGesture.swift */; };
		1AA328A921EF8A7FDD03119A /* TestHelpers.swift in Sources */ = {isa = PBXBuildFile; fileRef = 75B048B19C5219862BBED2E7 /* TestHelpers.swift */; };
		269B93D5543770B464DFB37A /* TaskStoreOrderingTests.swift in Sources */ = {isa = PBXBuildFile; fileRef = 2D3A2DDCE24E54ABCCFBBD4C /* TaskStoreOrderingTests.swift */; };
		26F609518DE1055DF09B0159 /* TaskListView+NavigationHeader.swift in Sources */ = {isa = PBXBuildFile; fileRef = 712ADAD0FE66175DAA9A6D50 /* TaskListView+NavigationHeader.swift */; };
		2C53717A0EAFA39240615C9A /* TaskRowDragGesture.swift in Sources */ = {isa = PBXBuildFile; fileRef = D57C3CC81C4380EFAE4DB910 /* TaskRowDragGesture.swift */; };
		322EE74CBED492693B92AD59 /* TaskListView+Toolbar.swift in Sources */ = {isa = PBXBuildFile; fileRef = 2A440253D045A0896D94ADD0 /* TaskListView+Toolbar.swift */; };
		365FDEE6823D7A114F3FB12A /* TaskListViewProtocol.swift in Sources */ = {isa = PBXBuildFile; fileRef = D2C018476BD91B73870244B9 /* TaskListViewProtocol.swift */; };
		3ABE52A15C2059D8D5570528 /* TaskStore.swift in Sources */ = {isa = PBXBuildFile; fileRef = DC3DEE364304587D280C5672 /* TaskStore.swift */; };
		3D1F551A03B97ECF4E3DC8B0 /* TaskRowView.swift in Sources */ = {isa = PBXBuildFile; fileRef = E06485DBE35B60868E14202A /* TaskRowView.swift */; };
		4E5A0A02121E02124F80E320 /* TaskListView+SyncUI.swift in Sources */ = {isa = PBXBuildFile; fileRef = 7A7BD42B1E3C71333FA24893 /* TaskListView+SyncUI.swift */; };
		5035EC4C7518A5FF9AD454CA /* TaskRowDragGesture.swift in Sources */ = {isa = PBXBuildFile; fileRef = F416DD868A4C044F0D64F8D0 /* TaskRowDragGesture.swift */; };
		5761B201BF46FCA9C5C98CEF /* PlatformScrollIndicatorsModifier.swift in Sources */ = {isa = PBXBuildFile; fileRef = 466F9B0E407DF1F5B4789531 /* PlatformScrollIndicatorsModifier.swift */; };
		5B60B409CE4BA668DB30A65D /* Listless.xcdatamodeld in Sources */ = {isa = PBXBuildFile; fileRef = C093494053E6C348F245D4EC /* Listless.xcdatamodeld */; };
		5D3EE9526DA269EE9EE3AB52 /* AppColors.swift in Sources */ = {isa = PBXBuildFile; fileRef = F1E998119283F784B9ADEE28 /* AppColors.swift */; };
		5DB1231FEF24A9E4BC1E56B0 /* TaskListView+PullGestures.swift in Sources */ = {isa = PBXBuildFile; fileRef = D2D9CDDA8913CD116FB4DA74 /* TaskListView+PullGestures.swift */; };
		614FCCA450EC0BFFD8B40640 /* ListlessMacApp.swift in Sources */ = {isa = PBXBuildFile; fileRef = 1DA467DF2E59BDBE6EEF6A7D /* ListlessMacApp.swift */; };
		642151C8EEA34DAD76C49FA1 /* TaskListView+SyncUI.swift in Sources */ = {isa = PBXBuildFile; fileRef = 7A7BD42B1E3C71333FA24893 /* TaskListView+SyncUI.swift */; };
		763363F6F3C7D2D3C9A63977 /* PlatformScrollIndicatorsModifier.swift in Sources */ = {isa = PBXBuildFile; fileRef = FA5D58EC1FBAA96E83A79445 /* PlatformScrollIndicatorsModifier.swift */; };
		77970A2323A598E830D95301 /* TaskListView+Toolbar.swift in Sources */ = {isa = PBXBuildFile; fileRef = CB43816B8E7F083A2AD07F28 /* TaskListView+Toolbar.swift */; };
		77FE96F070B1F7FE31A9CE51 /* PlatformTextFieldWidthModifier.swift in Sources */ = {isa = PBXBuildFile; fileRef = E2174C43654733E9D4023157 /* PlatformTextFieldWidthModifier.swift */; };
		785721EB774EAC6BBA26C038 /* PullToClear.swift in Sources */ = {isa = PBXBuildFile; fileRef = 567DBAC2A39FA2760D006AAB /* PullToClear.swift */; };
		7E366008FF9335A77FE1636D /* TaskRowView.swift in Sources */ = {isa = PBXBuildFile; fileRef = 199CC2F58DD7CBA3F2229366 /* TaskRowView.swift */; };
		80BCA654FE694D8A77D9BF93 /* TaskListView+PullToCreate.swift in Sources */ = {isa = PBXBuildFile; fileRef = 9AD8D4C29E09FEE78AE5AB79 /* TaskListView+PullToCreate.swift */; };
		82E75475E13FD847DDDC69D8 /* TaskListView+Drag.swift in Sources */ = {isa = PBXBuildFile; fileRef = 3FA75CA18C6270D68A755AEB /* TaskListView+Drag.swift */; };
		882695E7AE463C0F39ACFF3C /* HoverCursorModifier.swift in Sources */ = {isa = PBXBuildFile; fileRef = 9F5D8B5866362D422A2A331C /* HoverCursorModifier.swift */; };
		889DCB2BB3C01DDA281EA81A /* CloudKitSyncMonitor.swift in Sources */ = {isa = PBXBuildFile; fileRef = 6E3E82F6093EEFC94A41FED9 /* CloudKitSyncMonitor.swift */; };
		8A8D164CAA7B95B4C7435A7C /* TaskListView+PullToClear.swift in Sources */ = {isa = PBXBuildFile; fileRef = 5A6D74EDDD7E3FC150064FB5 /* TaskListView+PullToClear.swift */; };
		91EDF52C7C5C0B35E9D8B51E /* TaskStore.swift in Sources */ = {isa = PBXBuildFile; fileRef = DC3DEE364304587D280C5672 /* TaskStore.swift */; };
		93275BD83342D6CE94272E6A /* TaskListTypes.swift in Sources */ = {isa = PBXBuildFile; fileRef = 6F9754B32B2FD5AF8552BC85 /* TaskListTypes.swift */; };
		96617677059FABDBB80D642B /* Listless.xcdatamodeld in Sources */ = {isa = PBXBuildFile; fileRef = C093494053E6C348F245D4EC /* Listless.xcdatamodeld */; };
		99977BFA37FBAAA49AF6B71E /* TaskStoreEdgeCaseTests.swift in Sources */ = {isa = PBXBuildFile; fileRef = 9B2BBE01D99CDA278BCB9F49 /* TaskStoreEdgeCaseTests.swift */; };
		99D17075DA3F00F52A18BB4D /* AccentColor.swift in Sources */ = {isa = PBXBuildFile; fileRef = 17DD7EDA74DAAFA27C84CA08 /* AccentColor.swift */; };
		A0AA8FD4C542E9AEB2437BC2 /* PersistenceController.swift in Sources */ = {isa = PBXBuildFile; fileRef = C14858BDFD1FD5119F1F24A6 /* PersistenceController.swift */; };
		B7CFDCA5EA48EDE1C768FA21 /* AppCommands.swift in Sources */ = {isa = PBXBuildFile; fileRef = 4C79ABB39A40D3E1828716C7 /* AppCommands.swift */; };
		BA6953E0EFE6F8255F05A3FD /* AccentColor.swift in Sources */ = {isa = PBXBuildFile; fileRef = 17DD7EDA74DAAFA27C84CA08 /* AccentColor.swift */; };
		C169823665158AA347A63990 /* TaskListView.swift in Sources */ = {isa = PBXBuildFile; fileRef = E51B8129962E5CC78ECDDC2B /* TaskListView.swift */; };
		C1FE091454864C4BBBBEB077 /* TaskItem.swift in Sources */ = {isa = PBXBuildFile; fileRef = FBB8A3BEB346267B30B4675F /* TaskItem.swift */; };
		CAB42FAA253E2B347AB0594B /* CloudKitErrorClassifier.swift in Sources */ = {isa = PBXBuildFile; fileRef = 68A677CC11ACE0BF743AFCE5 /* CloudKitErrorClassifier.swift */; };
		CAD142ED738A83371DFF8F5B /* TaskListView+Logic.swift in Sources */ = {isa = PBXBuildFile; fileRef = 72B4668483D05A6ECA142B89 /* TaskListView+Logic.swift */; };
		CC99A96BBC089C423F582E4F /* TaskListViewProtocol.swift in Sources */ = {isa = PBXBuildFile; fileRef = D2C018476BD91B73870244B9 /* TaskListViewProtocol.swift */; };
		DB5FF6C1AA57D4C9BDDD50FD /* ClickableTextField.swift in Sources */ = {isa = PBXBuildFile; fileRef = D640E7D21735C62A30A26DA4 /* ClickableTextField.swift */; };
		DC73A39A269AB495BCE1AC48 /* PersistenceController.swift in Sources */ = {isa = PBXBuildFile; fileRef = C14858BDFD1FD5119F1F24A6 /* PersistenceController.swift */; };
		DEE187A790A4058FE4AFDB2E /* PlatformTextFieldWidthModifier.swift in Sources */ = {isa = PBXBuildFile; fileRef = E8448C5778F75F52719114AF /* PlatformTextFieldWidthModifier.swift */; };
		E429067963379F99DD184FED /* CloudKitSyncMonitor.swift in Sources */ = {isa = PBXBuildFile; fileRef = 6E3E82F6093EEFC94A41FED9 /* CloudKitSyncMonitor.swift */; };
		E47136CA7428927395D8C7C7 /* PullToCreate.swift in Sources */ = {isa = PBXBuildFile; fileRef = BFF7D84B54AE70036D205CA4 /* PullToCreate.swift */; };
		E4BD761E34CBB84CE80F7F49 /* CloudKitErrorClassifier.swift in Sources */ = {isa = PBXBuildFile; fileRef = 68A677CC11ACE0BF743AFCE5 /* CloudKitErrorClassifier.swift */; };
		E5878BAA0EA66A94440E2B0F /* TaskListView+Logic.swift in Sources */ = {isa = PBXBuildFile; fileRef = 72B4668483D05A6ECA142B89 /* TaskListView+Logic.swift */; };
		E60F81C7B930AACE67746759 /* HoverCursorModifier.swift in Sources */ = {isa = PBXBuildFile; fileRef = B7588879D0FA1C2A8BCEF14F /* HoverCursorModifier.swift */; };
		EA5E6FC7D61E235B70A139FA /* Media.xcassets in Resources */ = {isa = PBXBuildFile; fileRef = 9404C09EE1A4D91DFF338464 /* Media.xcassets */; };
		ECD5E7EA05AE1C00B38C939E /* TaskStoreTests.swift in Sources */ = {isa = PBXBuildFile; fileRef = 967F7ECEB3915CEDCE584872 /* TaskStoreTests.swift */; };
		F0B2B806BD84A4F2FDF8E038 /* ListlessiOSApp.swift in Sources */ = {isa = PBXBuildFile; fileRef = AC245331D715EA85887C0BA0 /* ListlessiOSApp.swift */; };
		F50E8B8F73F64D8E641DC74C /* TaskStoreCompletionTests.swift in Sources */ = {isa = PBXBuildFile; fileRef = 5E88DDD119EEEECCD45F36D2 /* TaskStoreCompletionTests.swift */; };
		F6587B84ECC6BFE92A5FB493 /* KeyboardNavigationModifier.swift in Sources */ = {isa = PBXBuildFile; fileRef = 4669414A460FC0758D5B49A8 /* KeyboardNavigationModifier.swift */; };
		FDD09FECEED48EC9598538F4 /* TaskListView.swift in Sources */ = {isa = PBXBuildFile; fileRef = 632DA39B24C4CF1528A1A24D /* TaskListView.swift */; };
		FF58A3AB2BCFFA42BF2F6413 /* TaskRowMetrics.swift in Sources */ = {isa = PBXBuildFile; fileRef = A2EF927F09D67532F44BB80D /* TaskRowMetrics.swift */; };
/* End PBXBuildFile section */

/* Begin PBXContainerItemProxy section */
		6F7E207AE10E1516EF8A683C /* PBXContainerItemProxy */ = {
			isa = PBXContainerItemProxy;
			containerPortal = 3256C2BF8F1DAF371DA32120 /* Project object */;
			proxyType = 1;
			remoteGlobalIDString = 34A03D42B91730DEAC2EBD8E;
			remoteInfo = "Listless iOS";
		};
/* End PBXContainerItemProxy section */

/* Begin PBXFileReference section */
		01E141436176F83594E2F26B /* Info.plist */ = {isa = PBXFileReference; lastKnownFileType = text.plist; path = Info.plist; sourceTree = "<group>"; };
		067D666DF0AF1C53404ECF7C /* TaskRowSwipeGesture.swift */ = {isa = PBXFileReference; lastKnownFileType = sourcecode.swift; path = TaskRowSwipeGesture.swift; sourceTree = "<group>"; };
		126108860D7878DDC3BECC4B /* Listless iOS.app */ = {isa = PBXFileReference; includeInIndex = 0; lastKnownFileType = wrapper.application; path = "Listless iOS.app"; sourceTree = BUILT_PRODUCTS_DIR; };
		17DD7EDA74DAAFA27C84CA08 /* AccentColor.swift */ = {isa = PBXFileReference; lastKnownFileType = sourcecode.swift; path = AccentColor.swift; sourceTree = "<group>"; };
		199CC2F58DD7CBA3F2229366 /* TaskRowView.swift */ = {isa = PBXFileReference; lastKnownFileType = sourcecode.swift; path = TaskRowView.swift; sourceTree = "<group>"; };
		1DA467DF2E59BDBE6EEF6A7D /* ListlessMacApp.swift */ = {isa = PBXFileReference; lastKnownFileType = sourcecode.swift; path = ListlessMacApp.swift; sourceTree = "<group>"; };
		2A440253D045A0896D94ADD0 /* TaskListView+Toolbar.swift */ = {isa = PBXFileReference; lastKnownFileType = sourcecode.swift; path = "TaskListView+Toolbar.swift"; sourceTree = "<group>"; };
		2D3A2DDCE24E54ABCCFBBD4C /* TaskStoreOrderingTests.swift */ = {isa = PBXFileReference; lastKnownFileType = sourcecode.swift; path = TaskStoreOrderingTests.swift; sourceTree = "<group>"; };
		3313FEDB101EECA4B344EEF4 /* Info.plist */ = {isa = PBXFileReference; lastKnownFileType = text.plist; path = Info.plist; sourceTree = "<group>"; };
		3FA75CA18C6270D68A755AEB /* TaskListView+Drag.swift */ = {isa = PBXFileReference; lastKnownFileType = sourcecode.swift; path = "TaskListView+Drag.swift"; sourceTree = "<group>"; };
		4669414A460FC0758D5B49A8 /* KeyboardNavigationModifier.swift */ = {isa = PBXFileReference; lastKnownFileType = sourcecode.swift; path = KeyboardNavigationModifier.swift; sourceTree = "<group>"; };
		466F9B0E407DF1F5B4789531 /* PlatformScrollIndicatorsModifier.swift */ = {isa = PBXFileReference; lastKnownFileType = sourcecode.swift; path = PlatformScrollIndicatorsModifier.swift; sourceTree = "<group>"; };
		4C79ABB39A40D3E1828716C7 /* AppCommands.swift */ = {isa = PBXFileReference; lastKnownFileType = sourcecode.swift; path = AppCommands.swift; sourceTree = "<group>"; };
		4FC64B9F9370041BEDBD1E14 /* .gitkeep */ = {isa = PBXFileReference; path = .gitkeep; sourceTree = "<group>"; };
		567DBAC2A39FA2760D006AAB /* PullToClear.swift */ = {isa = PBXFileReference; lastKnownFileType = sourcecode.swift; path = PullToClear.swift; sourceTree = "<group>"; };
		5A6D74EDDD7E3FC150064FB5 /* TaskListView+PullToClear.swift */ = {isa = PBXFileReference; lastKnownFileType = sourcecode.swift; path = "TaskListView+PullToClear.swift"; sourceTree = "<group>"; };
		5B0E22B8F7B2B7283CAF749E /* Listless macOS.app */ = {isa = PBXFileReference; explicitFileType = wrapper.application; includeInIndex = 0; path = "Listless macOS.app"; sourceTree = BUILT_PRODUCTS_DIR; };
		5E88DDD119EEEECCD45F36D2 /* TaskStoreCompletionTests.swift */ = {isa = PBXFileReference; lastKnownFileType = sourcecode.swift; path = TaskStoreCompletionTests.swift; sourceTree = "<group>"; };
		632DA39B24C4CF1528A1A24D /* TaskListView.swift */ = {isa = PBXFileReference; lastKnownFileType = sourcecode.swift; path = TaskListView.swift; sourceTree = "<group>"; };
		68A677CC11ACE0BF743AFCE5 /* CloudKitErrorClassifier.swift */ = {isa = PBXFileReference; lastKnownFileType = sourcecode.swift; path = CloudKitErrorClassifier.swift; sourceTree = "<group>"; };
		6E3E82F6093EEFC94A41FED9 /* CloudKitSyncMonitor.swift */ = {isa = PBXFileReference; lastKnownFileType = sourcecode.swift; path = CloudKitSyncMonitor.swift; sourceTree = "<group>"; };
		6ECE0E961F87BA32FA87BF90 /* TappableTextField.swift */ = {isa = PBXFileReference; lastKnownFileType = sourcecode.swift; path = TappableTextField.swift; sourceTree = "<group>"; };
		6F9754B32B2FD5AF8552BC85 /* TaskListTypes.swift */ = {isa = PBXFileReference; lastKnownFileType = sourcecode.swift; path = TaskListTypes.swift; sourceTree = "<group>"; };
		712ADAD0FE66175DAA9A6D50 /* TaskListView+NavigationHeader.swift */ = {isa = PBXFileReference; lastKnownFileType = sourcecode.swift; path = "TaskListView+NavigationHeader.swift"; sourceTree = "<group>"; };
		72B4668483D05A6ECA142B89 /* TaskListView+Logic.swift */ = {isa = PBXFileReference; lastKnownFileType = sourcecode.swift; path = "TaskListView+Logic.swift"; sourceTree = "<group>"; };
		74255E6B6C40899E9B17D927 /* .gitkeep */ = {isa = PBXFileReference; path = .gitkeep; sourceTree = "<group>"; };
		75B048B19C5219862BBED2E7 /* TestHelpers.swift */ = {isa = PBXFileReference; lastKnownFileType = sourcecode.swift; path = TestHelpers.swift; sourceTree = "<group>"; };
		7A7BD42B1E3C71333FA24893 /* TaskListView+SyncUI.swift */ = {isa = PBXFileReference; lastKnownFileType = sourcecode.swift; path = "TaskListView+SyncUI.swift"; sourceTree = "<group>"; };
		7C73E9D4C42CCABBF0F33543 /* Listless.entitlements */ = {isa = PBXFileReference; lastKnownFileType = text.plist.entitlements; path = Listless.entitlements; sourceTree = "<group>"; };
		9262207DAC21619BD9EDEE15 /* Listless.entitlements */ = {isa = PBXFileReference; lastKnownFileType = text.plist.entitlements; path = Listless.entitlements; sourceTree = "<group>"; };
		9404C09EE1A4D91DFF338464 /* Media.xcassets */ = {isa = PBXFileReference; lastKnownFileType = folder.assetcatalog; path = Media.xcassets; sourceTree = "<group>"; };
		944BAE054AAC1B9C4FC954F9 /* .gitkeep */ = {isa = PBXFileReference; path = .gitkeep; sourceTree = "<group>"; };
		967F7ECEB3915CEDCE584872 /* TaskStoreTests.swift */ = {isa = PBXFileReference; lastKnownFileType = sourcecode.swift; path = TaskStoreTests.swift; sourceTree = "<group>"; };
		9AD8D4C29E09FEE78AE5AB79 /* TaskListView+PullToCreate.swift */ = {isa = PBXFileReference; lastKnownFileType = sourcecode.swift; path = "TaskListView+PullToCreate.swift"; sourceTree = "<group>"; };
		9B2BBE01D99CDA278BCB9F49 /* TaskStoreEdgeCaseTests.swift */ = {isa = PBXFileReference; lastKnownFileType = sourcecode.swift; path = TaskStoreEdgeCaseTests.swift; sourceTree = "<group>"; };
		9F5D8B5866362D422A2A331C /* HoverCursorModifier.swift */ = {isa = PBXFileReference; lastKnownFileType = sourcecode.swift; path = HoverCursorModifier.swift; sourceTree = "<group>"; };
		9FBEB58DD41817F09B0EB9F0 /* Listless.xcdatamodel */ = {isa = PBXFileReference; lastKnownFileType = wrapper.xcdatamodel; path = Listless.xcdatamodel; sourceTree = "<group>"; };
		A2EF927F09D67532F44BB80D /* TaskRowMetrics.swift */ = {isa = PBXFileReference; lastKnownFileType = sourcecode.swift; path = TaskRowMetrics.swift; sourceTree = "<group>"; };
		AC245331D715EA85887C0BA0 /* ListlessiOSApp.swift */ = {isa = PBXFileReference; lastKnownFileType = sourcecode.swift; path = ListlessiOSApp.swift; sourceTree = "<group>"; };
		B7588879D0FA1C2A8BCEF14F /* HoverCursorModifier.swift */ = {isa = PBXFileReference; lastKnownFileType = sourcecode.swift; path = HoverCursorModifier.swift; sourceTree = "<group>"; };
		BFF7D84B54AE70036D205CA4 /* PullToCreate.swift */ = {isa = PBXFileReference; lastKnownFileType = sourcecode.swift; path = PullToCreate.swift; sourceTree = "<group>"; };
		C14858BDFD1FD5119F1F24A6 /* PersistenceController.swift */ = {isa = PBXFileReference; lastKnownFileType = sourcecode.swift; path = PersistenceController.swift; sourceTree = "<group>"; };
		C71466C5CD1A5BA984352F8D /* Listless iOS Unit Tests.xctest */ = {isa = PBXFileReference; includeInIndex = 0; lastKnownFileType = wrapper.cfbundle; path = "Listless iOS Unit Tests.xctest"; sourceTree = BUILT_PRODUCTS_DIR; };
		C9B14DC786A336008AAB78EE /* .gitkeep */ = {isa = PBXFileReference; path = .gitkeep; sourceTree = "<group>"; };
		CB43816B8E7F083A2AD07F28 /* TaskListView+Toolbar.swift */ = {isa = PBXFileReference; lastKnownFileType = sourcecode.swift; path = "TaskListView+Toolbar.swift"; sourceTree = "<group>"; };
		D10B5491A53E77C80F8F75CD /* .gitkeep */ = {isa = PBXFileReference; path = .gitkeep; sourceTree = "<group>"; };
		D2C018476BD91B73870244B9 /* TaskListViewProtocol.swift */ = {isa = PBXFileReference; lastKnownFileType = sourcecode.swift; path = TaskListViewProtocol.swift; sourceTree = "<group>"; };
		D2D9CDDA8913CD116FB4DA74 /* TaskListView+PullGestures.swift */ = {isa = PBXFileReference; lastKnownFileType = sourcecode.swift; path = "TaskListView+PullGestures.swift"; sourceTree = "<group>"; };
		D57C3CC81C4380EFAE4DB910 /* TaskRowDragGesture.swift */ = {isa = PBXFileReference; lastKnownFileType = sourcecode.swift; path = TaskRowDragGesture.swift; sourceTree = "<group>"; };
		D640E7D21735C62A30A26DA4 /* ClickableTextField.swift */ = {isa = PBXFileReference; lastKnownFileType = sourcecode.swift; path = ClickableTextField.swift; sourceTree = "<group>"; };
		DC3DEE364304587D280C5672 /* TaskStore.swift */ = {isa = PBXFileReference; lastKnownFileType = sourcecode.swift; path = TaskStore.swift; sourceTree = "<group>"; };
		E06485DBE35B60868E14202A /* TaskRowView.swift */ = {isa = PBXFileReference; lastKnownFileType = sourcecode.swift; path = TaskRowView.swift; sourceTree = "<group>"; };
		E2174C43654733E9D4023157 /* PlatformTextFieldWidthModifier.swift */ = {isa = PBXFileReference; lastKnownFileType = sourcecode.swift; path = PlatformTextFieldWidthModifier.swift; sourceTree = "<group>"; };
		E51B8129962E5CC78ECDDC2B /* TaskListView.swift */ = {isa = PBXFileReference; lastKnownFileType = sourcecode.swift; path = TaskListView.swift; sourceTree = "<group>"; };
		E8448C5778F75F52719114AF /* PlatformTextFieldWidthModifier.swift */ = {isa = PBXFileReference; lastKnownFileType = sourcecode.swift; path = PlatformTextFieldWidthModifier.swift; sourceTree = "<group>"; };
		F1E998119283F784B9ADEE28 /* AppColors.swift */ = {isa = PBXFileReference; lastKnownFileType = sourcecode.swift; path = AppColors.swift; sourceTree = "<group>"; };
		F416DD868A4C044F0D64F8D0 /* TaskRowDragGesture.swift */ = {isa = PBXFileReference; lastKnownFileType = sourcecode.swift; path = TaskRowDragGesture.swift; sourceTree = "<group>"; };
		FA5D58EC1FBAA96E83A79445 /* PlatformScrollIndicatorsModifier.swift */ = {isa = PBXFileReference; lastKnownFileType = sourcecode.swift; path = PlatformScrollIndicatorsModifier.swift; sourceTree = "<group>"; };
		FBB8A3BEB346267B30B4675F /* TaskItem.swift */ = {isa = PBXFileReference; lastKnownFileType = sourcecode.swift; path = TaskItem.swift; sourceTree = "<group>"; };
/* End PBXFileReference section */

/* Begin PBXGroup section */
		19A2FAA566465414CA20E6D8 /* Helpers */ = {
			isa = PBXGroup;
			children = (
				F1E998119283F784B9ADEE28 /* AppColors.swift */,
				B7588879D0FA1C2A8BCEF14F /* HoverCursorModifier.swift */,
				FA5D58EC1FBAA96E83A79445 /* PlatformScrollIndicatorsModifier.swift */,
				E2174C43654733E9D4023157 /* PlatformTextFieldWidthModifier.swift */,
				6ECE0E961F87BA32FA87BF90 /* TappableTextField.swift */,
				D57C3CC81C4380EFAE4DB910 /* TaskRowDragGesture.swift */,
				A2EF927F09D67532F44BB80D /* TaskRowMetrics.swift */,
				067D666DF0AF1C53404ECF7C /* TaskRowSwipeGesture.swift */,
			);
			path = Helpers;
			sourceTree = "<group>";
		};
		3936BDEE64D16E6C4C85B3DD /* Products */ = {
			isa = PBXGroup;
			children = (
				C71466C5CD1A5BA984352F8D /* Listless iOS Unit Tests.xctest */,
				126108860D7878DDC3BECC4B /* Listless iOS.app */,
				5B0E22B8F7B2B7283CAF749E /* Listless macOS.app */,
			);
			name = Products;
			sourceTree = "<group>";
		};
		42CC0393E2524624AEC54D03 /* Helpers */ = {
			isa = PBXGroup;
			children = (
				4C79ABB39A40D3E1828716C7 /* AppCommands.swift */,
				D640E7D21735C62A30A26DA4 /* ClickableTextField.swift */,
				9F5D8B5866362D422A2A331C /* HoverCursorModifier.swift */,
				466F9B0E407DF1F5B4789531 /* PlatformScrollIndicatorsModifier.swift */,
				E8448C5778F75F52719114AF /* PlatformTextFieldWidthModifier.swift */,
				F416DD868A4C044F0D64F8D0 /* TaskRowDragGesture.swift */,
			);
			path = Helpers;
			sourceTree = "<group>";
		};
		58051CBDE2390F9E13647235 /* Listless */ = {
			isa = PBXGroup;
			children = (
				A1A9B54C4CBA03BEE12B34A9 /* Extensions */,
				78E0184C210B140892690CD4 /* Helpers */,
				AA563E991F69ED14DCD9A1AB /* Infrastructure */,
				8656EEF3161BE20196B8042E /* Models */,
				E98EF3B4638A9E8473EA62FA /* Sync */,
			);
			path = Listless;
			sourceTree = "<group>";
		};
		58F917D865E0BDF4EF282306 /* Views */ = {
			isa = PBXGroup;
			children = (
				567DBAC2A39FA2760D006AAB /* PullToClear.swift */,
				BFF7D84B54AE70036D205CA4 /* PullToCreate.swift */,
				E51B8129962E5CC78ECDDC2B /* TaskListView.swift */,
				199CC2F58DD7CBA3F2229366 /* TaskRowView.swift */,
			);
			path = Views;
			sourceTree = "<group>";
		};
		78E0184C210B140892690CD4 /* Helpers */ = {
			isa = PBXGroup;
			children = (
				17DD7EDA74DAAFA27C84CA08 /* AccentColor.swift */,
				4669414A460FC0758D5B49A8 /* KeyboardNavigationModifier.swift */,
				6F9754B32B2FD5AF8552BC85 /* TaskListTypes.swift */,
				D2C018476BD91B73870244B9 /* TaskListViewProtocol.swift */,
			);
			path = Helpers;
			sourceTree = "<group>";
		};
		8629C1C94770B3B0D08B580D /* Extensions */ = {
			isa = PBXGroup;
			children = (
				3FA75CA18C6270D68A755AEB /* TaskListView+Drag.swift */,
				712ADAD0FE66175DAA9A6D50 /* TaskListView+NavigationHeader.swift */,
				D2D9CDDA8913CD116FB4DA74 /* TaskListView+PullGestures.swift */,
				5A6D74EDDD7E3FC150064FB5 /* TaskListView+PullToClear.swift */,
				9AD8D4C29E09FEE78AE5AB79 /* TaskListView+PullToCreate.swift */,
				CB43816B8E7F083A2AD07F28 /* TaskListView+Toolbar.swift */,
			);
			path = Extensions;
			sourceTree = "<group>";
		};
		8656EEF3161BE20196B8042E /* Models */ = {
			isa = PBXGroup;
			children = (
				74255E6B6C40899E9B17D927 /* .gitkeep */,
				C093494053E6C348F245D4EC /* Listless.xcdatamodeld */,
				FBB8A3BEB346267B30B4675F /* TaskItem.swift */,
				DC3DEE364304587D280C5672 /* TaskStore.swift */,
			);
			path = Models;
			sourceTree = "<group>";
		};
		954AAB8DDFF6E6D6FD6A0A2C /* ListlessiOS */ = {
			isa = PBXGroup;
			children = (
				3313FEDB101EECA4B344EEF4 /* Info.plist */,
				9262207DAC21619BD9EDEE15 /* Listless.entitlements */,
				AC245331D715EA85887C0BA0 /* ListlessiOSApp.swift */,
				8629C1C94770B3B0D08B580D /* Extensions */,
				19A2FAA566465414CA20E6D8 /* Helpers */,
				58F917D865E0BDF4EF282306 /* Views */,
			);
			path = ListlessiOS;
			sourceTree = "<group>";
		};
		A1A9B54C4CBA03BEE12B34A9 /* Extensions */ = {
			isa = PBXGroup;
			children = (
				72B4668483D05A6ECA142B89 /* TaskListView+Logic.swift */,
				7A7BD42B1E3C71333FA24893 /* TaskListView+SyncUI.swift */,
			);
			path = Extensions;
			sourceTree = "<group>";
		};
		AA563E991F69ED14DCD9A1AB /* Infrastructure */ = {
			isa = PBXGroup;
			children = (
				D10B5491A53E77C80F8F75CD /* .gitkeep */,
			);
			path = Infrastructure;
			sourceTree = "<group>";
		};
		D12ECC901ABED96B86CC85B5 /* Views */ = {
			isa = PBXGroup;
			children = (
				632DA39B24C4CF1528A1A24D /* TaskListView.swift */,
				E06485DBE35B60868E14202A /* TaskRowView.swift */,
			);
			path = Views;
			sourceTree = "<group>";
		};
		D5B197AFF26144948D032299 /* ListlessMac */ = {
			isa = PBXGroup;
			children = (
				01E141436176F83594E2F26B /* Info.plist */,
				7C73E9D4C42CCABBF0F33543 /* Listless.entitlements */,
				1DA467DF2E59BDBE6EEF6A7D /* ListlessMacApp.swift */,
				F7279CE4B2501F9F5111A3D8 /* Extensions */,
				42CC0393E2524624AEC54D03 /* Helpers */,
				D12ECC901ABED96B86CC85B5 /* Views */,
			);
			path = ListlessMac;
			sourceTree = "<group>";
		};
		D98A7EE79F8E29297555B801 /* Support */ = {
			isa = PBXGroup;
			children = (
				4FC64B9F9370041BEDBD1E14 /* .gitkeep */,
				75B048B19C5219862BBED2E7 /* TestHelpers.swift */,
			);
			name = Support;
			path = Tests/Support;
			sourceTree = "<group>";
		};
		E98EF3B4638A9E8473EA62FA /* Sync */ = {
			isa = PBXGroup;
			children = (
				944BAE054AAC1B9C4FC954F9 /* .gitkeep */,
				68A677CC11ACE0BF743AFCE5 /* CloudKitErrorClassifier.swift */,
				6E3E82F6093EEFC94A41FED9 /* CloudKitSyncMonitor.swift */,
				C14858BDFD1FD5119F1F24A6 /* PersistenceController.swift */,
			);
			path = Sync;
			sourceTree = "<group>";
		};
		ED4862258A8A70025EE14416 = {
			isa = PBXGroup;
			children = (
				9404C09EE1A4D91DFF338464 /* Media.xcassets */,
				58051CBDE2390F9E13647235 /* Listless */,
				954AAB8DDFF6E6D6FD6A0A2C /* ListlessiOS */,
				D5B197AFF26144948D032299 /* ListlessMac */,
				D98A7EE79F8E29297555B801 /* Support */,
				F63E6E98ABFB43E1B32686B4 /* Unit */,
				3936BDEE64D16E6C4C85B3DD /* Products */,
			);
			sourceTree = "<group>";
		};
		F63E6E98ABFB43E1B32686B4 /* Unit */ = {
			isa = PBXGroup;
			children = (
				C9B14DC786A336008AAB78EE /* .gitkeep */,
				5E88DDD119EEEECCD45F36D2 /* TaskStoreCompletionTests.swift */,
				9B2BBE01D99CDA278BCB9F49 /* TaskStoreEdgeCaseTests.swift */,
				2D3A2DDCE24E54ABCCFBBD4C /* TaskStoreOrderingTests.swift */,
				967F7ECEB3915CEDCE584872 /* TaskStoreTests.swift */,
			);
			name = Unit;
			path = Tests/Unit;
			sourceTree = "<group>";
		};
		F7279CE4B2501F9F5111A3D8 /* Extensions */ = {
			isa = PBXGroup;
			children = (
				2A440253D045A0896D94ADD0 /* TaskListView+Toolbar.swift */,
			);
			path = Extensions;
			sourceTree = "<group>";
		};
/* End PBXGroup section */

/* Begin PBXNativeTarget section */
		0FB4F07A37999BBC6DFE4DBB /* Listless macOS */ = {
			isa = PBXNativeTarget;
			buildConfigurationList = 4D46AAEA40BF3A5A8C4E1999 /* Build configuration list for PBXNativeTarget "Listless macOS" */;
			buildPhases = (
				409D108909CBEC2F69B56D0E /* Sources */,
				6BCB6F65428622E5AA66936D /* Resources */,
			);
			buildRules = (
			);
			dependencies = (
			);
			name = "Listless macOS";
			packageProductDependencies = (
			);
			productName = "Listless macOS";
			productReference = 5B0E22B8F7B2B7283CAF749E /* Listless macOS.app */;
			productType = "com.apple.product-type.application";
		};
		34A03D42B91730DEAC2EBD8E /* Listless iOS */ = {
			isa = PBXNativeTarget;
			buildConfigurationList = B7581C7E1D90658668F3AAE2 /* Build configuration list for PBXNativeTarget "Listless iOS" */;
			buildPhases = (
				67F773566AF3BC117AA393B9 /* Sources */,
				EC5CE716D5948EC163595BF2 /* Resources */,
			);
			buildRules = (
			);
			dependencies = (
			);
			name = "Listless iOS";
			packageProductDependencies = (
			);
			productName = "Listless iOS";
			productReference = 126108860D7878DDC3BECC4B /* Listless iOS.app */;
			productType = "com.apple.product-type.application";
		};
		D533FDEDCE6DFCA2E8CB70F5 /* Listless iOS Unit Tests */ = {
			isa = PBXNativeTarget;
			buildConfigurationList = 1993E9E4443DC6AB506DE24C /* Build configuration list for PBXNativeTarget "Listless iOS Unit Tests" */;
			buildPhases = (
				D959A967B1BB3E9246C006D7 /* Sources */,
			);
			buildRules = (
			);
			dependencies = (
				03DCFDF6E769DBF0DBC470F6 /* PBXTargetDependency */,
			);
			name = "Listless iOS Unit Tests";
			packageProductDependencies = (
			);
			productName = "Listless iOS Unit Tests";
			productReference = C71466C5CD1A5BA984352F8D /* Listless iOS Unit Tests.xctest */;
			productType = "com.apple.product-type.bundle.unit-test";
		};
/* End PBXNativeTarget section */

/* Begin PBXProject section */
		3256C2BF8F1DAF371DA32120 /* Project object */ = {
			isa = PBXProject;
			attributes = {
				BuildIndependentTargetsInParallel = YES;
				LastUpgradeCheck = 1430;
				TargetAttributes = {
					0FB4F07A37999BBC6DFE4DBB = {
						DevelopmentTeam = 7TD7PZBNXP;
						ProvisioningStyle = Automatic;
					};
					34A03D42B91730DEAC2EBD8E = {
						DevelopmentTeam = 7TD7PZBNXP;
						ProvisioningStyle = Automatic;
					};
					D533FDEDCE6DFCA2E8CB70F5 = {
						DevelopmentTeam = 7TD7PZBNXP;
						ProvisioningStyle = Automatic;
					};
				};
			};
			buildConfigurationList = CAACA40A09D5F78ECE7A0EDF /* Build configuration list for PBXProject "Listless" */;
			compatibilityVersion = "Xcode 14.0";
			developmentRegion = en;
			hasScannedForEncodings = 0;
			knownRegions = (
				Base,
				en,
			);
			mainGroup = ED4862258A8A70025EE14416;
			minimizedProjectReferenceProxies = 1;
			preferredProjectObjectVersion = 77;
			projectDirPath = "";
			projectRoot = "";
			targets = (
				34A03D42B91730DEAC2EBD8E /* Listless iOS */,
				D533FDEDCE6DFCA2E8CB70F5 /* Listless iOS Unit Tests */,
				0FB4F07A37999BBC6DFE4DBB /* Listless macOS */,
			);
		};
/* End PBXProject section */

/* Begin PBXResourcesBuildPhase section */
		6BCB6F65428622E5AA66936D /* Resources */ = {
			isa = PBXResourcesBuildPhase;
			buildActionMask = 2147483647;
			files = (
				EA5E6FC7D61E235B70A139FA /* Media.xcassets in Resources */,
			);
			runOnlyForDeploymentPostprocessing = 0;
		};
		EC5CE716D5948EC163595BF2 /* Resources */ = {
			isa = PBXResourcesBuildPhase;
			buildActionMask = 2147483647;
			files = (
				11AA75BE98CFBE44AEAB7100 /* Media.xcassets in Resources */,
			);
			runOnlyForDeploymentPostprocessing = 0;
		};
/* End PBXResourcesBuildPhase section */

/* Begin PBXSourcesBuildPhase section */
		409D108909CBEC2F69B56D0E /* Sources */ = {
			isa = PBXSourcesBuildPhase;
			buildActionMask = 2147483647;
			files = (
				99D17075DA3F00F52A18BB4D /* AccentColor.swift in Sources */,
				B7CFDCA5EA48EDE1C768FA21 /* AppCommands.swift in Sources */,
				DB5FF6C1AA57D4C9BDDD50FD /* ClickableTextField.swift in Sources */,
				E4BD761E34CBB84CE80F7F49 /* CloudKitErrorClassifier.swift in Sources */,
				E429067963379F99DD184FED /* CloudKitSyncMonitor.swift in Sources */,
				882695E7AE463C0F39ACFF3C /* HoverCursorModifier.swift in Sources */,
				172F2DD978988E207610055F /* KeyboardNavigationModifier.swift in Sources */,
				96617677059FABDBB80D642B /* Listless.xcdatamodeld in Sources */,
				614FCCA450EC0BFFD8B40640 /* ListlessMacApp.swift in Sources */,
				A0AA8FD4C542E9AEB2437BC2 /* PersistenceController.swift in Sources */,
				5761B201BF46FCA9C5C98CEF /* PlatformScrollIndicatorsModifier.swift in Sources */,
				DEE187A790A4058FE4AFDB2E /* PlatformTextFieldWidthModifier.swift in Sources */,
				C1FE091454864C4BBBBEB077 /* TaskItem.swift in Sources */,
				93275BD83342D6CE94272E6A /* TaskListTypes.swift in Sources */,
				E5878BAA0EA66A94440E2B0F /* TaskListView+Logic.swift in Sources */,
				642151C8EEA34DAD76C49FA1 /* TaskListView+SyncUI.swift in Sources */,
				322EE74CBED492693B92AD59 /* TaskListView+Toolbar.swift in Sources */,
				FDD09FECEED48EC9598538F4 /* TaskListView.swift in Sources */,
				365FDEE6823D7A114F3FB12A /* TaskListViewProtocol.swift in Sources */,
				5035EC4C7518A5FF9AD454CA /* TaskRowDragGesture.swift in Sources */,
				3D1F551A03B97ECF4E3DC8B0 /* TaskRowView.swift in Sources */,
				3ABE52A15C2059D8D5570528 /* TaskStore.swift in Sources */,
			);
			runOnlyForDeploymentPostprocessing = 0;
		};
		67F773566AF3BC117AA393B9 /* Sources */ = {
			isa = PBXSourcesBuildPhase;
			buildActionMask = 2147483647;
			files = (
				BA6953E0EFE6F8255F05A3FD /* AccentColor.swift in Sources */,
				5D3EE9526DA269EE9EE3AB52 /* AppColors.swift in Sources */,
				CAB42FAA253E2B347AB0594B /* CloudKitErrorClassifier.swift in Sources */,
				889DCB2BB3C01DDA281EA81A /* CloudKitSyncMonitor.swift in Sources */,
				E60F81C7B930AACE67746759 /* HoverCursorModifier.swift in Sources */,
				F6587B84ECC6BFE92A5FB493 /* KeyboardNavigationModifier.swift in Sources */,
				5B60B409CE4BA668DB30A65D /* Listless.xcdatamodeld in Sources */,
				F0B2B806BD84A4F2FDF8E038 /* ListlessiOSApp.swift in Sources */,
				DC73A39A269AB495BCE1AC48 /* PersistenceController.swift in Sources */,
				763363F6F3C7D2D3C9A63977 /* PlatformScrollIndicatorsModifier.swift in Sources */,
				77FE96F070B1F7FE31A9CE51 /* PlatformTextFieldWidthModifier.swift in Sources */,
				785721EB774EAC6BBA26C038 /* PullToClear.swift in Sources */,
				E47136CA7428927395D8C7C7 /* PullToCreate.swift in Sources */,
				0F12D56A528FCBF8A67864CB /* TappableTextField.swift in Sources */,
				0ACA67F6578EFF181EE5C9A7 /* TaskItem.swift in Sources */,
				1477B460E3DEFA3FDB7DA65B /* TaskListTypes.swift in Sources */,
				82E75475E13FD847DDDC69D8 /* TaskListView+Drag.swift in Sources */,
				CAD142ED738A83371DFF8F5B /* TaskListView+Logic.swift in Sources */,
				26F609518DE1055DF09B0159 /* TaskListView+NavigationHeader.swift in Sources */,
				5DB1231FEF24A9E4BC1E56B0 /* TaskListView+PullGestures.swift in Sources */,
				8A8D164CAA7B95B4C7435A7C /* TaskListView+PullToClear.swift in Sources */,
				80BCA654FE694D8A77D9BF93 /* TaskListView+PullToCreate.swift in Sources */,
				4E5A0A02121E02124F80E320 /* TaskListView+SyncUI.swift in Sources */,
				77970A2323A598E830D95301 /* TaskListView+Toolbar.swift in Sources */,
				C169823665158AA347A63990 /* TaskListView.swift in Sources */,
				CC99A96BBC089C423F582E4F /* TaskListViewProtocol.swift in Sources */,
				2C53717A0EAFA39240615C9A /* TaskRowDragGesture.swift in Sources */,
				FF58A3AB2BCFFA42BF2F6413 /* TaskRowMetrics.swift in Sources */,
				182D9FB61E3A3650D7D83D2A /* TaskRowSwipeGesture.swift in Sources */,
				7E366008FF9335A77FE1636D /* TaskRowView.swift in Sources */,
				91EDF52C7C5C0B35E9D8B51E /* TaskStore.swift in Sources */,
			);
			runOnlyForDeploymentPostprocessing = 0;
		};
		D959A967B1BB3E9246C006D7 /* Sources */ = {
			isa = PBXSourcesBuildPhase;
			buildActionMask = 2147483647;
			files = (
				F50E8B8F73F64D8E641DC74C /* TaskStoreCompletionTests.swift in Sources */,
				99977BFA37FBAAA49AF6B71E /* TaskStoreEdgeCaseTests.swift in Sources */,
				269B93D5543770B464DFB37A /* TaskStoreOrderingTests.swift in Sources */,
				ECD5E7EA05AE1C00B38C939E /* TaskStoreTests.swift in Sources */,
				1AA328A921EF8A7FDD03119A /* TestHelpers.swift in Sources */,
			);
			runOnlyForDeploymentPostprocessing = 0;
		};
/* End PBXSourcesBuildPhase section */

/* Begin PBXTargetDependency section */
		03DCFDF6E769DBF0DBC470F6 /* PBXTargetDependency */ = {
			isa = PBXTargetDependency;
			target = 34A03D42B91730DEAC2EBD8E /* Listless iOS */;
			targetProxy = 6F7E207AE10E1516EF8A683C /* PBXContainerItemProxy */;
		};
/* End PBXTargetDependency section */

/* Begin XCBuildConfiguration section */
		2D4E3CC5FF8E6299F754CCFC /* Debug */ = {
			isa = XCBuildConfiguration;
			buildSettings = {
				ASSETCATALOG_COMPILER_APPICON_NAME = AppIcon;
				CODE_SIGN_ENTITLEMENTS = ListlessMac/Listless.entitlements;
				CODE_SIGN_STYLE = Automatic;
				COMBINE_HIDPI_IMAGES = YES;
				DEVELOPMENT_TEAM = 7TD7PZBNXP;
				INFOPLIST_FILE = ListlessMac/Info.plist;
				LD_RUNPATH_SEARCH_PATHS = (
					"$(inherited)",
					"@executable_path/../Frameworks",
				);
				PRODUCT_BUNDLE_IDENTIFIER = net.inqk.listless.mac;
				PRODUCT_NAME = Listless;
				SDKROOT = macosx;
			};
			name = Debug;
		};
		A5A377EA0FE470803E2B6BA1 /* Release */ = {
			isa = XCBuildConfiguration;
			buildSettings = {
				ASSETCATALOG_COMPILER_APPICON_NAME = AppIcon;
				CODE_SIGN_ENTITLEMENTS = ListlessMac/Listless.entitlements;
				CODE_SIGN_STYLE = Automatic;
				COMBINE_HIDPI_IMAGES = YES;
				DEVELOPMENT_TEAM = 7TD7PZBNXP;
				INFOPLIST_FILE = ListlessMac/Info.plist;
				LD_RUNPATH_SEARCH_PATHS = (
					"$(inherited)",
					"@executable_path/../Frameworks",
				);
				PRODUCT_BUNDLE_IDENTIFIER = net.inqk.listless.mac;
				PRODUCT_NAME = Listless;
				SDKROOT = macosx;
			};
			name = Release;
		};
		AF0B2590EF824F9C4CDDFCCB /* Release */ = {
			isa = XCBuildConfiguration;
			buildSettings = {
				ALWAYS_SEARCH_USER_PATHS = NO;
				CLANG_ANALYZER_NONNULL = YES;
				CLANG_ANALYZER_NUMBER_OBJECT_CONVERSION = YES_AGGRESSIVE;
				CLANG_CXX_LANGUAGE_STANDARD = "gnu++14";
				CLANG_CXX_LIBRARY = "libc++";
				CLANG_ENABLE_MODULES = YES;
				CLANG_ENABLE_OBJC_ARC = YES;
				CLANG_ENABLE_OBJC_WEAK = YES;
				CLANG_WARN_BLOCK_CAPTURE_AUTORELEASING = YES;
				CLANG_WARN_BOOL_CONVERSION = YES;
				CLANG_WARN_COMMA = YES;
				CLANG_WARN_CONSTANT_CONVERSION = YES;
				CLANG_WARN_DEPRECATED_OBJC_IMPLEMENTATIONS = YES;
				CLANG_WARN_DIRECT_OBJC_ISA_USAGE = YES_ERROR;
				CLANG_WARN_DOCUMENTATION_COMMENTS = YES;
				CLANG_WARN_EMPTY_BODY = YES;
				CLANG_WARN_ENUM_CONVERSION = YES;
				CLANG_WARN_INFINITE_RECURSION = YES;
				CLANG_WARN_INT_CONVERSION = YES;
				CLANG_WARN_NON_LITERAL_NULL_CONVERSION = YES;
				CLANG_WARN_OBJC_IMPLICIT_RETAIN_SELF = YES;
				CLANG_WARN_OBJC_LITERAL_CONVERSION = YES;
				CLANG_WARN_OBJC_ROOT_CLASS = YES_ERROR;
				CLANG_WARN_QUOTED_INCLUDE_IN_FRAMEWORK_HEADER = YES;
				CLANG_WARN_RANGE_LOOP_ANALYSIS = YES;
				CLANG_WARN_STRICT_PROTOTYPES = YES;
				CLANG_WARN_SUSPICIOUS_MOVE = YES;
				CLANG_WARN_UNGUARDED_AVAILABILITY = YES_AGGRESSIVE;
				CLANG_WARN_UNREACHABLE_CODE = YES;
				CLANG_WARN__DUPLICATE_METHOD_MATCH = YES;
				COPY_PHASE_STRIP = NO;
				DEBUG_INFORMATION_FORMAT = "dwarf-with-dsym";
				ENABLE_NS_ASSERTIONS = NO;
				ENABLE_STRICT_OBJC_MSGSEND = YES;
				GCC_C_LANGUAGE_STANDARD = gnu11;
				GCC_NO_COMMON_BLOCKS = YES;
				GCC_WARN_64_TO_32_BIT_CONVERSION = YES;
				GCC_WARN_ABOUT_RETURN_TYPE = YES_ERROR;
				GCC_WARN_UNDECLARED_SELECTOR = YES;
				GCC_WARN_UNINITIALIZED_AUTOS = YES_AGGRESSIVE;
				GCC_WARN_UNUSED_FUNCTION = YES;
				GCC_WARN_UNUSED_VARIABLE = YES;
				IPHONEOS_DEPLOYMENT_TARGET = 18.0;
				MACOSX_DEPLOYMENT_TARGET = 14.0;
				MTL_ENABLE_DEBUG_INFO = NO;
				MTL_FAST_MATH = YES;
				PRODUCT_NAME = "$(TARGET_NAME)";
				SWIFT_COMPILATION_MODE = wholemodule;
				SWIFT_OPTIMIZATION_LEVEL = "-O";
				SWIFT_VERSION = 6;
			};
			name = Release;
		};
		C00090C364E4A0B81DC878F0 /* Debug */ = {
			isa = XCBuildConfiguration;
			buildSettings = {
				BUNDLE_LOADER = "$(TEST_HOST)";
				CODE_SIGN_STYLE = Automatic;
				DEVELOPMENT_TEAM = 7TD7PZBNXP;
				GENERATE_INFOPLIST_FILE = YES;
				LD_RUNPATH_SEARCH_PATHS = (
					"$(inherited)",
					"@executable_path/Frameworks",
					"@loader_path/Frameworks",
				);
				PRODUCT_BUNDLE_IDENTIFIER = net.inqk.listless.ios.unittests;
				SDKROOT = iphoneos;
				TARGETED_DEVICE_FAMILY = "1,2";
				TEST_HOST = "$(BUILT_PRODUCTS_DIR)/Listless iOS.app/$(BUNDLE_EXECUTABLE_FOLDER_PATH)/Listless iOS";
			};
			name = Debug;
		};
		D1B900A3E25ED5B39F0D9716 /* Debug */ = {
			isa = XCBuildConfiguration;
			buildSettings = {
				ALWAYS_SEARCH_USER_PATHS = NO;
				CLANG_ANALYZER_NONNULL = YES;
				CLANG_ANALYZER_NUMBER_OBJECT_CONVERSION = YES_AGGRESSIVE;
				CLANG_CXX_LANGUAGE_STANDARD = "gnu++14";
				CLANG_CXX_LIBRARY = "libc++";
				CLANG_ENABLE_MODULES = YES;
				CLANG_ENABLE_OBJC_ARC = YES;
				CLANG_ENABLE_OBJC_WEAK = YES;
				CLANG_WARN_BLOCK_CAPTURE_AUTORELEASING = YES;
				CLANG_WARN_BOOL_CONVERSION = YES;
				CLANG_WARN_COMMA = YES;
				CLANG_WARN_CONSTANT_CONVERSION = YES;
				CLANG_WARN_DEPRECATED_OBJC_IMPLEMENTATIONS = YES;
				CLANG_WARN_DIRECT_OBJC_ISA_USAGE = YES_ERROR;
				CLANG_WARN_DOCUMENTATION_COMMENTS = YES;
				CLANG_WARN_EMPTY_BODY = YES;
				CLANG_WARN_ENUM_CONVERSION = YES;
				CLANG_WARN_INFINITE_RECURSION = YES;
				CLANG_WARN_INT_CONVERSION = YES;
				CLANG_WARN_NON_LITERAL_NULL_CONVERSION = YES;
				CLANG_WARN_OBJC_IMPLICIT_RETAIN_SELF = YES;
				CLANG_WARN_OBJC_LITERAL_CONVERSION = YES;
				CLANG_WARN_OBJC_ROOT_CLASS = YES_ERROR;
				CLANG_WARN_QUOTED_INCLUDE_IN_FRAMEWORK_HEADER = YES;
				CLANG_WARN_RANGE_LOOP_ANALYSIS = YES;
				CLANG_WARN_STRICT_PROTOTYPES = YES;
				CLANG_WARN_SUSPICIOUS_MOVE = YES;
				CLANG_WARN_UNGUARDED_AVAILABILITY = YES_AGGRESSIVE;
				CLANG_WARN_UNREACHABLE_CODE = YES;
				CLANG_WARN__DUPLICATE_METHOD_MATCH = YES;
				COPY_PHASE_STRIP = NO;
				DEBUG_INFORMATION_FORMAT = dwarf;
				ENABLE_STRICT_OBJC_MSGSEND = YES;
				ENABLE_TESTABILITY = YES;
				GCC_C_LANGUAGE_STANDARD = gnu11;
				GCC_DYNAMIC_NO_PIC = NO;
				GCC_NO_COMMON_BLOCKS = YES;
				GCC_OPTIMIZATION_LEVEL = 0;
				GCC_PREPROCESSOR_DEFINITIONS = (
					"$(inherited)",
					"DEBUG=1",
				);
				GCC_WARN_64_TO_32_BIT_CONVERSION = YES;
				GCC_WARN_ABOUT_RETURN_TYPE = YES_ERROR;
				GCC_WARN_UNDECLARED_SELECTOR = YES;
				GCC_WARN_UNINITIALIZED_AUTOS = YES_AGGRESSIVE;
				GCC_WARN_UNUSED_FUNCTION = YES;
				GCC_WARN_UNUSED_VARIABLE = YES;
				IPHONEOS_DEPLOYMENT_TARGET = 18.0;
				MACOSX_DEPLOYMENT_TARGET = 14.0;
				MTL_ENABLE_DEBUG_INFO = INCLUDE_SOURCE;
				MTL_FAST_MATH = YES;
				ONLY_ACTIVE_ARCH = YES;
				PRODUCT_NAME = "$(TARGET_NAME)";
				SWIFT_ACTIVE_COMPILATION_CONDITIONS = DEBUG;
				SWIFT_OPTIMIZATION_LEVEL = "-Onone";
				SWIFT_VERSION = 6;
			};
			name = Debug;
		};
		D861F23D4EA8C4101536F8DE /* Debug */ = {
			isa = XCBuildConfiguration;
			buildSettings = {
				ASSETCATALOG_COMPILER_APPICON_NAME = AppIcon;
				CODE_SIGN_ENTITLEMENTS = ListlessiOS/Listless.entitlements;
				CODE_SIGN_IDENTITY = "iPhone Developer";
				CODE_SIGN_STYLE = Automatic;
				DEVELOPMENT_TEAM = 7TD7PZBNXP;
				INFOPLIST_FILE = ListlessiOS/Info.plist;
				LD_RUNPATH_SEARCH_PATHS = (
					"$(inherited)",
					"@executable_path/Frameworks",
				);
				PRODUCT_BUNDLE_IDENTIFIER = net.inqk.listless.ios;
				SDKROOT = iphoneos;
				TARGETED_DEVICE_FAMILY = "1,2";
			};
			name = Debug;
		};
		F32B53087C3BB2F10323145F /* Release */ = {
			isa = XCBuildConfiguration;
			buildSettings = {
				BUNDLE_LOADER = "$(TEST_HOST)";
				CODE_SIGN_STYLE = Automatic;
				DEVELOPMENT_TEAM = 7TD7PZBNXP;
				GENERATE_INFOPLIST_FILE = YES;
				LD_RUNPATH_SEARCH_PATHS = (
					"$(inherited)",
					"@executable_path/Frameworks",
					"@loader_path/Frameworks",
				);
				PRODUCT_BUNDLE_IDENTIFIER = net.inqk.listless.ios.unittests;
				SDKROOT = iphoneos;
				TARGETED_DEVICE_FAMILY = "1,2";
				TEST_HOST = "$(BUILT_PRODUCTS_DIR)/Listless iOS.app/$(BUNDLE_EXECUTABLE_FOLDER_PATH)/Listless iOS";
			};
			name = Release;
		};
		F9DCF7B07CCBB6881C4642BD /* Release */ = {
			isa = XCBuildConfiguration;
			buildSettings = {
				ASSETCATALOG_COMPILER_APPICON_NAME = AppIcon;
				CODE_SIGN_ENTITLEMENTS = ListlessiOS/Listless.entitlements;
				CODE_SIGN_IDENTITY = "iPhone Developer";
				CODE_SIGN_STYLE = Automatic;
				DEVELOPMENT_TEAM = 7TD7PZBNXP;
				INFOPLIST_FILE = ListlessiOS/Info.plist;
				LD_RUNPATH_SEARCH_PATHS = (
					"$(inherited)",
					"@executable_path/Frameworks",
				);
				PRODUCT_BUNDLE_IDENTIFIER = net.inqk.listless.ios;
				SDKROOT = iphoneos;
				TARGETED_DEVICE_FAMILY = "1,2";
			};
			name = Release;
		};
/* End XCBuildConfiguration section */

/* Begin XCConfigurationList section */
		1993E9E4443DC6AB506DE24C /* Build configuration list for PBXNativeTarget "Listless iOS Unit Tests" */ = {
			isa = XCConfigurationList;
			buildConfigurations = (
				C00090C364E4A0B81DC878F0 /* Debug */,
				F32B53087C3BB2F10323145F /* Release */,
			);
			defaultConfigurationIsVisible = 0;
			defaultConfigurationName = Debug;
		};
		4D46AAEA40BF3A5A8C4E1999 /* Build configuration list for PBXNativeTarget "Listless macOS" */ = {
			isa = XCConfigurationList;
			buildConfigurations = (
				2D4E3CC5FF8E6299F754CCFC /* Debug */,
				A5A377EA0FE470803E2B6BA1 /* Release */,
			);
			defaultConfigurationIsVisible = 0;
			defaultConfigurationName = Debug;
		};
		B7581C7E1D90658668F3AAE2 /* Build configuration list for PBXNativeTarget "Listless iOS" */ = {
			isa = XCConfigurationList;
			buildConfigurations = (
				D861F23D4EA8C4101536F8DE /* Debug */,
				F9DCF7B07CCBB6881C4642BD /* Release */,
			);
			defaultConfigurationIsVisible = 0;
			defaultConfigurationName = Debug;
		};
		CAACA40A09D5F78ECE7A0EDF /* Build configuration list for PBXProject "Listless" */ = {
			isa = XCConfigurationList;
			buildConfigurations = (
				D1B900A3E25ED5B39F0D9716 /* Debug */,
				AF0B2590EF824F9C4CDDFCCB /* Release */,
			);
			defaultConfigurationIsVisible = 0;
			defaultConfigurationName = Debug;
		};
/* End XCConfigurationList section */

/* Begin XCVersionGroup section */
		C093494053E6C348F245D4EC /* Listless.xcdatamodeld */ = {
			isa = XCVersionGroup;
			children = (
				9FBEB58DD41817F09B0EB9F0 /* Listless.xcdatamodel */,
			);
			currentVersion = 9FBEB58DD41817F09B0EB9F0 /* Listless.xcdatamodel */;
			path = Listless.xcdatamodeld;
			sourceTree = "<group>";
			versionGroupType = wrapper.xcdatamodel;
		};
/* End XCVersionGroup section */
	};
	rootObject = 3256C2BF8F1DAF371DA32120 /* Project object */;
}
