// !$*UTF8*$!
{
	archiveVersion = 1;
	classes = {
	};
	objectVersion = 77;
	objects = {

/* Begin PBXBuildFile section */
		074A81D9DAF58E8E088CBC89 /* TaskListView+Toolbar.swift in Sources */ = {isa = PBXBuildFile; fileRef = 431B0EA72D590AF0CC868515 /* TaskListView+Toolbar.swift */; };
		0ACA67F6578EFF181EE5C9A7 /* TaskItem.swift in Sources */ = {isa = PBXBuildFile; fileRef = FBB8A3BEB346267B30B4675F /* TaskItem.swift */; };
		0BB5D2C4FADE3F1E22202814 /* ColorExtensions.swift in Sources */ = {isa = PBXBuildFile; fileRef = 917597025B3D5D18E33982D3 /* ColorExtensions.swift */; };
		15B71073767FB4766A6BA2BE /* HoverCursorModifier.swift in Sources */ = {isa = PBXBuildFile; fileRef = D41D6E0CED14D79F31C45062 /* HoverCursorModifier.swift */; };
		1AA328A921EF8A7FDD03119A /* TestHelpers.swift in Sources */ = {isa = PBXBuildFile; fileRef = 75B048B19C5219862BBED2E7 /* TestHelpers.swift */; };
		269B93D5543770B464DFB37A /* TaskStoreOrderingTests.swift in Sources */ = {isa = PBXBuildFile; fileRef = 2D3A2DDCE24E54ABCCFBBD4C /* TaskStoreOrderingTests.swift */; };
		3ABE52A15C2059D8D5570528 /* TaskStore.swift in Sources */ = {isa = PBXBuildFile; fileRef = DC3DEE364304587D280C5672 /* TaskStore.swift */; };
		3D1F551A03B97ECF4E3DC8B0 /* TaskRowView.swift in Sources */ = {isa = PBXBuildFile; fileRef = E06485DBE35B60868E14202A /* TaskRowView.swift */; };
		42E4CDE1D17463554CC4F41F /* TaskListView.swift in Sources */ = {isa = PBXBuildFile; fileRef = 537A913AC421BAEF60D26D9C /* TaskListView.swift */; };
		5B60B409CE4BA668DB30A65D /* Listless.xcdatamodeld in Sources */ = {isa = PBXBuildFile; fileRef = C093494053E6C348F245D4EC /* Listless.xcdatamodeld */; };
		614FCCA450EC0BFFD8B40640 /* ListlessMacApp.swift in Sources */ = {isa = PBXBuildFile; fileRef = 1DA467DF2E59BDBE6EEF6A7D /* ListlessMacApp.swift */; };
		69D1909CB6D2368CF90065C7 /* ColorExtensions.swift in Sources */ = {isa = PBXBuildFile; fileRef = BBDF292392702661DBB94D06 /* ColorExtensions.swift */; };
		6C252050E62AED3A0A684EBF /* KeyboardNavigationModifier.swift in Sources */ = {isa = PBXBuildFile; fileRef = 0E7B37EF6A2389656D105FF8 /* KeyboardNavigationModifier.swift */; };
		7B2CD636BA3B63A586F93E31 /* TaskRowSwipeGesture.swift in Sources */ = {isa = PBXBuildFile; fileRef = 44C16D36971A140364159FB9 /* TaskRowSwipeGesture.swift */; };
		7E366008FF9335A77FE1636D /* TaskRowView.swift in Sources */ = {isa = PBXBuildFile; fileRef = 199CC2F58DD7CBA3F2229366 /* TaskRowView.swift */; };
		83378A0575640417ED41FC25 /* ClickableTextField.swift in Sources */ = {isa = PBXBuildFile; fileRef = 0F2BB7ABCABA4EB67180A200 /* ClickableTextField.swift */; };
		8E08F4C82D6F9E67667CB20A /* TaskListView.swift in Sources */ = {isa = PBXBuildFile; fileRef = 537A913AC421BAEF60D26D9C /* TaskListView.swift */; };
		8E680EC18B0339931E785F0C /* PlatformScrollIndicatorsModifier.swift in Sources */ = {isa = PBXBuildFile; fileRef = 48AE1AE43296C1692FA6F755 /* PlatformScrollIndicatorsModifier.swift */; };
		91EDF52C7C5C0B35E9D8B51E /* TaskStore.swift in Sources */ = {isa = PBXBuildFile; fileRef = DC3DEE364304587D280C5672 /* TaskStore.swift */; };
		96617677059FABDBB80D642B /* Listless.xcdatamodeld in Sources */ = {isa = PBXBuildFile; fileRef = C093494053E6C348F245D4EC /* Listless.xcdatamodeld */; };
		99977BFA37FBAAA49AF6B71E /* TaskStoreEdgeCaseTests.swift in Sources */ = {isa = PBXBuildFile; fileRef = 9B2BBE01D99CDA278BCB9F49 /* TaskStoreEdgeCaseTests.swift */; };
		A0AA8FD4C542E9AEB2437BC2 /* PersistenceController.swift in Sources */ = {isa = PBXBuildFile; fileRef = C14858BDFD1FD5119F1F24A6 /* PersistenceController.swift */; };
		A8D13DD6196772ECA146CF2A /* PlatformScrollIndicatorsModifier.swift in Sources */ = {isa = PBXBuildFile; fileRef = B4D74AE2501F35974F57D21F /* PlatformScrollIndicatorsModifier.swift */; };
		C1BD61D6DFA687E9CB9ACA60 /* TaskRowDragGesture.swift in Sources */ = {isa = PBXBuildFile; fileRef = 138612F350ECE29526F689B9 /* TaskRowDragGesture.swift */; };
		C1FE091454864C4BBBBEB077 /* TaskItem.swift in Sources */ = {isa = PBXBuildFile; fileRef = FBB8A3BEB346267B30B4675F /* TaskItem.swift */; };
		D6B3DBDD6A3F0A6E166CFFD5 /* TaskRowDragGesture.swift in Sources */ = {isa = PBXBuildFile; fileRef = 1B3D0B4710C7A0EE4F227851 /* TaskRowDragGesture.swift */; };
		D878CD3A552C6A9685A30AA8 /* PlatformTextFieldWidthModifier.swift in Sources */ = {isa = PBXBuildFile; fileRef = EF6B0195EA0176B72DE9B092 /* PlatformTextFieldWidthModifier.swift */; };
		D8EFF49E9156083D675D47F0 /* KeyboardNavigationModifier.swift in Sources */ = {isa = PBXBuildFile; fileRef = 0E7B37EF6A2389656D105FF8 /* KeyboardNavigationModifier.swift */; };
		D9DA553485AD0CA28D5BE0C8 /* TaskListView+Toolbar.swift in Sources */ = {isa = PBXBuildFile; fileRef = 93FF5B9F5B979D54D5DEE192 /* TaskListView+Toolbar.swift */; };
		DC71C45D92524C3893BF9FDB /* PlatformTextFieldWidthModifier.swift in Sources */ = {isa = PBXBuildFile; fileRef = 81880970CCFC2CB00B65047E /* PlatformTextFieldWidthModifier.swift */; };
		DC73A39A269AB495BCE1AC48 /* PersistenceController.swift in Sources */ = {isa = PBXBuildFile; fileRef = C14858BDFD1FD5119F1F24A6 /* PersistenceController.swift */; };
		ECD5E7EA05AE1C00B38C939E /* TaskStoreTests.swift in Sources */ = {isa = PBXBuildFile; fileRef = 967F7ECEB3915CEDCE584872 /* TaskStoreTests.swift */; };
		F0B2B806BD84A4F2FDF8E038 /* ListlessiOSApp.swift in Sources */ = {isa = PBXBuildFile; fileRef = AC245331D715EA85887C0BA0 /* ListlessiOSApp.swift */; };
		F50E8B8F73F64D8E641DC74C /* TaskStoreCompletionTests.swift in Sources */ = {isa = PBXBuildFile; fileRef = 5E88DDD119EEEECCD45F36D2 /* TaskStoreCompletionTests.swift */; };
		FEC96DAA2BF8BB5D6D8504EB /* HoverCursorModifier.swift in Sources */ = {isa = PBXBuildFile; fileRef = 82A3509AD32A54434BCC8017 /* HoverCursorModifier.swift */; };
/* End PBXBuildFile section */

/* Begin PBXContainerItemProxy section */
		6F7E207AE10E1516EF8A683C /* PBXContainerItemProxy */ = {
			isa = PBXContainerItemProxy;
			containerPortal = 3256C2BF8F1DAF371DA32120 /* Project object */;
			proxyType = 1;
			remoteGlobalIDString = 34A03D42B91730DEAC2EBD8E;
			remoteInfo = "Listless iOS";
		};
/* End PBXContainerItemProxy section */

/* Begin PBXFileReference section */
		01E141436176F83594E2F26B /* Info.plist */ = {isa = PBXFileReference; lastKnownFileType = text.plist; path = Info.plist; sourceTree = "<group>"; };
		0E7B37EF6A2389656D105FF8 /* KeyboardNavigationModifier.swift */ = {isa = PBXFileReference; lastKnownFileType = sourcecode.swift; path = KeyboardNavigationModifier.swift; sourceTree = "<group>"; };
		0F2BB7ABCABA4EB67180A200 /* ClickableTextField.swift */ = {isa = PBXFileReference; lastKnownFileType = sourcecode.swift; path = ClickableTextField.swift; sourceTree = "<group>"; };
		126108860D7878DDC3BECC4B /* Listless iOS.app */ = {isa = PBXFileReference; includeInIndex = 0; lastKnownFileType = wrapper.application; path = "Listless iOS.app"; sourceTree = BUILT_PRODUCTS_DIR; };
		138612F350ECE29526F689B9 /* TaskRowDragGesture.swift */ = {isa = PBXFileReference; lastKnownFileType = sourcecode.swift; path = TaskRowDragGesture.swift; sourceTree = "<group>"; };
		199CC2F58DD7CBA3F2229366 /* TaskRowView.swift */ = {isa = PBXFileReference; lastKnownFileType = sourcecode.swift; path = TaskRowView.swift; sourceTree = "<group>"; };
		1B3D0B4710C7A0EE4F227851 /* TaskRowDragGesture.swift */ = {isa = PBXFileReference; lastKnownFileType = sourcecode.swift; path = TaskRowDragGesture.swift; sourceTree = "<group>"; };
		1DA467DF2E59BDBE6EEF6A7D /* ListlessMacApp.swift */ = {isa = PBXFileReference; lastKnownFileType = sourcecode.swift; path = ListlessMacApp.swift; sourceTree = "<group>"; };
		2D3A2DDCE24E54ABCCFBBD4C /* TaskStoreOrderingTests.swift */ = {isa = PBXFileReference; lastKnownFileType = sourcecode.swift; path = TaskStoreOrderingTests.swift; sourceTree = "<group>"; };
		3313FEDB101EECA4B344EEF4 /* Info.plist */ = {isa = PBXFileReference; lastKnownFileType = text.plist; path = Info.plist; sourceTree = "<group>"; };
		431B0EA72D590AF0CC868515 /* TaskListView+Toolbar.swift */ = {isa = PBXFileReference; lastKnownFileType = sourcecode.swift; path = "TaskListView+Toolbar.swift"; sourceTree = "<group>"; };
		44C16D36971A140364159FB9 /* TaskRowSwipeGesture.swift */ = {isa = PBXFileReference; lastKnownFileType = sourcecode.swift; path = TaskRowSwipeGesture.swift; sourceTree = "<group>"; };
		48AE1AE43296C1692FA6F755 /* PlatformScrollIndicatorsModifier.swift */ = {isa = PBXFileReference; lastKnownFileType = sourcecode.swift; path = PlatformScrollIndicatorsModifier.swift; sourceTree = "<group>"; };
		4FC64B9F9370041BEDBD1E14 /* .gitkeep */ = {isa = PBXFileReference; path = .gitkeep; sourceTree = "<group>"; };
		537A913AC421BAEF60D26D9C /* TaskListView.swift */ = {isa = PBXFileReference; lastKnownFileType = sourcecode.swift; path = TaskListView.swift; sourceTree = "<group>"; };
		5B0E22B8F7B2B7283CAF749E /* Listless macOS.app */ = {isa = PBXFileReference; explicitFileType = wrapper.application; includeInIndex = 0; path = "Listless macOS.app"; sourceTree = BUILT_PRODUCTS_DIR; };
		5E88DDD119EEEECCD45F36D2 /* TaskStoreCompletionTests.swift */ = {isa = PBXFileReference; lastKnownFileType = sourcecode.swift; path = TaskStoreCompletionTests.swift; sourceTree = "<group>"; };
		74255E6B6C40899E9B17D927 /* .gitkeep */ = {isa = PBXFileReference; path = .gitkeep; sourceTree = "<group>"; };
		75B048B19C5219862BBED2E7 /* TestHelpers.swift */ = {isa = PBXFileReference; lastKnownFileType = sourcecode.swift; path = TestHelpers.swift; sourceTree = "<group>"; };
		7C73E9D4C42CCABBF0F33543 /* Listless.entitlements */ = {isa = PBXFileReference; lastKnownFileType = text.plist.entitlements; path = Listless.entitlements; sourceTree = "<group>"; };
		81880970CCFC2CB00B65047E /* PlatformTextFieldWidthModifier.swift */ = {isa = PBXFileReference; lastKnownFileType = sourcecode.swift; path = PlatformTextFieldWidthModifier.swift; sourceTree = "<group>"; };
		82A3509AD32A54434BCC8017 /* HoverCursorModifier.swift */ = {isa = PBXFileReference; lastKnownFileType = sourcecode.swift; path = HoverCursorModifier.swift; sourceTree = "<group>"; };
		917597025B3D5D18E33982D3 /* ColorExtensions.swift */ = {isa = PBXFileReference; lastKnownFileType = sourcecode.swift; path = ColorExtensions.swift; sourceTree = "<group>"; };
		9262207DAC21619BD9EDEE15 /* Listless.entitlements */ = {isa = PBXFileReference; lastKnownFileType = text.plist.entitlements; path = Listless.entitlements; sourceTree = "<group>"; };
		93FF5B9F5B979D54D5DEE192 /* TaskListView+Toolbar.swift */ = {isa = PBXFileReference; lastKnownFileType = sourcecode.swift; path = "TaskListView+Toolbar.swift"; sourceTree = "<group>"; };
		944BAE054AAC1B9C4FC954F9 /* .gitkeep */ = {isa = PBXFileReference; path = .gitkeep; sourceTree = "<group>"; };
		967F7ECEB3915CEDCE584872 /* TaskStoreTests.swift */ = {isa = PBXFileReference; lastKnownFileType = sourcecode.swift; path = TaskStoreTests.swift; sourceTree = "<group>"; };
		9B2BBE01D99CDA278BCB9F49 /* TaskStoreEdgeCaseTests.swift */ = {isa = PBXFileReference; lastKnownFileType = sourcecode.swift; path = TaskStoreEdgeCaseTests.swift; sourceTree = "<group>"; };
		9FBEB58DD41817F09B0EB9F0 /* Listless.xcdatamodel */ = {isa = PBXFileReference; lastKnownFileType = wrapper.xcdatamodel; path = Listless.xcdatamodel; sourceTree = "<group>"; };
		AC245331D715EA85887C0BA0 /* ListlessiOSApp.swift */ = {isa = PBXFileReference; lastKnownFileType = sourcecode.swift; path = ListlessiOSApp.swift; sourceTree = "<group>"; };
		B4D74AE2501F35974F57D21F /* PlatformScrollIndicatorsModifier.swift */ = {isa = PBXFileReference; lastKnownFileType = sourcecode.swift; path = PlatformScrollIndicatorsModifier.swift; sourceTree = "<group>"; };
		BBDF292392702661DBB94D06 /* ColorExtensions.swift */ = {isa = PBXFileReference; lastKnownFileType = sourcecode.swift; path = ColorExtensions.swift; sourceTree = "<group>"; };
		C14858BDFD1FD5119F1F24A6 /* PersistenceController.swift */ = {isa = PBXFileReference; lastKnownFileType = sourcecode.swift; path = PersistenceController.swift; sourceTree = "<group>"; };
		C71466C5CD1A5BA984352F8D /* Listless iOS Unit Tests.xctest */ = {isa = PBXFileReference; includeInIndex = 0; lastKnownFileType = wrapper.cfbundle; path = "Listless iOS Unit Tests.xctest"; sourceTree = BUILT_PRODUCTS_DIR; };
		C9B14DC786A336008AAB78EE /* .gitkeep */ = {isa = PBXFileReference; path = .gitkeep; sourceTree = "<group>"; };
		D10B5491A53E77C80F8F75CD /* .gitkeep */ = {isa = PBXFileReference; path = .gitkeep; sourceTree = "<group>"; };
		D123BB181208FC825777B0A7 /* .gitkeep */ = {isa = PBXFileReference; path = .gitkeep; sourceTree = "<group>"; };
		D41D6E0CED14D79F31C45062 /* HoverCursorModifier.swift */ = {isa = PBXFileReference; lastKnownFileType = sourcecode.swift; path = HoverCursorModifier.swift; sourceTree = "<group>"; };
		DC3DEE364304587D280C5672 /* TaskStore.swift */ = {isa = PBXFileReference; lastKnownFileType = sourcecode.swift; path = TaskStore.swift; sourceTree = "<group>"; };
		E06485DBE35B60868E14202A /* TaskRowView.swift */ = {isa = PBXFileReference; lastKnownFileType = sourcecode.swift; path = TaskRowView.swift; sourceTree = "<group>"; };
		EF6B0195EA0176B72DE9B092 /* PlatformTextFieldWidthModifier.swift */ = {isa = PBXFileReference; lastKnownFileType = sourcecode.swift; path = PlatformTextFieldWidthModifier.swift; sourceTree = "<group>"; };
		FBB8A3BEB346267B30B4675F /* TaskItem.swift */ = {isa = PBXFileReference; lastKnownFileType = sourcecode.swift; path = TaskItem.swift; sourceTree = "<group>"; };
/* End PBXFileReference section */

/* Begin PBXGroup section */
		14254B7ADE539045774E2A31 /* Views */ = {
			isa = PBXGroup;
			children = (
				D123BB181208FC825777B0A7 /* .gitkeep */,
				0E7B37EF6A2389656D105FF8 /* KeyboardNavigationModifier.swift */,
				537A913AC421BAEF60D26D9C /* TaskListView.swift */,
			);
			path = Views;
			sourceTree = "<group>";
		};
		3936BDEE64D16E6C4C85B3DD /* Products */ = {
			isa = PBXGroup;
			children = (
				C71466C5CD1A5BA984352F8D /* Listless iOS Unit Tests.xctest */,
				126108860D7878DDC3BECC4B /* Listless iOS.app */,
				5B0E22B8F7B2B7283CAF749E /* Listless macOS.app */,
			);
			name = Products;
			sourceTree = "<group>";
		};
		58051CBDE2390F9E13647235 /* Listless */ = {
			isa = PBXGroup;
			children = (
				AA563E991F69ED14DCD9A1AB /* Infrastructure */,
				8656EEF3161BE20196B8042E /* Models */,
				E98EF3B4638A9E8473EA62FA /* Sync */,
				14254B7ADE539045774E2A31 /* Views */,
			);
			path = Listless;
			sourceTree = "<group>";
		};
		58F917D865E0BDF4EF282306 /* Views */ = {
			isa = PBXGroup;
			children = (
				82A3509AD32A54434BCC8017 /* HoverCursorModifier.swift */,
				48AE1AE43296C1692FA6F755 /* PlatformScrollIndicatorsModifier.swift */,
				81880970CCFC2CB00B65047E /* PlatformTextFieldWidthModifier.swift */,
				93FF5B9F5B979D54D5DEE192 /* TaskListView+Toolbar.swift */,
				1B3D0B4710C7A0EE4F227851 /* TaskRowDragGesture.swift */,
				44C16D36971A140364159FB9 /* TaskRowSwipeGesture.swift */,
				199CC2F58DD7CBA3F2229366 /* TaskRowView.swift */,
			);
			path = Views;
			sourceTree = "<group>";
		};
		8656EEF3161BE20196B8042E /* Models */ = {
			isa = PBXGroup;
			children = (
				74255E6B6C40899E9B17D927 /* .gitkeep */,
				C093494053E6C348F245D4EC /* Listless.xcdatamodeld */,
				FBB8A3BEB346267B30B4675F /* TaskItem.swift */,
				DC3DEE364304587D280C5672 /* TaskStore.swift */,
			);
			path = Models;
			sourceTree = "<group>";
		};
		954AAB8DDFF6E6D6FD6A0A2C /* ListlessiOS */ = {
			isa = PBXGroup;
			children = (
				BBDF292392702661DBB94D06 /* ColorExtensions.swift */,
				3313FEDB101EECA4B344EEF4 /* Info.plist */,
				9262207DAC21619BD9EDEE15 /* Listless.entitlements */,
				AC245331D715EA85887C0BA0 /* ListlessiOSApp.swift */,
				58F917D865E0BDF4EF282306 /* Views */,
			);
			path = ListlessiOS;
			sourceTree = "<group>";
		};
		AA563E991F69ED14DCD9A1AB /* Infrastructure */ = {
			isa = PBXGroup;
			children = (
				D10B5491A53E77C80F8F75CD /* .gitkeep */,
			);
			path = Infrastructure;
			sourceTree = "<group>";
		};
		D12ECC901ABED96B86CC85B5 /* Views */ = {
			isa = PBXGroup;
			children = (
				0F2BB7ABCABA4EB67180A200 /* ClickableTextField.swift */,
				D41D6E0CED14D79F31C45062 /* HoverCursorModifier.swift */,
				B4D74AE2501F35974F57D21F /* PlatformScrollIndicatorsModifier.swift */,
				EF6B0195EA0176B72DE9B092 /* PlatformTextFieldWidthModifier.swift */,
				431B0EA72D590AF0CC868515 /* TaskListView+Toolbar.swift */,
				138612F350ECE29526F689B9 /* TaskRowDragGesture.swift */,
				E06485DBE35B60868E14202A /* TaskRowView.swift */,
			);
			path = Views;
			sourceTree = "<group>";
		};
		D5B197AFF26144948D032299 /* ListlessMac */ = {
			isa = PBXGroup;
			children = (
				917597025B3D5D18E33982D3 /* ColorExtensions.swift */,
				01E141436176F83594E2F26B /* Info.plist */,
				7C73E9D4C42CCABBF0F33543 /* Listless.entitlements */,
				1DA467DF2E59BDBE6EEF6A7D /* ListlessMacApp.swift */,
				D12ECC901ABED96B86CC85B5 /* Views */,
			);
			path = ListlessMac;
			sourceTree = "<group>";
		};
		D98A7EE79F8E29297555B801 /* Support */ = {
			isa = PBXGroup;
			children = (
				4FC64B9F9370041BEDBD1E14 /* .gitkeep */,
				75B048B19C5219862BBED2E7 /* TestHelpers.swift */,
			);
			name = Support;
			path = Tests/Support;
			sourceTree = "<group>";
		};
		E98EF3B4638A9E8473EA62FA /* Sync */ = {
			isa = PBXGroup;
			children = (
				944BAE054AAC1B9C4FC954F9 /* .gitkeep */,
				C14858BDFD1FD5119F1F24A6 /* PersistenceController.swift */,
			);
			path = Sync;
			sourceTree = "<group>";
		};
		ED4862258A8A70025EE14416 = {
			isa = PBXGroup;
			children = (
				58051CBDE2390F9E13647235 /* Listless */,
				954AAB8DDFF6E6D6FD6A0A2C /* ListlessiOS */,
				D5B197AFF26144948D032299 /* ListlessMac */,
				D98A7EE79F8E29297555B801 /* Support */,
				F63E6E98ABFB43E1B32686B4 /* Unit */,
				3936BDEE64D16E6C4C85B3DD /* Products */,
			);
			sourceTree = "<group>";
		};
		F63E6E98ABFB43E1B32686B4 /* Unit */ = {
			isa = PBXGroup;
			children = (
				C9B14DC786A336008AAB78EE /* .gitkeep */,
				5E88DDD119EEEECCD45F36D2 /* TaskStoreCompletionTests.swift */,
				9B2BBE01D99CDA278BCB9F49 /* TaskStoreEdgeCaseTests.swift */,
				2D3A2DDCE24E54ABCCFBBD4C /* TaskStoreOrderingTests.swift */,
				967F7ECEB3915CEDCE584872 /* TaskStoreTests.swift */,
			);
			name = Unit;
			path = Tests/Unit;
			sourceTree = "<group>";
		};
/* End PBXGroup section */

/* Begin PBXNativeTarget section */
		0FB4F07A37999BBC6DFE4DBB /* Listless macOS */ = {
			isa = PBXNativeTarget;
			buildConfigurationList = 4D46AAEA40BF3A5A8C4E1999 /* Build configuration list for PBXNativeTarget "Listless macOS" */;
			buildPhases = (
				409D108909CBEC2F69B56D0E /* Sources */,
			);
			buildRules = (
			);
			dependencies = (
			);
			name = "Listless macOS";
			packageProductDependencies = (
			);
			productName = "Listless macOS";
			productReference = 5B0E22B8F7B2B7283CAF749E /* Listless macOS.app */;
			productType = "com.apple.product-type.application";
		};
		34A03D42B91730DEAC2EBD8E /* Listless iOS */ = {
			isa = PBXNativeTarget;
			buildConfigurationList = B7581C7E1D90658668F3AAE2 /* Build configuration list for PBXNativeTarget "Listless iOS" */;
			buildPhases = (
				67F773566AF3BC117AA393B9 /* Sources */,
			);
			buildRules = (
			);
			dependencies = (
			);
			name = "Listless iOS";
			packageProductDependencies = (
			);
			productName = "Listless iOS";
			productReference = 126108860D7878DDC3BECC4B /* Listless iOS.app */;
			productType = "com.apple.product-type.application";
		};
		D533FDEDCE6DFCA2E8CB70F5 /* Listless iOS Unit Tests */ = {
			isa = PBXNativeTarget;
			buildConfigurationList = 1993E9E4443DC6AB506DE24C /* Build configuration list for PBXNativeTarget "Listless iOS Unit Tests" */;
			buildPhases = (
				D959A967B1BB3E9246C006D7 /* Sources */,
			);
			buildRules = (
			);
			dependencies = (
				03DCFDF6E769DBF0DBC470F6 /* PBXTargetDependency */,
			);
			name = "Listless iOS Unit Tests";
			packageProductDependencies = (
			);
			productName = "Listless iOS Unit Tests";
			productReference = C71466C5CD1A5BA984352F8D /* Listless iOS Unit Tests.xctest */;
			productType = "com.apple.product-type.bundle.unit-test";
		};
/* End PBXNativeTarget section */

/* Begin PBXProject section */
		3256C2BF8F1DAF371DA32120 /* Project object */ = {
			isa = PBXProject;
			attributes = {
				BuildIndependentTargetsInParallel = YES;
				LastUpgradeCheck = 1430;
				TargetAttributes = {
					0FB4F07A37999BBC6DFE4DBB = {
						DevelopmentTeam = 7TD7PZBNXP;
						ProvisioningStyle = Automatic;
					};
					34A03D42B91730DEAC2EBD8E = {
						DevelopmentTeam = 7TD7PZBNXP;
						ProvisioningStyle = Automatic;
					};
					D533FDEDCE6DFCA2E8CB70F5 = {
						DevelopmentTeam = 7TD7PZBNXP;
						ProvisioningStyle = Automatic;
					};
				};
			};
			buildConfigurationList = CAACA40A09D5F78ECE7A0EDF /* Build configuration list for PBXProject "Listless" */;
			compatibilityVersion = "Xcode 14.0";
			developmentRegion = en;
			hasScannedForEncodings = 0;
			knownRegions = (
				Base,
				en,
			);
			mainGroup = ED4862258A8A70025EE14416;
			minimizedProjectReferenceProxies = 1;
			preferredProjectObjectVersion = 77;
			projectDirPath = "";
			projectRoot = "";
			targets = (
				34A03D42B91730DEAC2EBD8E /* Listless iOS */,
				D533FDEDCE6DFCA2E8CB70F5 /* Listless iOS Unit Tests */,
				0FB4F07A37999BBC6DFE4DBB /* Listless macOS */,
			);
		};
/* End PBXProject section */

/* Begin PBXSourcesBuildPhase section */
		409D108909CBEC2F69B56D0E /* Sources */ = {
			isa = PBXSourcesBuildPhase;
			buildActionMask = 2147483647;
			files = (
				83378A0575640417ED41FC25 /* ClickableTextField.swift in Sources */,
				0BB5D2C4FADE3F1E22202814 /* ColorExtensions.swift in Sources */,
				15B71073767FB4766A6BA2BE /* HoverCursorModifier.swift in Sources */,
				D8EFF49E9156083D675D47F0 /* KeyboardNavigationModifier.swift in Sources */,
				96617677059FABDBB80D642B /* Listless.xcdatamodeld in Sources */,
				614FCCA450EC0BFFD8B40640 /* ListlessMacApp.swift in Sources */,
				A0AA8FD4C542E9AEB2437BC2 /* PersistenceController.swift in Sources */,
				A8D13DD6196772ECA146CF2A /* PlatformScrollIndicatorsModifier.swift in Sources */,
				D878CD3A552C6A9685A30AA8 /* PlatformTextFieldWidthModifier.swift in Sources */,
				C1FE091454864C4BBBBEB077 /* TaskItem.swift in Sources */,
				074A81D9DAF58E8E088CBC89 /* TaskListView+Toolbar.swift in Sources */,
				8E08F4C82D6F9E67667CB20A /* TaskListView.swift in Sources */,
				C1BD61D6DFA687E9CB9ACA60 /* TaskRowDragGesture.swift in Sources */,
				3D1F551A03B97ECF4E3DC8B0 /* TaskRowView.swift in Sources */,
				3ABE52A15C2059D8D5570528 /* TaskStore.swift in Sources */,
			);
			runOnlyForDeploymentPostprocessing = 0;
		};
		67F773566AF3BC117AA393B9 /* Sources */ = {
			isa = PBXSourcesBuildPhase;
			buildActionMask = 2147483647;
			files = (
				69D1909CB6D2368CF90065C7 /* ColorExtensions.swift in Sources */,
				FEC96DAA2BF8BB5D6D8504EB /* HoverCursorModifier.swift in Sources */,
				6C252050E62AED3A0A684EBF /* KeyboardNavigationModifier.swift in Sources */,
				5B60B409CE4BA668DB30A65D /* Listless.xcdatamodeld in Sources */,
				F0B2B806BD84A4F2FDF8E038 /* ListlessiOSApp.swift in Sources */,
				DC73A39A269AB495BCE1AC48 /* PersistenceController.swift in Sources */,
				8E680EC18B0339931E785F0C /* PlatformScrollIndicatorsModifier.swift in Sources */,
				DC71C45D92524C3893BF9FDB /* PlatformTextFieldWidthModifier.swift in Sources */,
				0ACA67F6578EFF181EE5C9A7 /* TaskItem.swift in Sources */,
				D9DA553485AD0CA28D5BE0C8 /* TaskListView+Toolbar.swift in Sources */,
				42E4CDE1D17463554CC4F41F /* TaskListView.swift in Sources */,
				D6B3DBDD6A3F0A6E166CFFD5 /* TaskRowDragGesture.swift in Sources */,
				7B2CD636BA3B63A586F93E31 /* TaskRowSwipeGesture.swift in Sources */,
				7E366008FF9335A77FE1636D /* TaskRowView.swift in Sources */,
				91EDF52C7C5C0B35E9D8B51E /* TaskStore.swift in Sources */,
			);
			runOnlyForDeploymentPostprocessing = 0;
		};
		D959A967B1BB3E9246C006D7 /* Sources */ = {
			isa = PBXSourcesBuildPhase;
			buildActionMask = 2147483647;
			files = (
				F50E8B8F73F64D8E641DC74C /* TaskStoreCompletionTests.swift in Sources */,
				99977BFA37FBAAA49AF6B71E /* TaskStoreEdgeCaseTests.swift in Sources */,
				269B93D5543770B464DFB37A /* TaskStoreOrderingTests.swift in Sources */,
				ECD5E7EA05AE1C00B38C939E /* TaskStoreTests.swift in Sources */,
				1AA328A921EF8A7FDD03119A /* TestHelpers.swift in Sources */,
			);
			runOnlyForDeploymentPostprocessing = 0;
		};
/* End PBXSourcesBuildPhase section */

/* Begin PBXTargetDependency section */
		03DCFDF6E769DBF0DBC470F6 /* PBXTargetDependency */ = {
			isa = PBXTargetDependency;
			target = 34A03D42B91730DEAC2EBD8E /* Listless iOS */;
			targetProxy = 6F7E207AE10E1516EF8A683C /* PBXContainerItemProxy */;
		};
/* End PBXTargetDependency section */

/* Begin XCBuildConfiguration section */
		2D4E3CC5FF8E6299F754CCFC /* Debug */ = {
			isa = XCBuildConfiguration;
			buildSettings = {
				ASSETCATALOG_COMPILER_APPICON_NAME = AppIcon;
				CODE_SIGN_ENTITLEMENTS = ListlessMac/Listless.entitlements;
				CODE_SIGN_STYLE = Automatic;
				COMBINE_HIDPI_IMAGES = YES;
				DEVELOPMENT_TEAM = 7TD7PZBNXP;
				INFOPLIST_FILE = ListlessMac/Info.plist;
				LD_RUNPATH_SEARCH_PATHS = (
					"$(inherited)",
					"@executable_path/../Frameworks",
				);
				PRODUCT_BUNDLE_IDENTIFIER = net.inqk.listless.mac;
				SDKROOT = macosx;
			};
			name = Debug;
		};
		A5A377EA0FE470803E2B6BA1 /* Release */ = {
			isa = XCBuildConfiguration;
			buildSettings = {
				ASSETCATALOG_COMPILER_APPICON_NAME = AppIcon;
				CODE_SIGN_ENTITLEMENTS = ListlessMac/Listless.entitlements;
				CODE_SIGN_STYLE = Automatic;
				COMBINE_HIDPI_IMAGES = YES;
				DEVELOPMENT_TEAM = 7TD7PZBNXP;
				INFOPLIST_FILE = ListlessMac/Info.plist;
				LD_RUNPATH_SEARCH_PATHS = (
					"$(inherited)",
					"@executable_path/../Frameworks",
				);
				PRODUCT_BUNDLE_IDENTIFIER = net.inqk.listless.mac;
				SDKROOT = macosx;
			};
			name = Release;
		};
		AF0B2590EF824F9C4CDDFCCB /* Release */ = {
			isa = XCBuildConfiguration;
			buildSettings = {
				ALWAYS_SEARCH_USER_PATHS = NO;
				CLANG_ANALYZER_NONNULL = YES;
				CLANG_ANALYZER_NUMBER_OBJECT_CONVERSION = YES_AGGRESSIVE;
				CLANG_CXX_LANGUAGE_STANDARD = "gnu++14";
				CLANG_CXX_LIBRARY = "libc++";
				CLANG_ENABLE_MODULES = YES;
				CLANG_ENABLE_OBJC_ARC = YES;
				CLANG_ENABLE_OBJC_WEAK = YES;
				CLANG_WARN_BLOCK_CAPTURE_AUTORELEASING = YES;
				CLANG_WARN_BOOL_CONVERSION = YES;
				CLANG_WARN_COMMA = YES;
				CLANG_WARN_CONSTANT_CONVERSION = YES;
				CLANG_WARN_DEPRECATED_OBJC_IMPLEMENTATIONS = YES;
				CLANG_WARN_DIRECT_OBJC_ISA_USAGE = YES_ERROR;
				CLANG_WARN_DOCUMENTATION_COMMENTS = YES;
				CLANG_WARN_EMPTY_BODY = YES;
				CLANG_WARN_ENUM_CONVERSION = YES;
				CLANG_WARN_INFINITE_RECURSION = YES;
				CLANG_WARN_INT_CONVERSION = YES;
				CLANG_WARN_NON_LITERAL_NULL_CONVERSION = YES;
				CLANG_WARN_OBJC_IMPLICIT_RETAIN_SELF = YES;
				CLANG_WARN_OBJC_LITERAL_CONVERSION = YES;
				CLANG_WARN_OBJC_ROOT_CLASS = YES_ERROR;
				CLANG_WARN_QUOTED_INCLUDE_IN_FRAMEWORK_HEADER = YES;
				CLANG_WARN_RANGE_LOOP_ANALYSIS = YES;
				CLANG_WARN_STRICT_PROTOTYPES = YES;
				CLANG_WARN_SUSPICIOUS_MOVE = YES;
				CLANG_WARN_UNGUARDED_AVAILABILITY = YES_AGGRESSIVE;
				CLANG_WARN_UNREACHABLE_CODE = YES;
				CLANG_WARN__DUPLICATE_METHOD_MATCH = YES;
				COPY_PHASE_STRIP = NO;
				DEBUG_INFORMATION_FORMAT = "dwarf-with-dsym";
				ENABLE_NS_ASSERTIONS = NO;
				ENABLE_STRICT_OBJC_MSGSEND = YES;
				GCC_C_LANGUAGE_STANDARD = gnu11;
				GCC_NO_COMMON_BLOCKS = YES;
				GCC_WARN_64_TO_32_BIT_CONVERSION = YES;
				GCC_WARN_ABOUT_RETURN_TYPE = YES_ERROR;
				GCC_WARN_UNDECLARED_SELECTOR = YES;
				GCC_WARN_UNINITIALIZED_AUTOS = YES_AGGRESSIVE;
				GCC_WARN_UNUSED_FUNCTION = YES;
				GCC_WARN_UNUSED_VARIABLE = YES;
				IPHONEOS_DEPLOYMENT_TARGET = 18.0;
				MACOSX_DEPLOYMENT_TARGET = 14.0;
				MTL_ENABLE_DEBUG_INFO = NO;
				MTL_FAST_MATH = YES;
				PRODUCT_NAME = "$(TARGET_NAME)";
				SWIFT_COMPILATION_MODE = wholemodule;
				SWIFT_OPTIMIZATION_LEVEL = "-O";
				SWIFT_VERSION = 6;
			};
			name = Release;
		};
		C00090C364E4A0B81DC878F0 /* Debug */ = {
			isa = XCBuildConfiguration;
			buildSettings = {
				BUNDLE_LOADER = "$(TEST_HOST)";
				CODE_SIGN_STYLE = Automatic;
				DEVELOPMENT_TEAM = 7TD7PZBNXP;
				GENERATE_INFOPLIST_FILE = YES;
				LD_RUNPATH_SEARCH_PATHS = (
					"$(inherited)",
					"@executable_path/Frameworks",
					"@loader_path/Frameworks",
				);
				PRODUCT_BUNDLE_IDENTIFIER = net.inqk.listless.ios.unittests;
				SDKROOT = iphoneos;
				TARGETED_DEVICE_FAMILY = "1,2";
				TEST_HOST = "$(BUILT_PRODUCTS_DIR)/Listless iOS.app/$(BUNDLE_EXECUTABLE_FOLDER_PATH)/Listless iOS";
			};
			name = Debug;
		};
		D1B900A3E25ED5B39F0D9716 /* Debug */ = {
			isa = XCBuildConfiguration;
			buildSettings = {
				ALWAYS_SEARCH_USER_PATHS = NO;
				CLANG_ANALYZER_NONNULL = YES;
				CLANG_ANALYZER_NUMBER_OBJECT_CONVERSION = YES_AGGRESSIVE;
				CLANG_CXX_LANGUAGE_STANDARD = "gnu++14";
				CLANG_CXX_LIBRARY = "libc++";
				CLANG_ENABLE_MODULES = YES;
				CLANG_ENABLE_OBJC_ARC = YES;
				CLANG_ENABLE_OBJC_WEAK = YES;
				CLANG_WARN_BLOCK_CAPTURE_AUTORELEASING = YES;
				CLANG_WARN_BOOL_CONVERSION = YES;
				CLANG_WARN_COMMA = YES;
				CLANG_WARN_CONSTANT_CONVERSION = YES;
				CLANG_WARN_DEPRECATED_OBJC_IMPLEMENTATIONS = YES;
				CLANG_WARN_DIRECT_OBJC_ISA_USAGE = YES_ERROR;
				CLANG_WARN_DOCUMENTATION_COMMENTS = YES;
				CLANG_WARN_EMPTY_BODY = YES;
				CLANG_WARN_ENUM_CONVERSION = YES;
				CLANG_WARN_INFINITE_RECURSION = YES;
				CLANG_WARN_INT_CONVERSION = YES;
				CLANG_WARN_NON_LITERAL_NULL_CONVERSION = YES;
				CLANG_WARN_OBJC_IMPLICIT_RETAIN_SELF = YES;
				CLANG_WARN_OBJC_LITERAL_CONVERSION = YES;
				CLANG_WARN_OBJC_ROOT_CLASS = YES_ERROR;
				CLANG_WARN_QUOTED_INCLUDE_IN_FRAMEWORK_HEADER = YES;
				CLANG_WARN_RANGE_LOOP_ANALYSIS = YES;
				CLANG_WARN_STRICT_PROTOTYPES = YES;
				CLANG_WARN_SUSPICIOUS_MOVE = YES;
				CLANG_WARN_UNGUARDED_AVAILABILITY = YES_AGGRESSIVE;
				CLANG_WARN_UNREACHABLE_CODE = YES;
				CLANG_WARN__DUPLICATE_METHOD_MATCH = YES;
				COPY_PHASE_STRIP = NO;
				DEBUG_INFORMATION_FORMAT = dwarf;
				ENABLE_STRICT_OBJC_MSGSEND = YES;
				ENABLE_TESTABILITY = YES;
				GCC_C_LANGUAGE_STANDARD = gnu11;
				GCC_DYNAMIC_NO_PIC = NO;
				GCC_NO_COMMON_BLOCKS = YES;
				GCC_OPTIMIZATION_LEVEL = 0;
				GCC_PREPROCESSOR_DEFINITIONS = (
					"$(inherited)",
					"DEBUG=1",
				);
				GCC_WARN_64_TO_32_BIT_CONVERSION = YES;
				GCC_WARN_ABOUT_RETURN_TYPE = YES_ERROR;
				GCC_WARN_UNDECLARED_SELECTOR = YES;
				GCC_WARN_UNINITIALIZED_AUTOS = YES_AGGRESSIVE;
				GCC_WARN_UNUSED_FUNCTION = YES;
				GCC_WARN_UNUSED_VARIABLE = YES;
				IPHONEOS_DEPLOYMENT_TARGET = 18.0;
				MACOSX_DEPLOYMENT_TARGET = 14.0;
				MTL_ENABLE_DEBUG_INFO = INCLUDE_SOURCE;
				MTL_FAST_MATH = YES;
				ONLY_ACTIVE_ARCH = YES;
				PRODUCT_NAME = "$(TARGET_NAME)";
				SWIFT_ACTIVE_COMPILATION_CONDITIONS = DEBUG;
				SWIFT_OPTIMIZATION_LEVEL = "-Onone";
				SWIFT_VERSION = 6;
			};
			name = Debug;
		};
		D861F23D4EA8C4101536F8DE /* Debug */ = {
			isa = XCBuildConfiguration;
			buildSettings = {
				ASSETCATALOG_COMPILER_APPICON_NAME = AppIcon;
				CODE_SIGN_ENTITLEMENTS = ListlessiOS/Listless.entitlements;
				CODE_SIGN_IDENTITY = "iPhone Developer";
				CODE_SIGN_STYLE = Automatic;
				DEVELOPMENT_TEAM = 7TD7PZBNXP;
				INFOPLIST_FILE = ListlessiOS/Info.plist;
				LD_RUNPATH_SEARCH_PATHS = (
					"$(inherited)",
					"@executable_path/Frameworks",
				);
				PRODUCT_BUNDLE_IDENTIFIER = net.inqk.listless.ios;
				SDKROOT = iphoneos;
				TARGETED_DEVICE_FAMILY = "1,2";
			};
			name = Debug;
		};
		F32B53087C3BB2F10323145F /* Release */ = {
			isa = XCBuildConfiguration;
			buildSettings = {
				BUNDLE_LOADER = "$(TEST_HOST)";
				CODE_SIGN_STYLE = Automatic;
				DEVELOPMENT_TEAM = 7TD7PZBNXP;
				GENERATE_INFOPLIST_FILE = YES;
				LD_RUNPATH_SEARCH_PATHS = (
					"$(inherited)",
					"@executable_path/Frameworks",
					"@loader_path/Frameworks",
				);
				PRODUCT_BUNDLE_IDENTIFIER = net.inqk.listless.ios.unittests;
				SDKROOT = iphoneos;
				TARGETED_DEVICE_FAMILY = "1,2";
				TEST_HOST = "$(BUILT_PRODUCTS_DIR)/Listless iOS.app/$(BUNDLE_EXECUTABLE_FOLDER_PATH)/Listless iOS";
			};
			name = Release;
		};
		F9DCF7B07CCBB6881C4642BD /* Release */ = {
			isa = XCBuildConfiguration;
			buildSettings = {
				ASSETCATALOG_COMPILER_APPICON_NAME = AppIcon;
				CODE_SIGN_ENTITLEMENTS = ListlessiOS/Listless.entitlements;
				CODE_SIGN_IDENTITY = "iPhone Developer";
				CODE_SIGN_STYLE = Automatic;
				DEVELOPMENT_TEAM = 7TD7PZBNXP;
				INFOPLIST_FILE = ListlessiOS/Info.plist;
				LD_RUNPATH_SEARCH_PATHS = (
					"$(inherited)",
					"@executable_path/Frameworks",
				);
				PRODUCT_BUNDLE_IDENTIFIER = net.inqk.listless.ios;
				SDKROOT = iphoneos;
				TARGETED_DEVICE_FAMILY = "1,2";
			};
			name = Release;
		};
/* End XCBuildConfiguration section */

/* Begin XCConfigurationList section */
		1993E9E4443DC6AB506DE24C /* Build configuration list for PBXNativeTarget "Listless iOS Unit Tests" */ = {
			isa = XCConfigurationList;
			buildConfigurations = (
				C00090C364E4A0B81DC878F0 /* Debug */,
				F32B53087C3BB2F10323145F /* Release */,
			);
			defaultConfigurationIsVisible = 0;
			defaultConfigurationName = Debug;
		};
		4D46AAEA40BF3A5A8C4E1999 /* Build configuration list for PBXNativeTarget "Listless macOS" */ = {
			isa = XCConfigurationList;
			buildConfigurations = (
				2D4E3CC5FF8E6299F754CCFC /* Debug */,
				A5A377EA0FE470803E2B6BA1 /* Release */,
			);
			defaultConfigurationIsVisible = 0;
			defaultConfigurationName = Debug;
		};
		B7581C7E1D90658668F3AAE2 /* Build configuration list for PBXNativeTarget "Listless iOS" */ = {
			isa = XCConfigurationList;
			buildConfigurations = (
				D861F23D4EA8C4101536F8DE /* Debug */,
				F9DCF7B07CCBB6881C4642BD /* Release */,
			);
			defaultConfigurationIsVisible = 0;
			defaultConfigurationName = Debug;
		};
		CAACA40A09D5F78ECE7A0EDF /* Build configuration list for PBXProject "Listless" */ = {
			isa = XCConfigurationList;
			buildConfigurations = (
				D1B900A3E25ED5B39F0D9716 /* Debug */,
				AF0B2590EF824F9C4CDDFCCB /* Release */,
			);
			defaultConfigurationIsVisible = 0;
			defaultConfigurationName = Debug;
		};
/* End XCConfigurationList section */

/* Begin XCVersionGroup section */
		C093494053E6C348F245D4EC /* Listless.xcdatamodeld */ = {
			isa = XCVersionGroup;
			children = (
				9FBEB58DD41817F09B0EB9F0 /* Listless.xcdatamodel */,
			);
			currentVersion = 9FBEB58DD41817F09B0EB9F0 /* Listless.xcdatamodel */;
			path = Listless.xcdatamodeld;
			sourceTree = "<group>";
			versionGroupType = wrapper.xcdatamodel;
		};
/* End XCVersionGroup section */
	};
	rootObject = 3256C2BF8F1DAF371DA32120 /* Project object */;
}
